// !$*UTF8*$!
{
	archiveVersion = 1;
	classes = {
	};
	objectVersion = 48;
	objects = {

/* Begin PBXBuildFile section */
		F402A97421CAA4E20097D875 /* doublecolumn.css in Resources */ = {isa = PBXBuildFile; fileRef = F402A97321CAA4E20097D875 /* doublecolumn.css */; };
		F402A9E421CBE61D0097D875 /* AutoSizingTableViewCell.xib in Resources */ = {isa = PBXBuildFile; fileRef = F4E8FAF42001409F00E55844 /* AutoSizingTableViewCell.xib */; };
		F402A9E521CBE61D0097D875 /* Images.xcassets in Resources */ = {isa = PBXBuildFile; fileRef = F4EC004E17F87E8600A52838 /* Images.xcassets */; };
		F402A9E621CBE61D0097D875 /* add_file_options.png in Resources */ = {isa = PBXBuildFile; fileRef = F4BFE6C521AEC32500D3E6A3 /* add_file_options.png */; };
		F402A9E721CBE61D0097D875 /* Main.storyboard in Resources */ = {isa = PBXBuildFile; fileRef = F434D1401FF1518800CD622D /* Main.storyboard */; };
		F402A9E821CBE61D0097D875 /* Settings.bundle in Resources */ = {isa = PBXBuildFile; fileRef = F4990C160E4276C500D64667 /* Settings.bundle */; };
		F402A9E921CBE61D0097D875 /* LaunchScreen.storyboard in Resources */ = {isa = PBXBuildFile; fileRef = F434D1431FF2A96200CD622D /* LaunchScreen.storyboard */; };
		F402A9EB21CBE61D0097D875 /* next.png in Resources */ = {isa = PBXBuildFile; fileRef = F4BFE6D421B0AB9800D3E6A3 /* next.png */; };
		F402A9EC21CBE61D0097D875 /* MainWindow.xib in Resources */ = {isa = PBXBuildFile; fileRef = 28AD735F0D9D9599002E5188 /* MainWindow.xib */; };
		F402A9ED21CBE61D0097D875 /* alert.png in Resources */ = {isa = PBXBuildFile; fileRef = F4ADD79E115E573B0095F061 /* alert.png */; };
		F402A9EE21CBE61D0097D875 /* ball_blue.png in Resources */ = {isa = PBXBuildFile; fileRef = F4ADD79F115E573B0095F061 /* ball_blue.png */; };
		F402A9EF21CBE61D0097D875 /* add_file_button.png in Resources */ = {isa = PBXBuildFile; fileRef = F4BFE6C321AEC32500D3E6A3 /* add_file_button.png */; };
		F402A9F121CBE61D0097D875 /* ball_green.png in Resources */ = {isa = PBXBuildFile; fileRef = F4ADD7A0115E573B0095F061 /* ball_green.png */; };
		F402A9F221CBE61D0097D875 /* ball_grey.png in Resources */ = {isa = PBXBuildFile; fileRef = F4ADD7A1115E573B0095F061 /* ball_grey.png */; };
		F402A9F321CBE61D0097D875 /* ball_lime.png in Resources */ = {isa = PBXBuildFile; fileRef = F4ADD7A2115E573B0095F061 /* ball_lime.png */; };
		F402A9F421CBE61D0097D875 /* ball_orange.png in Resources */ = {isa = PBXBuildFile; fileRef = F4ADD7A3115E573B0095F061 /* ball_orange.png */; };
		F402A9F521CBE61D0097D875 /* ball_purple.png in Resources */ = {isa = PBXBuildFile; fileRef = F4ADD7A4115E573B0095F061 /* ball_purple.png */; };
		F402A9F621CBE61D0097D875 /* ball_red_glow.png in Resources */ = {isa = PBXBuildFile; fileRef = F4ADD7A5115E573B0095F061 /* ball_red_glow.png */; };
		F402A9F721CBE61D0097D875 /* doublecolumn.css in Resources */ = {isa = PBXBuildFile; fileRef = F402A97321CAA4E20097D875 /* doublecolumn.css */; };
		F402A9F821CBE61D0097D875 /* HowToController.xib in Resources */ = {isa = PBXBuildFile; fileRef = F4C2E44418CE0CE9004E49E5 /* HowToController.xib */; };
		F402A9F921CBE61D0097D875 /* ball_red.png in Resources */ = {isa = PBXBuildFile; fileRef = F4ADD7A6115E573B0095F061 /* ball_red.png */; };
		F402A9FA21CBE61D0097D875 /* file_via_mail.png in Resources */ = {isa = PBXBuildFile; fileRef = F4BFE6C121AEC32500D3E6A3 /* file_via_mail.png */; };
		F402A9FB21CBE61D0097D875 /* ball_yellow.png in Resources */ = {isa = PBXBuildFile; fileRef = F4ADD7A7115E573B0095F061 /* ball_yellow.png */; };
		F402A9FC21CBE61D0097D875 /* bug_red.png in Resources */ = {isa = PBXBuildFile; fileRef = F4ADD7A8115E573B0095F061 /* bug_red.png */; };
		F402A9FD21CBE61D0097D875 /* danger.png in Resources */ = {isa = PBXBuildFile; fileRef = F4ADD7A9115E573B0095F061 /* danger.png */; };
		F402A9FE21CBE61D0097D875 /* delete.png in Resources */ = {isa = PBXBuildFile; fileRef = F4ADD7AA115E573B0095F061 /* delete.png */; };
		F402A9FF21CBE61D0097D875 /* dollar.png in Resources */ = {isa = PBXBuildFile; fileRef = F4ADD7AB115E573B0095F061 /* dollar.png */; };
		F402AA0021CBE61D0097D875 /* down_blue.png in Resources */ = {isa = PBXBuildFile; fileRef = F4ADD7AC115E573B0095F061 /* down_blue.png */; };
		F402AA0121CBE61D0097D875 /* down_red.png in Resources */ = {isa = PBXBuildFile; fileRef = F4ADD7AD115E573B0095F061 /* down_red.png */; };
		F402AA0221CBE61D0097D875 /* DSI.png in Resources */ = {isa = PBXBuildFile; fileRef = F4ADD7AE115E573B0095F061 /* DSI.png */; };
		F402AA0321CBE61D0097D875 /* error.png in Resources */ = {isa = PBXBuildFile; fileRef = F4ADD7AF115E573B0095F061 /* error.png */; };
		F402AA0421CBE61D0097D875 /* information.png in Resources */ = {isa = PBXBuildFile; fileRef = F4ADD7B0115E573B0095F061 /* information.png */; };
		F402AA0521CBE61D0097D875 /* left_blue.png in Resources */ = {isa = PBXBuildFile; fileRef = F4ADD7B1115E573B0095F061 /* left_blue.png */; };
		F402AA0621CBE61D0097D875 /* lightbulb.png in Resources */ = {isa = PBXBuildFile; fileRef = F4ADD7B2115E573B0095F061 /* lightbulb.png */; };
		F402AA0721CBE61D0097D875 /* lightning_red.png in Resources */ = {isa = PBXBuildFile; fileRef = F4ADD7B3115E573C0095F061 /* lightning_red.png */; };
		F402AA0821CBE61D0097D875 /* lightning_yellow.png in Resources */ = {isa = PBXBuildFile; fileRef = F4ADD7B4115E573C0095F061 /* lightning_yellow.png */; };
		F402AA0921CBE61D0097D875 /* new.png in Resources */ = {isa = PBXBuildFile; fileRef = F4ADD7B5115E573C0095F061 /* new.png */; };
		F402AA0A21CBE61D0097D875 /* no.png in Resources */ = {isa = PBXBuildFile; fileRef = F4ADD7B6115E573C0095F061 /* no.png */; };
		F402AA0B21CBE61D0097D875 /* ok.png in Resources */ = {isa = PBXBuildFile; fileRef = F4ADD7B7115E573C0095F061 /* ok.png */; };
		F402AA0C21CBE61D0097D875 /* problem.png in Resources */ = {isa = PBXBuildFile; fileRef = F4ADD7B8115E573C0095F061 /* problem.png */; };
		F402AA0D21CBE61D0097D875 /* right_blue.png in Resources */ = {isa = PBXBuildFile; fileRef = F4ADD7B9115E573C0095F061 /* right_blue.png */; };
		F402AA0E21CBE61D0097D875 /* square_blue.png in Resources */ = {isa = PBXBuildFile; fileRef = F4ADD7BA115E573C0095F061 /* square_blue.png */; };
		F402AA0F21CBE61D0097D875 /* square_green.png in Resources */ = {isa = PBXBuildFile; fileRef = F4ADD7BB115E573C0095F061 /* square_green.png */; };
		F402AA1021CBE61D0097D875 /* file_via_files_app.png in Resources */ = {isa = PBXBuildFile; fileRef = F4BFE6C421AEC32500D3E6A3 /* file_via_files_app.png */; };
		F402AA1121CBE61D0097D875 /* square_grey.png in Resources */ = {isa = PBXBuildFile; fileRef = F4ADD7BC115E573C0095F061 /* square_grey.png */; };
		F402AA1221CBE61D0097D875 /* square_orange.png in Resources */ = {isa = PBXBuildFile; fileRef = F4ADD7BD115E573C0095F061 /* square_orange.png */; };
		F402AA1421CBE61D0097D875 /* square_red_glow.png in Resources */ = {isa = PBXBuildFile; fileRef = F4ADD7BE115E573C0095F061 /* square_red_glow.png */; };
		F402AA1521CBE61D0097D875 /* square_red.png in Resources */ = {isa = PBXBuildFile; fileRef = F4ADD7BF115E573C0095F061 /* square_red.png */; };
		F402AA1621CBE61D0097D875 /* square_yellow.png in Resources */ = {isa = PBXBuildFile; fileRef = F4ADD7C0115E573C0095F061 /* square_yellow.png */; };
		F402AA1721CBE61D0097D875 /* triangle_blue.png in Resources */ = {isa = PBXBuildFile; fileRef = F4ADD7C1115E573C0095F061 /* triangle_blue.png */; };
		F402AA1821CBE61D0097D875 /* triangle_green.png in Resources */ = {isa = PBXBuildFile; fileRef = F4ADD7C2115E573C0095F061 /* triangle_green.png */; };
		F402AA1921CBE61D0097D875 /* triangle_grey.png in Resources */ = {isa = PBXBuildFile; fileRef = F4ADD7C3115E573C0095F061 /* triangle_grey.png */; };
		F402AA1A21CBE61D0097D875 /* triangle_orange.png in Resources */ = {isa = PBXBuildFile; fileRef = F4ADD7C4115E573C0095F061 /* triangle_orange.png */; };
		F402AA1B21CBE61D0097D875 /* triangle_red.png in Resources */ = {isa = PBXBuildFile; fileRef = F4ADD7C5115E573C0095F061 /* triangle_red.png */; };
		F402AA1C21CBE61D0097D875 /* triangle_yellow.png in Resources */ = {isa = PBXBuildFile; fileRef = F4ADD7C6115E573C0095F061 /* triangle_yellow.png */; };
		F402AA1D21CBE61D0097D875 /* up_blue.png in Resources */ = {isa = PBXBuildFile; fileRef = F4ADD7C7115E573C0095F061 /* up_blue.png */; };
		F402AA1E21CBE61D0097D875 /* up_green.png in Resources */ = {isa = PBXBuildFile; fileRef = F4ADD7C8115E573C0095F061 /* up_green.png */; };
		F402AA1F21CBE61D0097D875 /* warning.png in Resources */ = {isa = PBXBuildFile; fileRef = F4ADD7C9115E573C0095F061 /* warning.png */; };
		F402AA2021CBE61D0097D875 /* yes.png in Resources */ = {isa = PBXBuildFile; fileRef = F4ADD7CA115E573C0095F061 /* yes.png */; };
		F402AA2121CBE61D0097D875 /* empty.png in Resources */ = {isa = PBXBuildFile; fileRef = F4ADD90D115E692D0095F061 /* empty.png */; };
		F402AA2221CBE61D0097D875 /* dvd.png in Resources */ = {isa = PBXBuildFile; fileRef = F48584F511EE4F34001CFC28 /* dvd.png */; };
		F402AA2321CBE61D0097D875 /* hd.png in Resources */ = {isa = PBXBuildFile; fileRef = F48584F611EE4F34001CFC28 /* hd.png */; };
		F402AA2421CBE61D0097D875 /* qt.png in Resources */ = {isa = PBXBuildFile; fileRef = F48584F711EE4F34001CFC28 /* qt.png */; };
		F402AA2621CBE61D0097D875 /* main.m in Sources */ = {isa = PBXBuildFile; fileRef = 29B97316FDCFA39411CA2CEA /* main.m */; };
		F402AA2721CBE61D0097D875 /* HowToController.m in Sources */ = {isa = PBXBuildFile; fileRef = F4C2E44318CE0CE9004E49E5 /* HowToController.m */; };
		F402AA2821CBE61D0097D875 /* CSV_TouchAppDelegate.m in Sources */ = {isa = PBXBuildFile; fileRef = 1D3623250D0F684500981E51 /* CSV_TouchAppDelegate.m */; };
		F402AA2921CBE61D0097D875 /* DetailsPagesController.m in Sources */ = {isa = PBXBuildFile; fileRef = F44AD0D71FFD0CC800BC21D6 /* DetailsPagesController.m */; };
		F402AA2A21CBE61D0097D875 /* csv.c in Sources */ = {isa = PBXBuildFile; fileRef = F412339F0DE4AD64005E355F /* csv.c */; };
		F402AA2B21CBE61D0097D875 /* msgno.c in Sources */ = {isa = PBXBuildFile; fileRef = F41233A10DE4AD64005E355F /* msgno.c */; };
		F402AA2C21CBE61D0097D875 /* CSVDataViewController.m in Sources */ = {isa = PBXBuildFile; fileRef = F42D908D0DE95538001A2E5C /* CSVDataViewController.m */; };
		F402AA2D21CBE61D0097D875 /* FilesParsingPreferencesViewController.m in Sources */ = {isa = PBXBuildFile; fileRef = F4DF84E22044BBF500AE653A /* FilesParsingPreferencesViewController.m */; };
		F402AA2E21CBE61D0097D875 /* FileDownloader.m in Sources */ = {isa = PBXBuildFile; fileRef = F434D1591FF6E17E00CD622D /* FileDownloader.m */; };
		F402AA2F21CBE61D0097D875 /* CSVRow.m in Sources */ = {isa = PBXBuildFile; fileRef = F4AE44860DF469BF001197AB /* CSVRow.m */; };
		F402AA3021CBE61D0097D875 /* AppPrefsViewController.m in Sources */ = {isa = PBXBuildFile; fileRef = F4DF84E62044CB1F00AE653A /* AppPrefsViewController.m */; };
		F402AA3121CBE61D0097D875 /* CSVFileParser.m in Sources */ = {isa = PBXBuildFile; fileRef = F48836570DF53E2C0063EF75 /* CSVFileParser.m */; };
		F402AA3221CBE61D0097D875 /* EditFileColumnsController.m in Sources */ = {isa = PBXBuildFile; fileRef = F40D21311FE6A66F00146BB4 /* EditFileColumnsController.m */; };
		F402AA3321CBE61D0097D875 /* AddFilesSelectionController.m in Sources */ = {isa = PBXBuildFile; fileRef = F44AD0E11FFE671300BC21D6 /* AddFilesSelectionController.m */; };
		F402AA3421CBE61D0097D875 /* ParseErrorViewController.m in Sources */ = {isa = PBXBuildFile; fileRef = F46CA0D31FE59A4900FE645C /* ParseErrorViewController.m */; };
		F402AA3521CBE61D0097D875 /* CSVPreferencesController.m in Sources */ = {isa = PBXBuildFile; fileRef = F47819840E2BDE7A00B44E78 /* CSVPreferencesController.m */; };
		F402AA3621CBE61D0097D875 /* DetailsViewController.m in Sources */ = {isa = PBXBuildFile; fileRef = F434D14C1FF6A9B900CD622D /* DetailsViewController.m */; };
		F402AA3721CBE61D0097D875 /* HelpPagesViewController.m in Sources */ = {isa = PBXBuildFile; fileRef = F4BFE6CF21B0A2EE00D3E6A3 /* HelpPagesViewController.m */; };
		F402AA3821CBE61D0097D875 /* HelpPagesDelegate.m in Sources */ = {isa = PBXBuildFile; fileRef = F4BFE6CE21B0A2EE00D3E6A3 /* HelpPagesDelegate.m */; };
		F402AA3921CBE61D0097D875 /* FileDataViewController.m in Sources */ = {isa = PBXBuildFile; fileRef = F46CA0D71FE5AEAA00FE645C /* FileDataViewController.m */; };
		F402AA3A21CBE61D0097D875 /* ItemsAppearancePreferencesController.m in Sources */ = {isa = PBXBuildFile; fileRef = F4DF84DA20432B8000AE653A /* ItemsAppearancePreferencesController.m */; };
		F402AA3B21CBE61D0097D875 /* AutoSizingTableViewCell.m in Sources */ = {isa = PBXBuildFile; fileRef = F4E8FAF32001409F00E55844 /* AutoSizingTableViewCell.m */; };
		F402AA3C21CBE61D0097D875 /* FadeAnimator.m in Sources */ = {isa = PBXBuildFile; fileRef = F434D1471FF40D0000CD622D /* FadeAnimator.m */; };
		F402AA3D21CBE61D0097D875 /* OzymandiasAdditions.m in Sources */ = {isa = PBXBuildFile; fileRef = F4A73D1A0E2EB49200E1DF27 /* OzymandiasAdditions.m */; };
		F402AA3E21CBE61D0097D875 /* parseCSV.m in Sources */ = {isa = PBXBuildFile; fileRef = F4E9290A0E4F5D4C006165B0 /* parseCSV.m */; };
		F402AA3F21CBE61D0097D875 /* FilesViewController.m in Sources */ = {isa = PBXBuildFile; fileRef = F46CA0CB1FE56DEC00FE645C /* FilesViewController.m */; };
		F402AA4021CBE61D0097D875 /* ItemsViewController.m in Sources */ = {isa = PBXBuildFile; fileRef = F46CA0CF1FE5960700FE645C /* ItemsViewController.m */; };
		F402AA4121CBE61D0097D875 /* ItemPreferenceController.m in Sources */ = {isa = PBXBuildFile; fileRef = F4DC40E2200BB0A800EA43A8 /* ItemPreferenceController.m */; };
		F402AA4221CBE61D0097D875 /* ItemsSortAndSearchPreferencesController.m in Sources */ = {isa = PBXBuildFile; fileRef = F4DF84DE20433A6D00AE653A /* ItemsSortAndSearchPreferencesController.m */; };
		F402AA4421CBE61D0097D875 /* QuartzCore.framework in Frameworks */ = {isa = PBXBuildFile; fileRef = F415EC6D21C2BDCD00E7F88A /* QuartzCore.framework */; };
		F402AA4521CBE61D0097D875 /* CoreGraphics.framework in Frameworks */ = {isa = PBXBuildFile; fileRef = F434D1541FF6B51700CD622D /* CoreGraphics.framework */; };
		F402AA4621CBE61D0097D875 /* Foundation.framework in Frameworks */ = {isa = PBXBuildFile; fileRef = F434D1521FF6B51700CD622D /* Foundation.framework */; };
		F402AA4721CBE61D0097D875 /* UIKit.framework in Frameworks */ = {isa = PBXBuildFile; fileRef = F434D1531FF6B51700CD622D /* UIKit.framework */; };
		F402AA4821CBE61D0097D875 /* WebKit.framework in Frameworks */ = {isa = PBXBuildFile; fileRef = F434D1501FF6B50A00CD622D /* WebKit.framework */; };
		F40D21321FE6A66F00146BB4 /* EditFileColumnsController.m in Sources */ = {isa = PBXBuildFile; fileRef = F40D21311FE6A66F00146BB4 /* EditFileColumnsController.m */; };
		F412B2D2115567D0000C7596 /* MainWindow.xib in Resources */ = {isa = PBXBuildFile; fileRef = 28AD735F0D9D9599002E5188 /* MainWindow.xib */; };
		F415EC6E21C2BDCD00E7F88A /* QuartzCore.framework in Frameworks */ = {isa = PBXBuildFile; fileRef = F415EC6D21C2BDCD00E7F88A /* QuartzCore.framework */; };
		F434D1411FF1518800CD622D /* Main.storyboard in Resources */ = {isa = PBXBuildFile; fileRef = F434D1401FF1518800CD622D /* Main.storyboard */; };
		F434D1441FF2A96200CD622D /* LaunchScreen.storyboard in Resources */ = {isa = PBXBuildFile; fileRef = F434D1431FF2A96200CD622D /* LaunchScreen.storyboard */; };
		F434D1481FF40D0000CD622D /* FadeAnimator.m in Sources */ = {isa = PBXBuildFile; fileRef = F434D1471FF40D0000CD622D /* FadeAnimator.m */; };
		F434D14D1FF6A9B900CD622D /* DetailsViewController.m in Sources */ = {isa = PBXBuildFile; fileRef = F434D14C1FF6A9B900CD622D /* DetailsViewController.m */; };
		F434D1511FF6B50A00CD622D /* WebKit.framework in Frameworks */ = {isa = PBXBuildFile; fileRef = F434D1501FF6B50A00CD622D /* WebKit.framework */; };
		F434D1551FF6B55600CD622D /* UIKit.framework in Frameworks */ = {isa = PBXBuildFile; fileRef = F434D1531FF6B51700CD622D /* UIKit.framework */; };
		F434D1561FF6B55D00CD622D /* Foundation.framework in Frameworks */ = {isa = PBXBuildFile; fileRef = F434D1521FF6B51700CD622D /* Foundation.framework */; };
		F434D1571FF6B56D00CD622D /* CoreGraphics.framework in Frameworks */ = {isa = PBXBuildFile; fileRef = F434D1541FF6B51700CD622D /* CoreGraphics.framework */; };
		F434D15A1FF6E17E00CD622D /* FileDownloader.m in Sources */ = {isa = PBXBuildFile; fileRef = F434D1591FF6E17E00CD622D /* FileDownloader.m */; };
		F44AD0D81FFD0CC800BC21D6 /* DetailsPagesController.m in Sources */ = {isa = PBXBuildFile; fileRef = F44AD0D71FFD0CC800BC21D6 /* DetailsPagesController.m */; };
		F44AD0E21FFE671300BC21D6 /* AddFilesSelectionController.m in Sources */ = {isa = PBXBuildFile; fileRef = F44AD0E11FFE671300BC21D6 /* AddFilesSelectionController.m */; };
		F46CA0CC1FE56DEC00FE645C /* FilesViewController.m in Sources */ = {isa = PBXBuildFile; fileRef = F46CA0CB1FE56DEC00FE645C /* FilesViewController.m */; };
		F46CA0D01FE5960700FE645C /* ItemsViewController.m in Sources */ = {isa = PBXBuildFile; fileRef = F46CA0CF1FE5960700FE645C /* ItemsViewController.m */; };
		F46CA0D41FE59A4900FE645C /* ParseErrorViewController.m in Sources */ = {isa = PBXBuildFile; fileRef = F46CA0D31FE59A4900FE645C /* ParseErrorViewController.m */; };
		F46CA0D81FE5AEAA00FE645C /* FileDataViewController.m in Sources */ = {isa = PBXBuildFile; fileRef = F46CA0D71FE5AEAA00FE645C /* FileDataViewController.m */; };
		F472DB8421E12FDA005157F5 /* StoreKit.framework in Frameworks */ = {isa = PBXBuildFile; fileRef = F472DB8321E12FDA005157F5 /* StoreKit.framework */; };
		F472DB8521E12FE5005157F5 /* StoreKit.framework in Frameworks */ = {isa = PBXBuildFile; fileRef = F472DB8321E12FDA005157F5 /* StoreKit.framework */; };
		F47DC7ED1111004C00E8DD8B /* Settings.bundle in Resources */ = {isa = PBXBuildFile; fileRef = F4990C160E4276C500D64667 /* Settings.bundle */; };
		F47DC7F51111004C00E8DD8B /* main.m in Sources */ = {isa = PBXBuildFile; fileRef = 29B97316FDCFA39411CA2CEA /* main.m */; };
		F47DC7F61111004C00E8DD8B /* CSV_TouchAppDelegate.m in Sources */ = {isa = PBXBuildFile; fileRef = 1D3623250D0F684500981E51 /* CSV_TouchAppDelegate.m */; };
		F47DC7F81111004C00E8DD8B /* csv.c in Sources */ = {isa = PBXBuildFile; fileRef = F412339F0DE4AD64005E355F /* csv.c */; };
		F47DC7F91111004C00E8DD8B /* msgno.c in Sources */ = {isa = PBXBuildFile; fileRef = F41233A10DE4AD64005E355F /* msgno.c */; };
		F47DC7FA1111004C00E8DD8B /* CSVDataViewController.m in Sources */ = {isa = PBXBuildFile; fileRef = F42D908D0DE95538001A2E5C /* CSVDataViewController.m */; };
		F47DC7FB1111004C00E8DD8B /* CSVRow.m in Sources */ = {isa = PBXBuildFile; fileRef = F4AE44860DF469BF001197AB /* CSVRow.m */; };
		F47DC7FC1111004C00E8DD8B /* CSVFileParser.m in Sources */ = {isa = PBXBuildFile; fileRef = F48836570DF53E2C0063EF75 /* CSVFileParser.m */; };
		F47DC8001111004C00E8DD8B /* CSVPreferencesController.m in Sources */ = {isa = PBXBuildFile; fileRef = F47819840E2BDE7A00B44E78 /* CSVPreferencesController.m */; };
		F47DC8011111004C00E8DD8B /* OzymandiasAdditions.m in Sources */ = {isa = PBXBuildFile; fileRef = F4A73D1A0E2EB49200E1DF27 /* OzymandiasAdditions.m */; };
		F47DC8021111004C00E8DD8B /* parseCSV.m in Sources */ = {isa = PBXBuildFile; fileRef = F4E9290A0E4F5D4C006165B0 /* parseCSV.m */; };
		F48584F811EE4F34001CFC28 /* dvd.png in Resources */ = {isa = PBXBuildFile; fileRef = F48584F511EE4F34001CFC28 /* dvd.png */; };
		F48584F911EE4F34001CFC28 /* hd.png in Resources */ = {isa = PBXBuildFile; fileRef = F48584F611EE4F34001CFC28 /* hd.png */; };
		F48584FA11EE4F34001CFC28 /* qt.png in Resources */ = {isa = PBXBuildFile; fileRef = F48584F711EE4F34001CFC28 /* qt.png */; };
		F48CAEFA220A56E200975205 /* singlecolumn.css in Resources */ = {isa = PBXBuildFile; fileRef = F48CAEF9220A56E200975205 /* singlecolumn.css */; };
		F48CAEFB220A56E200975205 /* singlecolumn.css in Resources */ = {isa = PBXBuildFile; fileRef = F48CAEF9220A56E200975205 /* singlecolumn.css */; };
		F48CAEFF220A659B00975205 /* CSSProvider.m in Sources */ = {isa = PBXBuildFile; fileRef = F48CAEFE220A659B00975205 /* CSSProvider.m */; };
		F48CAF00220A659B00975205 /* CSSProvider.m in Sources */ = {isa = PBXBuildFile; fileRef = F48CAEFE220A659B00975205 /* CSSProvider.m */; };
		F4ADD7CB115E573C0095F061 /* alert.png in Resources */ = {isa = PBXBuildFile; fileRef = F4ADD79E115E573B0095F061 /* alert.png */; };
		F4ADD7CC115E573C0095F061 /* ball_blue.png in Resources */ = {isa = PBXBuildFile; fileRef = F4ADD79F115E573B0095F061 /* ball_blue.png */; };
		F4ADD7CD115E573C0095F061 /* ball_green.png in Resources */ = {isa = PBXBuildFile; fileRef = F4ADD7A0115E573B0095F061 /* ball_green.png */; };
		F4ADD7CE115E573C0095F061 /* ball_grey.png in Resources */ = {isa = PBXBuildFile; fileRef = F4ADD7A1115E573B0095F061 /* ball_grey.png */; };
		F4ADD7CF115E573C0095F061 /* ball_lime.png in Resources */ = {isa = PBXBuildFile; fileRef = F4ADD7A2115E573B0095F061 /* ball_lime.png */; };
		F4ADD7D0115E573C0095F061 /* ball_orange.png in Resources */ = {isa = PBXBuildFile; fileRef = F4ADD7A3115E573B0095F061 /* ball_orange.png */; };
		F4ADD7D1115E573C0095F061 /* ball_purple.png in Resources */ = {isa = PBXBuildFile; fileRef = F4ADD7A4115E573B0095F061 /* ball_purple.png */; };
		F4ADD7D2115E573C0095F061 /* ball_red_glow.png in Resources */ = {isa = PBXBuildFile; fileRef = F4ADD7A5115E573B0095F061 /* ball_red_glow.png */; };
		F4ADD7D3115E573C0095F061 /* ball_red.png in Resources */ = {isa = PBXBuildFile; fileRef = F4ADD7A6115E573B0095F061 /* ball_red.png */; };
		F4ADD7D4115E573C0095F061 /* ball_yellow.png in Resources */ = {isa = PBXBuildFile; fileRef = F4ADD7A7115E573B0095F061 /* ball_yellow.png */; };
		F4ADD7D5115E573C0095F061 /* bug_red.png in Resources */ = {isa = PBXBuildFile; fileRef = F4ADD7A8115E573B0095F061 /* bug_red.png */; };
		F4ADD7D6115E573C0095F061 /* danger.png in Resources */ = {isa = PBXBuildFile; fileRef = F4ADD7A9115E573B0095F061 /* danger.png */; };
		F4ADD7D7115E573C0095F061 /* delete.png in Resources */ = {isa = PBXBuildFile; fileRef = F4ADD7AA115E573B0095F061 /* delete.png */; };
		F4ADD7D8115E573C0095F061 /* dollar.png in Resources */ = {isa = PBXBuildFile; fileRef = F4ADD7AB115E573B0095F061 /* dollar.png */; };
		F4ADD7D9115E573C0095F061 /* down_blue.png in Resources */ = {isa = PBXBuildFile; fileRef = F4ADD7AC115E573B0095F061 /* down_blue.png */; };
		F4ADD7DA115E573C0095F061 /* down_red.png in Resources */ = {isa = PBXBuildFile; fileRef = F4ADD7AD115E573B0095F061 /* down_red.png */; };
		F4ADD7DB115E573C0095F061 /* DSI.png in Resources */ = {isa = PBXBuildFile; fileRef = F4ADD7AE115E573B0095F061 /* DSI.png */; };
		F4ADD7DC115E573C0095F061 /* error.png in Resources */ = {isa = PBXBuildFile; fileRef = F4ADD7AF115E573B0095F061 /* error.png */; };
		F4ADD7DD115E573C0095F061 /* information.png in Resources */ = {isa = PBXBuildFile; fileRef = F4ADD7B0115E573B0095F061 /* information.png */; };
		F4ADD7DE115E573C0095F061 /* left_blue.png in Resources */ = {isa = PBXBuildFile; fileRef = F4ADD7B1115E573B0095F061 /* left_blue.png */; };
		F4ADD7DF115E573C0095F061 /* lightbulb.png in Resources */ = {isa = PBXBuildFile; fileRef = F4ADD7B2115E573B0095F061 /* lightbulb.png */; };
		F4ADD7E0115E573C0095F061 /* lightning_red.png in Resources */ = {isa = PBXBuildFile; fileRef = F4ADD7B3115E573C0095F061 /* lightning_red.png */; };
		F4ADD7E1115E573C0095F061 /* lightning_yellow.png in Resources */ = {isa = PBXBuildFile; fileRef = F4ADD7B4115E573C0095F061 /* lightning_yellow.png */; };
		F4ADD7E2115E573C0095F061 /* new.png in Resources */ = {isa = PBXBuildFile; fileRef = F4ADD7B5115E573C0095F061 /* new.png */; };
		F4ADD7E3115E573C0095F061 /* no.png in Resources */ = {isa = PBXBuildFile; fileRef = F4ADD7B6115E573C0095F061 /* no.png */; };
		F4ADD7E4115E573C0095F061 /* ok.png in Resources */ = {isa = PBXBuildFile; fileRef = F4ADD7B7115E573C0095F061 /* ok.png */; };
		F4ADD7E5115E573C0095F061 /* problem.png in Resources */ = {isa = PBXBuildFile; fileRef = F4ADD7B8115E573C0095F061 /* problem.png */; };
		F4ADD7E6115E573C0095F061 /* right_blue.png in Resources */ = {isa = PBXBuildFile; fileRef = F4ADD7B9115E573C0095F061 /* right_blue.png */; };
		F4ADD7E7115E573C0095F061 /* square_blue.png in Resources */ = {isa = PBXBuildFile; fileRef = F4ADD7BA115E573C0095F061 /* square_blue.png */; };
		F4ADD7E8115E573C0095F061 /* square_green.png in Resources */ = {isa = PBXBuildFile; fileRef = F4ADD7BB115E573C0095F061 /* square_green.png */; };
		F4ADD7E9115E573C0095F061 /* square_grey.png in Resources */ = {isa = PBXBuildFile; fileRef = F4ADD7BC115E573C0095F061 /* square_grey.png */; };
		F4ADD7EA115E573C0095F061 /* square_orange.png in Resources */ = {isa = PBXBuildFile; fileRef = F4ADD7BD115E573C0095F061 /* square_orange.png */; };
		F4ADD7EB115E573C0095F061 /* square_red_glow.png in Resources */ = {isa = PBXBuildFile; fileRef = F4ADD7BE115E573C0095F061 /* square_red_glow.png */; };
		F4ADD7EC115E573C0095F061 /* square_red.png in Resources */ = {isa = PBXBuildFile; fileRef = F4ADD7BF115E573C0095F061 /* square_red.png */; };
		F4ADD7ED115E573C0095F061 /* square_yellow.png in Resources */ = {isa = PBXBuildFile; fileRef = F4ADD7C0115E573C0095F061 /* square_yellow.png */; };
		F4ADD7EE115E573C0095F061 /* triangle_blue.png in Resources */ = {isa = PBXBuildFile; fileRef = F4ADD7C1115E573C0095F061 /* triangle_blue.png */; };
		F4ADD7EF115E573C0095F061 /* triangle_green.png in Resources */ = {isa = PBXBuildFile; fileRef = F4ADD7C2115E573C0095F061 /* triangle_green.png */; };
		F4ADD7F0115E573C0095F061 /* triangle_grey.png in Resources */ = {isa = PBXBuildFile; fileRef = F4ADD7C3115E573C0095F061 /* triangle_grey.png */; };
		F4ADD7F1115E573C0095F061 /* triangle_orange.png in Resources */ = {isa = PBXBuildFile; fileRef = F4ADD7C4115E573C0095F061 /* triangle_orange.png */; };
		F4ADD7F2115E573C0095F061 /* triangle_red.png in Resources */ = {isa = PBXBuildFile; fileRef = F4ADD7C5115E573C0095F061 /* triangle_red.png */; };
		F4ADD7F3115E573C0095F061 /* triangle_yellow.png in Resources */ = {isa = PBXBuildFile; fileRef = F4ADD7C6115E573C0095F061 /* triangle_yellow.png */; };
		F4ADD7F4115E573C0095F061 /* up_blue.png in Resources */ = {isa = PBXBuildFile; fileRef = F4ADD7C7115E573C0095F061 /* up_blue.png */; };
		F4ADD7F5115E573C0095F061 /* up_green.png in Resources */ = {isa = PBXBuildFile; fileRef = F4ADD7C8115E573C0095F061 /* up_green.png */; };
		F4ADD7F6115E573C0095F061 /* warning.png in Resources */ = {isa = PBXBuildFile; fileRef = F4ADD7C9115E573C0095F061 /* warning.png */; };
		F4ADD7F7115E573C0095F061 /* yes.png in Resources */ = {isa = PBXBuildFile; fileRef = F4ADD7CA115E573C0095F061 /* yes.png */; };
		F4ADD90E115E692D0095F061 /* empty.png in Resources */ = {isa = PBXBuildFile; fileRef = F4ADD90D115E692D0095F061 /* empty.png */; };
		F4BFE6C621AEC32500D3E6A3 /* file_via_mail.png in Resources */ = {isa = PBXBuildFile; fileRef = F4BFE6C121AEC32500D3E6A3 /* file_via_mail.png */; };
		F4BFE6C821AEC32500D3E6A3 /* add_file_button.png in Resources */ = {isa = PBXBuildFile; fileRef = F4BFE6C321AEC32500D3E6A3 /* add_file_button.png */; };
		F4BFE6C921AEC32500D3E6A3 /* file_via_files_app.png in Resources */ = {isa = PBXBuildFile; fileRef = F4BFE6C421AEC32500D3E6A3 /* file_via_files_app.png */; };
		F4BFE6CA21AEC32500D3E6A3 /* add_file_options.png in Resources */ = {isa = PBXBuildFile; fileRef = F4BFE6C521AEC32500D3E6A3 /* add_file_options.png */; };
		F4BFE6D221B0A2EF00D3E6A3 /* HelpPagesDelegate.m in Sources */ = {isa = PBXBuildFile; fileRef = F4BFE6CE21B0A2EE00D3E6A3 /* HelpPagesDelegate.m */; };
		F4BFE6D321B0A2EF00D3E6A3 /* HelpPagesViewController.m in Sources */ = {isa = PBXBuildFile; fileRef = F4BFE6CF21B0A2EE00D3E6A3 /* HelpPagesViewController.m */; };
		F4BFE6D521B0AB9800D3E6A3 /* next.png in Resources */ = {isa = PBXBuildFile; fileRef = F4BFE6D421B0AB9800D3E6A3 /* next.png */; };
		F4C2E44518CE0CE9004E49E5 /* HowToController.m in Sources */ = {isa = PBXBuildFile; fileRef = F4C2E44318CE0CE9004E49E5 /* HowToController.m */; };
		F4C2E44718CE0CE9004E49E5 /* HowToController.xib in Resources */ = {isa = PBXBuildFile; fileRef = F4C2E44418CE0CE9004E49E5 /* HowToController.xib */; };
		F4D6882D2800467C00AC46E7 /* files_via_finder.png in Resources */ = {isa = PBXBuildFile; fileRef = F4D6882C2800467C00AC46E7 /* files_via_finder.png */; };
		F4D6882E2800467C00AC46E7 /* files_via_finder.png in Resources */ = {isa = PBXBuildFile; fileRef = F4D6882C2800467C00AC46E7 /* files_via_finder.png */; };
		F4DC40E3200BB0A800EA43A8 /* ItemPreferenceController.m in Sources */ = {isa = PBXBuildFile; fileRef = F4DC40E2200BB0A800EA43A8 /* ItemPreferenceController.m */; };
		F4DF84DB20432B8000AE653A /* ItemsAppearancePreferencesController.m in Sources */ = {isa = PBXBuildFile; fileRef = F4DF84DA20432B8000AE653A /* ItemsAppearancePreferencesController.m */; };
		F4DF84DF20433A6D00AE653A /* ItemsSortAndSearchPreferencesController.m in Sources */ = {isa = PBXBuildFile; fileRef = F4DF84DE20433A6D00AE653A /* ItemsSortAndSearchPreferencesController.m */; };
		F4DF84E32044BBF500AE653A /* FilesParsingPreferencesViewController.m in Sources */ = {isa = PBXBuildFile; fileRef = F4DF84E22044BBF500AE653A /* FilesParsingPreferencesViewController.m */; };
		F4DF84E72044CB1F00AE653A /* AppPrefsViewController.m in Sources */ = {isa = PBXBuildFile; fileRef = F4DF84E62044CB1F00AE653A /* AppPrefsViewController.m */; };
		F4E8FAF52001409F00E55844 /* AutoSizingTableViewCell.m in Sources */ = {isa = PBXBuildFile; fileRef = F4E8FAF32001409F00E55844 /* AutoSizingTableViewCell.m */; };
		F4E8FAF72001409F00E55844 /* AutoSizingTableViewCell.xib in Resources */ = {isa = PBXBuildFile; fileRef = F4E8FAF42001409F00E55844 /* AutoSizingTableViewCell.xib */; };
		F4EC004F17F87E8600A52838 /* Images.xcassets in Resources */ = {isa = PBXBuildFile; fileRef = F4EC004E17F87E8600A52838 /* Images.xcassets */; };
		F4FF52E02340E91E000DACF1 /* singlecolumn_dark.css in Resources */ = {isa = PBXBuildFile; fileRef = F4FF52DE2340E91D000DACF1 /* singlecolumn_dark.css */; };
		F4FF52E12340E91E000DACF1 /* singlecolumn_dark.css in Resources */ = {isa = PBXBuildFile; fileRef = F4FF52DE2340E91D000DACF1 /* singlecolumn_dark.css */; };
		F4FF52E22340E91E000DACF1 /* doublecolumn_dark.css in Resources */ = {isa = PBXBuildFile; fileRef = F4FF52DF2340E91E000DACF1 /* doublecolumn_dark.css */; };
		F4FF52E32340E91E000DACF1 /* doublecolumn_dark.css in Resources */ = {isa = PBXBuildFile; fileRef = F4FF52DF2340E91E000DACF1 /* doublecolumn_dark.css */; };
/* End PBXBuildFile section */

/* Begin PBXFileReference section */
		1D3623240D0F684500981E51 /* CSV_TouchAppDelegate.h */ = {isa = PBXFileReference; fileEncoding = 4; lastKnownFileType = sourcecode.c.h; path = CSV_TouchAppDelegate.h; sourceTree = "<group>"; };
		1D3623250D0F684500981E51 /* CSV_TouchAppDelegate.m */ = {isa = PBXFileReference; fileEncoding = 4; lastKnownFileType = sourcecode.c.objc; path = CSV_TouchAppDelegate.m; sourceTree = "<group>"; };
		28A0AAE50D9B0CCF005BE974 /* CSV_Touch_Prefix.pch */ = {isa = PBXFileReference; fileEncoding = 4; lastKnownFileType = sourcecode.c.h; path = CSV_Touch_Prefix.pch; sourceTree = "<group>"; };
		28AD735F0D9D9599002E5188 /* MainWindow.xib */ = {isa = PBXFileReference; lastKnownFileType = file.xib; path = MainWindow.xib; sourceTree = "<group>"; };
		29B97316FDCFA39411CA2CEA /* main.m */ = {isa = PBXFileReference; fileEncoding = 4; lastKnownFileType = sourcecode.c.objc; path = main.m; sourceTree = "<group>"; };
		F402A97321CAA4E20097D875 /* doublecolumn.css */ = {isa = PBXFileReference; fileEncoding = 4; lastKnownFileType = text.css; path = doublecolumn.css; sourceTree = "<group>"; };
		F402AA4D21CBE61D0097D875 /* CSV Lite.app */ = {isa = PBXFileReference; explicitFileType = wrapper.application; includeInIndex = 0; path = "CSV Lite.app"; sourceTree = BUILT_PRODUCTS_DIR; };
		F402AA4E21CBE61D0097D875 /* csvlite.plist */ = {isa = PBXFileReference; lastKnownFileType = text.plist.xml; name = csvlite.plist; path = "/Users/simon/Utveckling/AppStore/CSV Touch/csvlite.plist"; sourceTree = "<absolute>"; };
		F4074E880E52242B004BCDB7 /* Request list.txt */ = {isa = PBXFileReference; fileEncoding = 4; lastKnownFileType = text; path = "Request list.txt"; sourceTree = "<group>"; };
		F40D21301FE6A66F00146BB4 /* EditFileColumnsController.h */ = {isa = PBXFileReference; lastKnownFileType = sourcecode.c.h; path = EditFileColumnsController.h; sourceTree = "<group>"; };
		F40D21311FE6A66F00146BB4 /* EditFileColumnsController.m */ = {isa = PBXFileReference; lastKnownFileType = sourcecode.c.objc; path = EditFileColumnsController.m; sourceTree = "<group>"; };
		F412339E0DE4AD64005E355F /* allocator.h */ = {isa = PBXFileReference; fileEncoding = 4; lastKnownFileType = sourcecode.c.h; path = allocator.h; sourceTree = "<group>"; };
		F412339F0DE4AD64005E355F /* csv.c */ = {isa = PBXFileReference; fileEncoding = 4; lastKnownFileType = sourcecode.c.c; path = csv.c; sourceTree = "<group>"; };
		F41233A00DE4AD64005E355F /* csv.h */ = {isa = PBXFileReference; fileEncoding = 4; lastKnownFileType = sourcecode.c.h; path = csv.h; sourceTree = "<group>"; };
		F41233A10DE4AD64005E355F /* msgno.c */ = {isa = PBXFileReference; fileEncoding = 4; lastKnownFileType = sourcecode.c.c; path = msgno.c; sourceTree = "<group>"; };
		F41233A20DE4AD64005E355F /* msgno.h */ = {isa = PBXFileReference; fileEncoding = 4; lastKnownFileType = sourcecode.c.h; path = msgno.h; sourceTree = "<group>"; };
		F41233A30DE4AD64005E355F /* text.h */ = {isa = PBXFileReference; fileEncoding = 4; lastKnownFileType = sourcecode.c.h; path = text.h; sourceTree = "<group>"; };
		F413FF810E648C93006C7348 /* Description.rtf */ = {isa = PBXFileReference; lastKnownFileType = text.rtf; path = Description.rtf; sourceTree = "<group>"; };
		F415EC6D21C2BDCD00E7F88A /* QuartzCore.framework */ = {isa = PBXFileReference; lastKnownFileType = wrapper.framework; name = QuartzCore.framework; path = System/Library/Frameworks/QuartzCore.framework; sourceTree = SDKROOT; };
		F42D908C0DE95538001A2E5C /* CSVDataViewController.h */ = {isa = PBXFileReference; fileEncoding = 4; lastKnownFileType = sourcecode.c.h; path = CSVDataViewController.h; sourceTree = "<group>"; };
		F42D908D0DE95538001A2E5C /* CSVDataViewController.m */ = {isa = PBXFileReference; fileEncoding = 4; lastKnownFileType = sourcecode.c.objc; path = CSVDataViewController.m; sourceTree = "<group>"; };
		F434D1401FF1518800CD622D /* Main.storyboard */ = {isa = PBXFileReference; lastKnownFileType = file.storyboard; path = Main.storyboard; sourceTree = "<group>"; };
		F434D1431FF2A96200CD622D /* LaunchScreen.storyboard */ = {isa = PBXFileReference; fileEncoding = 4; lastKnownFileType = file.storyboard; path = LaunchScreen.storyboard; sourceTree = "<group>"; };
		F434D1461FF40D0000CD622D /* FadeAnimator.h */ = {isa = PBXFileReference; lastKnownFileType = sourcecode.c.h; path = FadeAnimator.h; sourceTree = "<group>"; };
		F434D1471FF40D0000CD622D /* FadeAnimator.m */ = {isa = PBXFileReference; lastKnownFileType = sourcecode.c.objc; path = FadeAnimator.m; sourceTree = "<group>"; };
		F434D14B1FF6A9B900CD622D /* DetailsViewController.h */ = {isa = PBXFileReference; lastKnownFileType = sourcecode.c.h; path = DetailsViewController.h; sourceTree = "<group>"; };
		F434D14C1FF6A9B900CD622D /* DetailsViewController.m */ = {isa = PBXFileReference; lastKnownFileType = sourcecode.c.objc; path = DetailsViewController.m; sourceTree = "<group>"; };
		F434D1501FF6B50A00CD622D /* WebKit.framework */ = {isa = PBXFileReference; lastKnownFileType = wrapper.framework; name = WebKit.framework; path = System/Library/Frameworks/WebKit.framework; sourceTree = SDKROOT; };
		F434D1521FF6B51700CD622D /* Foundation.framework */ = {isa = PBXFileReference; lastKnownFileType = wrapper.framework; name = Foundation.framework; path = System/Library/Frameworks/Foundation.framework; sourceTree = SDKROOT; };
		F434D1531FF6B51700CD622D /* UIKit.framework */ = {isa = PBXFileReference; lastKnownFileType = wrapper.framework; name = UIKit.framework; path = System/Library/Frameworks/UIKit.framework; sourceTree = SDKROOT; };
		F434D1541FF6B51700CD622D /* CoreGraphics.framework */ = {isa = PBXFileReference; lastKnownFileType = wrapper.framework; name = CoreGraphics.framework; path = System/Library/Frameworks/CoreGraphics.framework; sourceTree = SDKROOT; };
		F434D1581FF6E17E00CD622D /* FileDownloader.h */ = {isa = PBXFileReference; lastKnownFileType = sourcecode.c.h; path = FileDownloader.h; sourceTree = "<group>"; };
		F434D1591FF6E17E00CD622D /* FileDownloader.m */ = {isa = PBXFileReference; lastKnownFileType = sourcecode.c.objc; path = FileDownloader.m; sourceTree = "<group>"; };
		F43B34CA21616BB70099CCD0 /* Entitlements.plist */ = {isa = PBXFileReference; fileEncoding = 4; lastKnownFileType = text.plist.xml; path = Entitlements.plist; sourceTree = "<group>"; };
		F44AD0D61FFD0CC800BC21D6 /* DetailsPagesController.h */ = {isa = PBXFileReference; lastKnownFileType = sourcecode.c.h; path = DetailsPagesController.h; sourceTree = "<group>"; };
		F44AD0D71FFD0CC800BC21D6 /* DetailsPagesController.m */ = {isa = PBXFileReference; lastKnownFileType = sourcecode.c.objc; path = DetailsPagesController.m; sourceTree = "<group>"; };
		F44AD0E01FFE671300BC21D6 /* AddFilesSelectionController.h */ = {isa = PBXFileReference; lastKnownFileType = sourcecode.c.h; path = AddFilesSelectionController.h; sourceTree = "<group>"; };
		F44AD0E11FFE671300BC21D6 /* AddFilesSelectionController.m */ = {isa = PBXFileReference; lastKnownFileType = sourcecode.c.objc; path = AddFilesSelectionController.m; sourceTree = "<group>"; };
		F46CA0CA1FE56DEC00FE645C /* FilesViewController.h */ = {isa = PBXFileReference; lastKnownFileType = sourcecode.c.h; path = FilesViewController.h; sourceTree = "<group>"; };
		F46CA0CB1FE56DEC00FE645C /* FilesViewController.m */ = {isa = PBXFileReference; lastKnownFileType = sourcecode.c.objc; path = FilesViewController.m; sourceTree = "<group>"; };
		F46CA0CE1FE5960700FE645C /* ItemsViewController.h */ = {isa = PBXFileReference; lastKnownFileType = sourcecode.c.h; path = ItemsViewController.h; sourceTree = "<group>"; };
		F46CA0CF1FE5960700FE645C /* ItemsViewController.m */ = {isa = PBXFileReference; lastKnownFileType = sourcecode.c.objc; path = ItemsViewController.m; sourceTree = "<group>"; };
		F46CA0D21FE59A4900FE645C /* ParseErrorViewController.h */ = {isa = PBXFileReference; lastKnownFileType = sourcecode.c.h; path = ParseErrorViewController.h; sourceTree = "<group>"; };
		F46CA0D31FE59A4900FE645C /* ParseErrorViewController.m */ = {isa = PBXFileReference; lastKnownFileType = sourcecode.c.objc; path = ParseErrorViewController.m; sourceTree = "<group>"; };
		F46CA0D61FE5AEAA00FE645C /* FileDataViewController.h */ = {isa = PBXFileReference; lastKnownFileType = sourcecode.c.h; path = FileDataViewController.h; sourceTree = "<group>"; };
		F46CA0D71FE5AEAA00FE645C /* FileDataViewController.m */ = {isa = PBXFileReference; lastKnownFileType = sourcecode.c.objc; path = FileDataViewController.m; sourceTree = "<group>"; };
		F472DB8321E12FDA005157F5 /* StoreKit.framework */ = {isa = PBXFileReference; lastKnownFileType = wrapper.framework; name = StoreKit.framework; path = System/Library/Frameworks/StoreKit.framework; sourceTree = SDKROOT; };
		F47819830E2BDE7A00B44E78 /* CSVPreferencesController.h */ = {isa = PBXFileReference; fileEncoding = 4; lastKnownFileType = sourcecode.c.h; path = CSVPreferencesController.h; sourceTree = "<group>"; };
		F47819840E2BDE7A00B44E78 /* CSVPreferencesController.m */ = {isa = PBXFileReference; fileEncoding = 4; lastKnownFileType = sourcecode.c.objc; path = CSVPreferencesController.m; sourceTree = "<group>"; };
		F47DC80D1111004C00E8DD8B /* CSV Touch.app */ = {isa = PBXFileReference; explicitFileType = wrapper.application; includeInIndex = 0; path = "CSV Touch.app"; sourceTree = BUILT_PRODUCTS_DIR; };
		F48094CB21A6D5B200DEEA8D /* TODO */ = {isa = PBXFileReference; lastKnownFileType = text; path = TODO; sourceTree = "<group>"; };
		F48584F511EE4F34001CFC28 /* dvd.png */ = {isa = PBXFileReference; lastKnownFileType = image.png; path = dvd.png; sourceTree = "<group>"; };
		F48584F611EE4F34001CFC28 /* hd.png */ = {isa = PBXFileReference; lastKnownFileType = image.png; path = hd.png; sourceTree = "<group>"; };
		F48584F711EE4F34001CFC28 /* qt.png */ = {isa = PBXFileReference; lastKnownFileType = image.png; path = qt.png; sourceTree = "<group>"; };
		F48836560DF53E2C0063EF75 /* CSVFileParser.h */ = {isa = PBXFileReference; fileEncoding = 4; lastKnownFileType = sourcecode.c.h; path = CSVFileParser.h; sourceTree = "<group>"; };
		F48836570DF53E2C0063EF75 /* CSVFileParser.m */ = {isa = PBXFileReference; fileEncoding = 4; lastKnownFileType = sourcecode.c.objc; path = CSVFileParser.m; sourceTree = "<group>"; };
		F48CAEF9220A56E200975205 /* singlecolumn.css */ = {isa = PBXFileReference; fileEncoding = 4; lastKnownFileType = text.css; path = singlecolumn.css; sourceTree = "<group>"; };
		F48CAEFD220A659B00975205 /* CSSProvider.h */ = {isa = PBXFileReference; lastKnownFileType = sourcecode.c.h; path = CSSProvider.h; sourceTree = "<group>"; };
		F48CAEFE220A659B00975205 /* CSSProvider.m */ = {isa = PBXFileReference; lastKnownFileType = sourcecode.c.objc; path = CSSProvider.m; sourceTree = "<group>"; };
		F4990C160E4276C500D64667 /* Settings.bundle */ = {isa = PBXFileReference; lastKnownFileType = "wrapper.plug-in"; path = Settings.bundle; sourceTree = "<group>"; };
		F4A3BCAB17F8978000B7C201 /* Appstore, Docs images */ = {isa = PBXFileReference; lastKnownFileType = folder; path = "Appstore, Docs images"; sourceTree = "<group>"; };
		F4A73D190E2EB49200E1DF27 /* OzymandiasAdditions.h */ = {isa = PBXFileReference; fileEncoding = 4; lastKnownFileType = sourcecode.c.h; path = OzymandiasAdditions.h; sourceTree = "<group>"; };
		F4A73D1A0E2EB49200E1DF27 /* OzymandiasAdditions.m */ = {isa = PBXFileReference; fileEncoding = 4; lastKnownFileType = sourcecode.c.objc; path = OzymandiasAdditions.m; sourceTree = "<group>"; };
		F4ADD79E115E573B0095F061 /* alert.png */ = {isa = PBXFileReference; lastKnownFileType = image.png; path = alert.png; sourceTree = "<group>"; };
		F4ADD79F115E573B0095F061 /* ball_blue.png */ = {isa = PBXFileReference; lastKnownFileType = image.png; path = ball_blue.png; sourceTree = "<group>"; };
		F4ADD7A0115E573B0095F061 /* ball_green.png */ = {isa = PBXFileReference; lastKnownFileType = image.png; path = ball_green.png; sourceTree = "<group>"; };
		F4ADD7A1115E573B0095F061 /* ball_grey.png */ = {isa = PBXFileReference; lastKnownFileType = image.png; path = ball_grey.png; sourceTree = "<group>"; };
		F4ADD7A2115E573B0095F061 /* ball_lime.png */ = {isa = PBXFileReference; lastKnownFileType = image.png; path = ball_lime.png; sourceTree = "<group>"; };
		F4ADD7A3115E573B0095F061 /* ball_orange.png */ = {isa = PBXFileReference; lastKnownFileType = image.png; path = ball_orange.png; sourceTree = "<group>"; };
		F4ADD7A4115E573B0095F061 /* ball_purple.png */ = {isa = PBXFileReference; lastKnownFileType = image.png; path = ball_purple.png; sourceTree = "<group>"; };
		F4ADD7A5115E573B0095F061 /* ball_red_glow.png */ = {isa = PBXFileReference; lastKnownFileType = image.png; path = ball_red_glow.png; sourceTree = "<group>"; };
		F4ADD7A6115E573B0095F061 /* ball_red.png */ = {isa = PBXFileReference; lastKnownFileType = image.png; path = ball_red.png; sourceTree = "<group>"; };
		F4ADD7A7115E573B0095F061 /* ball_yellow.png */ = {isa = PBXFileReference; lastKnownFileType = image.png; path = ball_yellow.png; sourceTree = "<group>"; };
		F4ADD7A8115E573B0095F061 /* bug_red.png */ = {isa = PBXFileReference; lastKnownFileType = image.png; path = bug_red.png; sourceTree = "<group>"; };
		F4ADD7A9115E573B0095F061 /* danger.png */ = {isa = PBXFileReference; lastKnownFileType = image.png; path = danger.png; sourceTree = "<group>"; };
		F4ADD7AA115E573B0095F061 /* delete.png */ = {isa = PBXFileReference; lastKnownFileType = image.png; path = delete.png; sourceTree = "<group>"; };
		F4ADD7AB115E573B0095F061 /* dollar.png */ = {isa = PBXFileReference; lastKnownFileType = image.png; path = dollar.png; sourceTree = "<group>"; };
		F4ADD7AC115E573B0095F061 /* down_blue.png */ = {isa = PBXFileReference; lastKnownFileType = image.png; path = down_blue.png; sourceTree = "<group>"; };
		F4ADD7AD115E573B0095F061 /* down_red.png */ = {isa = PBXFileReference; lastKnownFileType = image.png; path = down_red.png; sourceTree = "<group>"; };
		F4ADD7AE115E573B0095F061 /* DSI.png */ = {isa = PBXFileReference; lastKnownFileType = image.png; path = DSI.png; sourceTree = "<group>"; };
		F4ADD7AF115E573B0095F061 /* error.png */ = {isa = PBXFileReference; lastKnownFileType = image.png; path = error.png; sourceTree = "<group>"; };
		F4ADD7B0115E573B0095F061 /* information.png */ = {isa = PBXFileReference; lastKnownFileType = image.png; path = information.png; sourceTree = "<group>"; };
		F4ADD7B1115E573B0095F061 /* left_blue.png */ = {isa = PBXFileReference; lastKnownFileType = image.png; path = left_blue.png; sourceTree = "<group>"; };
		F4ADD7B2115E573B0095F061 /* lightbulb.png */ = {isa = PBXFileReference; lastKnownFileType = image.png; path = lightbulb.png; sourceTree = "<group>"; };
		F4ADD7B3115E573C0095F061 /* lightning_red.png */ = {isa = PBXFileReference; lastKnownFileType = image.png; path = lightning_red.png; sourceTree = "<group>"; };
		F4ADD7B4115E573C0095F061 /* lightning_yellow.png */ = {isa = PBXFileReference; lastKnownFileType = image.png; path = lightning_yellow.png; sourceTree = "<group>"; };
		F4ADD7B5115E573C0095F061 /* new.png */ = {isa = PBXFileReference; lastKnownFileType = image.png; path = new.png; sourceTree = "<group>"; };
		F4ADD7B6115E573C0095F061 /* no.png */ = {isa = PBXFileReference; lastKnownFileType = image.png; path = no.png; sourceTree = "<group>"; };
		F4ADD7B7115E573C0095F061 /* ok.png */ = {isa = PBXFileReference; lastKnownFileType = image.png; path = ok.png; sourceTree = "<group>"; };
		F4ADD7B8115E573C0095F061 /* problem.png */ = {isa = PBXFileReference; lastKnownFileType = image.png; path = problem.png; sourceTree = "<group>"; };
		F4ADD7B9115E573C0095F061 /* right_blue.png */ = {isa = PBXFileReference; lastKnownFileType = image.png; path = right_blue.png; sourceTree = "<group>"; };
		F4ADD7BA115E573C0095F061 /* square_blue.png */ = {isa = PBXFileReference; lastKnownFileType = image.png; path = square_blue.png; sourceTree = "<group>"; };
		F4ADD7BB115E573C0095F061 /* square_green.png */ = {isa = PBXFileReference; lastKnownFileType = image.png; path = square_green.png; sourceTree = "<group>"; };
		F4ADD7BC115E573C0095F061 /* square_grey.png */ = {isa = PBXFileReference; lastKnownFileType = image.png; path = square_grey.png; sourceTree = "<group>"; };
		F4ADD7BD115E573C0095F061 /* square_orange.png */ = {isa = PBXFileReference; lastKnownFileType = image.png; path = square_orange.png; sourceTree = "<group>"; };
		F4ADD7BE115E573C0095F061 /* square_red_glow.png */ = {isa = PBXFileReference; lastKnownFileType = image.png; path = square_red_glow.png; sourceTree = "<group>"; };
		F4ADD7BF115E573C0095F061 /* square_red.png */ = {isa = PBXFileReference; lastKnownFileType = image.png; path = square_red.png; sourceTree = "<group>"; };
		F4ADD7C0115E573C0095F061 /* square_yellow.png */ = {isa = PBXFileReference; lastKnownFileType = image.png; path = square_yellow.png; sourceTree = "<group>"; };
		F4ADD7C1115E573C0095F061 /* triangle_blue.png */ = {isa = PBXFileReference; lastKnownFileType = image.png; path = triangle_blue.png; sourceTree = "<group>"; };
		F4ADD7C2115E573C0095F061 /* triangle_green.png */ = {isa = PBXFileReference; lastKnownFileType = image.png; path = triangle_green.png; sourceTree = "<group>"; };
		F4ADD7C3115E573C0095F061 /* triangle_grey.png */ = {isa = PBXFileReference; lastKnownFileType = image.png; path = triangle_grey.png; sourceTree = "<group>"; };
		F4ADD7C4115E573C0095F061 /* triangle_orange.png */ = {isa = PBXFileReference; lastKnownFileType = image.png; path = triangle_orange.png; sourceTree = "<group>"; };
		F4ADD7C5115E573C0095F061 /* triangle_red.png */ = {isa = PBXFileReference; lastKnownFileType = image.png; path = triangle_red.png; sourceTree = "<group>"; };
		F4ADD7C6115E573C0095F061 /* triangle_yellow.png */ = {isa = PBXFileReference; lastKnownFileType = image.png; path = triangle_yellow.png; sourceTree = "<group>"; };
		F4ADD7C7115E573C0095F061 /* up_blue.png */ = {isa = PBXFileReference; lastKnownFileType = image.png; path = up_blue.png; sourceTree = "<group>"; };
		F4ADD7C8115E573C0095F061 /* up_green.png */ = {isa = PBXFileReference; lastKnownFileType = image.png; path = up_green.png; sourceTree = "<group>"; };
		F4ADD7C9115E573C0095F061 /* warning.png */ = {isa = PBXFileReference; lastKnownFileType = image.png; path = warning.png; sourceTree = "<group>"; };
		F4ADD7CA115E573C0095F061 /* yes.png */ = {isa = PBXFileReference; lastKnownFileType = image.png; path = yes.png; sourceTree = "<group>"; };
		F4ADD90D115E692D0095F061 /* empty.png */ = {isa = PBXFileReference; lastKnownFileType = image.png; path = empty.png; sourceTree = "<group>"; };
		F4AE44850DF469BF001197AB /* CSVRow.h */ = {isa = PBXFileReference; fileEncoding = 4; lastKnownFileType = sourcecode.c.h; path = CSVRow.h; sourceTree = "<group>"; };
		F4AE44860DF469BF001197AB /* CSVRow.m */ = {isa = PBXFileReference; fileEncoding = 4; lastKnownFileType = sourcecode.c.objc; path = CSVRow.m; sourceTree = "<group>"; };
		F4BFE6C121AEC32500D3E6A3 /* file_via_mail.png */ = {isa = PBXFileReference; lastKnownFileType = image.png; path = file_via_mail.png; sourceTree = "<group>"; };
		F4BFE6C321AEC32500D3E6A3 /* add_file_button.png */ = {isa = PBXFileReference; lastKnownFileType = image.png; path = add_file_button.png; sourceTree = "<group>"; };
		F4BFE6C421AEC32500D3E6A3 /* file_via_files_app.png */ = {isa = PBXFileReference; lastKnownFileType = image.png; path = file_via_files_app.png; sourceTree = "<group>"; };
		F4BFE6C521AEC32500D3E6A3 /* add_file_options.png */ = {isa = PBXFileReference; lastKnownFileType = image.png; path = add_file_options.png; sourceTree = "<group>"; };
		F4BFE6CE21B0A2EE00D3E6A3 /* HelpPagesDelegate.m */ = {isa = PBXFileReference; fileEncoding = 4; lastKnownFileType = sourcecode.c.objc; path = HelpPagesDelegate.m; sourceTree = "<group>"; };
		F4BFE6CF21B0A2EE00D3E6A3 /* HelpPagesViewController.m */ = {isa = PBXFileReference; fileEncoding = 4; lastKnownFileType = sourcecode.c.objc; path = HelpPagesViewController.m; sourceTree = "<group>"; };
		F4BFE6D021B0A2EF00D3E6A3 /* HelpPagesViewController.h */ = {isa = PBXFileReference; fileEncoding = 4; lastKnownFileType = sourcecode.c.h; path = HelpPagesViewController.h; sourceTree = "<group>"; };
		F4BFE6D121B0A2EF00D3E6A3 /* HelpPagesDelegate.h */ = {isa = PBXFileReference; fileEncoding = 4; lastKnownFileType = sourcecode.c.h; path = HelpPagesDelegate.h; sourceTree = "<group>"; };
		F4BFE6D421B0AB9800D3E6A3 /* next.png */ = {isa = PBXFileReference; lastKnownFileType = image.png; path = next.png; sourceTree = "<group>"; };
		F4C2E44218CE0CE9004E49E5 /* HowToController.h */ = {isa = PBXFileReference; fileEncoding = 4; lastKnownFileType = sourcecode.c.h; path = HowToController.h; sourceTree = "<group>"; };
		F4C2E44318CE0CE9004E49E5 /* HowToController.m */ = {isa = PBXFileReference; fileEncoding = 4; lastKnownFileType = sourcecode.c.objc; path = HowToController.m; sourceTree = "<group>"; };
		F4C2E44418CE0CE9004E49E5 /* HowToController.xib */ = {isa = PBXFileReference; fileEncoding = 4; lastKnownFileType = file.xib; path = HowToController.xib; sourceTree = "<group>"; };
		F4CB510B11689FD300CFCBBC /* csvtouch.plist */ = {isa = PBXFileReference; fileEncoding = 4; lastKnownFileType = text.plist.xml; path = csvtouch.plist; sourceTree = "<group>"; };
		F4D6882C2800467C00AC46E7 /* files_via_finder.png */ = {isa = PBXFileReference; lastKnownFileType = image.png; path = files_via_finder.png; sourceTree = "<group>"; };
		F4DC40E1200BB0A800EA43A8 /* ItemPreferenceController.h */ = {isa = PBXFileReference; lastKnownFileType = sourcecode.c.h; path = ItemPreferenceController.h; sourceTree = "<group>"; };
		F4DC40E2200BB0A800EA43A8 /* ItemPreferenceController.m */ = {isa = PBXFileReference; lastKnownFileType = sourcecode.c.objc; path = ItemPreferenceController.m; sourceTree = "<group>"; };
		F4DF84D920432B8000AE653A /* ItemsAppearancePreferencesController.h */ = {isa = PBXFileReference; lastKnownFileType = sourcecode.c.h; path = ItemsAppearancePreferencesController.h; sourceTree = "<group>"; };
		F4DF84DA20432B8000AE653A /* ItemsAppearancePreferencesController.m */ = {isa = PBXFileReference; lastKnownFileType = sourcecode.c.objc; path = ItemsAppearancePreferencesController.m; sourceTree = "<group>"; };
		F4DF84DD20433A6D00AE653A /* ItemsSortAndSearchPreferencesController.h */ = {isa = PBXFileReference; lastKnownFileType = sourcecode.c.h; path = ItemsSortAndSearchPreferencesController.h; sourceTree = "<group>"; };
		F4DF84DE20433A6D00AE653A /* ItemsSortAndSearchPreferencesController.m */ = {isa = PBXFileReference; lastKnownFileType = sourcecode.c.objc; path = ItemsSortAndSearchPreferencesController.m; sourceTree = "<group>"; };
		F4DF84E12044BBF500AE653A /* FilesParsingPreferencesViewController.h */ = {isa = PBXFileReference; lastKnownFileType = sourcecode.c.h; path = FilesParsingPreferencesViewController.h; sourceTree = "<group>"; };
		F4DF84E22044BBF500AE653A /* FilesParsingPreferencesViewController.m */ = {isa = PBXFileReference; lastKnownFileType = sourcecode.c.objc; path = FilesParsingPreferencesViewController.m; sourceTree = "<group>"; };
		F4DF84E52044CB1F00AE653A /* AppPrefsViewController.h */ = {isa = PBXFileReference; lastKnownFileType = sourcecode.c.h; path = AppPrefsViewController.h; sourceTree = "<group>"; };
		F4DF84E62044CB1F00AE653A /* AppPrefsViewController.m */ = {isa = PBXFileReference; lastKnownFileType = sourcecode.c.objc; path = AppPrefsViewController.m; sourceTree = "<group>"; };
		F4E8FAF22001409F00E55844 /* AutoSizingTableViewCell.h */ = {isa = PBXFileReference; lastKnownFileType = sourcecode.c.h; path = AutoSizingTableViewCell.h; sourceTree = "<group>"; };
		F4E8FAF32001409F00E55844 /* AutoSizingTableViewCell.m */ = {isa = PBXFileReference; lastKnownFileType = sourcecode.c.objc; path = AutoSizingTableViewCell.m; sourceTree = "<group>"; };
		F4E8FAF42001409F00E55844 /* AutoSizingTableViewCell.xib */ = {isa = PBXFileReference; lastKnownFileType = file.xib; path = AutoSizingTableViewCell.xib; sourceTree = "<group>"; };
		F4E929090E4F5D4C006165B0 /* parseCSV.h */ = {isa = PBXFileReference; fileEncoding = 4; lastKnownFileType = sourcecode.c.h; path = parseCSV.h; sourceTree = "<group>"; };
		F4E9290A0E4F5D4C006165B0 /* parseCSV.m */ = {isa = PBXFileReference; fileEncoding = 4; lastKnownFileType = sourcecode.c.objc; path = parseCSV.m; sourceTree = "<group>"; };
		F4EC004E17F87E8600A52838 /* Images.xcassets */ = {isa = PBXFileReference; lastKnownFileType = folder.assetcatalog; name = Images.xcassets; path = "CSV Touch/Images.xcassets"; sourceTree = "<group>"; };
		F4EC006217F88A1C00A52838 /* Image masters */ = {isa = PBXFileReference; lastKnownFileType = folder; path = "Image masters"; sourceTree = "<group>"; };
		F4FF52DE2340E91D000DACF1 /* singlecolumn_dark.css */ = {isa = PBXFileReference; fileEncoding = 4; lastKnownFileType = text.css; path = singlecolumn_dark.css; sourceTree = "<group>"; };
		F4FF52DF2340E91E000DACF1 /* doublecolumn_dark.css */ = {isa = PBXFileReference; fileEncoding = 4; lastKnownFileType = text.css; path = doublecolumn_dark.css; sourceTree = "<group>"; };
/* End PBXFileReference section */

/* Begin PBXFrameworksBuildPhase section */
		F402AA4321CBE61D0097D875 /* Frameworks */ = {
			isa = PBXFrameworksBuildPhase;
			buildActionMask = 2147483647;
			files = (
				F472DB8521E12FE5005157F5 /* StoreKit.framework in Frameworks */,
				F402AA4421CBE61D0097D875 /* QuartzCore.framework in Frameworks */,
				F402AA4521CBE61D0097D875 /* CoreGraphics.framework in Frameworks */,
				F402AA4621CBE61D0097D875 /* Foundation.framework in Frameworks */,
				F402AA4721CBE61D0097D875 /* UIKit.framework in Frameworks */,
				F402AA4821CBE61D0097D875 /* WebKit.framework in Frameworks */,
			);
			runOnlyForDeploymentPostprocessing = 0;
		};
		F47DC8041111004C00E8DD8B /* Frameworks */ = {
			isa = PBXFrameworksBuildPhase;
			buildActionMask = 2147483647;
			files = (
				F472DB8421E12FDA005157F5 /* StoreKit.framework in Frameworks */,
				F415EC6E21C2BDCD00E7F88A /* QuartzCore.framework in Frameworks */,
				F434D1571FF6B56D00CD622D /* CoreGraphics.framework in Frameworks */,
				F434D1561FF6B55D00CD622D /* Foundation.framework in Frameworks */,
				F434D1551FF6B55600CD622D /* UIKit.framework in Frameworks */,
				F434D1511FF6B50A00CD622D /* WebKit.framework in Frameworks */,
			);
			runOnlyForDeploymentPostprocessing = 0;
		};
/* End PBXFrameworksBuildPhase section */

/* Begin PBXGroup section */
		19C28FACFE9D520D11CA2CBB /* Products */ = {
			isa = PBXGroup;
			children = (
				F47DC80D1111004C00E8DD8B /* CSV Touch.app */,
				F402AA4D21CBE61D0097D875 /* CSV Lite.app */,
			);
			name = Products;
			sourceTree = "<group>";
		};
		29B97314FDCFA39411CA2CEA /* CustomTemplate */ = {
			isa = PBXGroup;
			children = (
				F48094CB21A6D5B200DEEA8D /* TODO */,
				F418E17D223C1888008DF95B /* Files view */,
				F418E17E223C18A0008DF95B /* Items view */,
				F418E17F223C18B7008DF95B /* Single item view */,
				F44AD0DF1FFE668800BC21D6 /* Main classes */,
				F44AD0DB1FFE647B00BC21D6 /* Parse */,
				F44AD0DE1FFE64E200BC21D6 /* Preferences */,
				F48CAEFC220A651C00975205 /* iCloud */,
				F44AD0DD1FFE64C000BC21D6 /* Helpers */,
				F44AD0DC1FFE64A000BC21D6 /* Ozy stuff */,
				F44AD0DA1FFE643700BC21D6 /* Info & Help */,
				29B97315FDCFA39411CA2CEA /* Other Sources */,
				29B97317FDCFA39411CA2CEA /* Resources */,
				F4174D3C0E40F99C00351EE4 /* iTunes Connect */,
				19C28FACFE9D520D11CA2CBB /* Products */,
				F4990C160E4276C500D64667 /* Settings.bundle */,
				F43B34CA21616BB70099CCD0 /* Entitlements.plist */,
				F434D14F1FF6B50900CD622D /* Frameworks */,
			);
			name = CustomTemplate;
			sourceTree = "<group>";
		};
		29B97315FDCFA39411CA2CEA /* Other Sources */ = {
			isa = PBXGroup;
			children = (
				F412339E0DE4AD64005E355F /* allocator.h */,
				F41233A10DE4AD64005E355F /* msgno.c */,
				F41233A20DE4AD64005E355F /* msgno.h */,
				F41233A30DE4AD64005E355F /* text.h */,
				28A0AAE50D9B0CCF005BE974 /* CSV_Touch_Prefix.pch */,
				29B97316FDCFA39411CA2CEA /* main.m */,
			);
			name = "Other Sources";
			sourceTree = "<group>";
		};
		29B97317FDCFA39411CA2CEA /* Resources */ = {
			isa = PBXGroup;
			children = (
				F4A3BCAA17F8975100B7C201 /* Plists */,
				F4EC006217F88A1C00A52838 /* Image masters */,
				F4EC004E17F87E8600A52838 /* Images.xcassets */,
				F4ADD79D115E57110095F061 /* Item icons */,
				F488D83C1146604800583920 /* css */,
				28AD735F0D9D9599002E5188 /* MainWindow.xib */,
			);
			name = Resources;
			sourceTree = "<group>";
		};
		F4174D3C0E40F99C00351EE4 /* iTunes Connect */ = {
			isa = PBXGroup;
			children = (
				F413FF810E648C93006C7348 /* Description.rtf */,
				F4074E880E52242B004BCDB7 /* Request list.txt */,
				F4A3BCAB17F8978000B7C201 /* Appstore, Docs images */,
			);
			name = "iTunes Connect";
			sourceTree = "<group>";
		};
		F418E17D223C1888008DF95B /* Files view */ = {
			isa = PBXGroup;
			children = (
				F46CA0CA1FE56DEC00FE645C /* FilesViewController.h */,
				F46CA0CB1FE56DEC00FE645C /* FilesViewController.m */,
				F46CA0D61FE5AEAA00FE645C /* FileDataViewController.h */,
				F46CA0D71FE5AEAA00FE645C /* FileDataViewController.m */,
				F44AD0E01FFE671300BC21D6 /* AddFilesSelectionController.h */,
				F44AD0E11FFE671300BC21D6 /* AddFilesSelectionController.m */,
			);
			path = "Files view";
			sourceTree = "<group>";
		};
		F418E17E223C18A0008DF95B /* Items view */ = {
			isa = PBXGroup;
			children = (
				F46CA0CE1FE5960700FE645C /* ItemsViewController.h */,
				F46CA0CF1FE5960700FE645C /* ItemsViewController.m */,
				F4E8FAF22001409F00E55844 /* AutoSizingTableViewCell.h */,
				F4E8FAF32001409F00E55844 /* AutoSizingTableViewCell.m */,
				F4E8FAF42001409F00E55844 /* AutoSizingTableViewCell.xib */,
				F40D21301FE6A66F00146BB4 /* EditFileColumnsController.h */,
				F40D21311FE6A66F00146BB4 /* EditFileColumnsController.m */,
			);
			path = "Items view";
			sourceTree = "<group>";
		};
		F418E17F223C18B7008DF95B /* Single item view */ = {
			isa = PBXGroup;
			children = (
				F434D14B1FF6A9B900CD622D /* DetailsViewController.h */,
				F434D14C1FF6A9B900CD622D /* DetailsViewController.m */,
				F44AD0D61FFD0CC800BC21D6 /* DetailsPagesController.h */,
				F44AD0D71FFD0CC800BC21D6 /* DetailsPagesController.m */,
			);
			path = "Single item view";
			sourceTree = "<group>";
		};
		F434D14F1FF6B50900CD622D /* Frameworks */ = {
			isa = PBXGroup;
			children = (
				F472DB8321E12FDA005157F5 /* StoreKit.framework */,
				F415EC6D21C2BDCD00E7F88A /* QuartzCore.framework */,
				F434D1541FF6B51700CD622D /* CoreGraphics.framework */,
				F434D1531FF6B51700CD622D /* UIKit.framework */,
				F434D1521FF6B51700CD622D /* Foundation.framework */,
				F434D1501FF6B50A00CD622D /* WebKit.framework */,
			);
			name = Frameworks;
			sourceTree = "<group>";
		};
		F44AD0D51FF6F0EE00BC21D6 /* Storyboards */ = {
			isa = PBXGroup;
			children = (
				F434D1431FF2A96200CD622D /* LaunchScreen.storyboard */,
				F434D1401FF1518800CD622D /* Main.storyboard */,
			);
			path = Storyboards;
			sourceTree = "<group>";
		};
		F44AD0DA1FFE643700BC21D6 /* Info & Help */ = {
			isa = PBXGroup;
			children = (
				F4BFE6C021AEC32500D3E6A3 /* Images */,
				F4BFE6D121B0A2EF00D3E6A3 /* HelpPagesDelegate.h */,
				F4BFE6CE21B0A2EE00D3E6A3 /* HelpPagesDelegate.m */,
				F4BFE6D021B0A2EF00D3E6A3 /* HelpPagesViewController.h */,
				F4BFE6CF21B0A2EE00D3E6A3 /* HelpPagesViewController.m */,
				F4C2E44218CE0CE9004E49E5 /* HowToController.h */,
				F4C2E44318CE0CE9004E49E5 /* HowToController.m */,
				F4C2E44418CE0CE9004E49E5 /* HowToController.xib */,
			);
			name = "Info & Help";
			sourceTree = "<group>";
		};
		F44AD0DB1FFE647B00BC21D6 /* Parse */ = {
			isa = PBXGroup;
			children = (
				F4AE44850DF469BF001197AB /* CSVRow.h */,
				F4AE44860DF469BF001197AB /* CSVRow.m */,
				F48836560DF53E2C0063EF75 /* CSVFileParser.h */,
				F48836570DF53E2C0063EF75 /* CSVFileParser.m */,
				F4E929090E4F5D4C006165B0 /* parseCSV.h */,
				F4E9290A0E4F5D4C006165B0 /* parseCSV.m */,
				F412339F0DE4AD64005E355F /* csv.c */,
				F41233A00DE4AD64005E355F /* csv.h */,
			);
			name = Parse;
			sourceTree = "<group>";
		};
		F44AD0DC1FFE64A000BC21D6 /* Ozy stuff */ = {
			isa = PBXGroup;
			children = (
				F4A73D190E2EB49200E1DF27 /* OzymandiasAdditions.h */,
				F4A73D1A0E2EB49200E1DF27 /* OzymandiasAdditions.m */,
			);
			name = "Ozy stuff";
			sourceTree = "<group>";
		};
		F44AD0DD1FFE64C000BC21D6 /* Helpers */ = {
			isa = PBXGroup;
			children = (
				F434D1461FF40D0000CD622D /* FadeAnimator.h */,
				F434D1471FF40D0000CD622D /* FadeAnimator.m */,
				F434D1581FF6E17E00CD622D /* FileDownloader.h */,
				F434D1591FF6E17E00CD622D /* FileDownloader.m */,
			);
			name = Helpers;
			sourceTree = "<group>";
		};
		F44AD0DE1FFE64E200BC21D6 /* Preferences */ = {
			isa = PBXGroup;
			children = (
				F47819830E2BDE7A00B44E78 /* CSVPreferencesController.h */,
				F47819840E2BDE7A00B44E78 /* CSVPreferencesController.m */,
				F4DC40E1200BB0A800EA43A8 /* ItemPreferenceController.h */,
				F4DC40E2200BB0A800EA43A8 /* ItemPreferenceController.m */,
				F4DF84D920432B8000AE653A /* ItemsAppearancePreferencesController.h */,
				F4DF84DA20432B8000AE653A /* ItemsAppearancePreferencesController.m */,
				F4DF84DD20433A6D00AE653A /* ItemsSortAndSearchPreferencesController.h */,
				F4DF84DE20433A6D00AE653A /* ItemsSortAndSearchPreferencesController.m */,
				F4DF84E12044BBF500AE653A /* FilesParsingPreferencesViewController.h */,
				F4DF84E22044BBF500AE653A /* FilesParsingPreferencesViewController.m */,
				F4DF84E52044CB1F00AE653A /* AppPrefsViewController.h */,
				F4DF84E62044CB1F00AE653A /* AppPrefsViewController.m */,
			);
			name = Preferences;
			sourceTree = "<group>";
		};
		F44AD0DF1FFE668800BC21D6 /* Main classes */ = {
			isa = PBXGroup;
			children = (
				F44AD0D51FF6F0EE00BC21D6 /* Storyboards */,
				1D3623240D0F684500981E51 /* CSV_TouchAppDelegate.h */,
				1D3623250D0F684500981E51 /* CSV_TouchAppDelegate.m */,
				F42D908C0DE95538001A2E5C /* CSVDataViewController.h */,
				F42D908D0DE95538001A2E5C /* CSVDataViewController.m */,
				F46CA0D21FE59A4900FE645C /* ParseErrorViewController.h */,
				F46CA0D31FE59A4900FE645C /* ParseErrorViewController.m */,
			);
			name = "Main classes";
			sourceTree = "<group>";
		};
		F488D83C1146604800583920 /* css */ = {
			isa = PBXGroup;
			children = (
				F48CAEF9220A56E200975205 /* singlecolumn.css */,
				F4FF52DE2340E91D000DACF1 /* singlecolumn_dark.css */,
				F402A97321CAA4E20097D875 /* doublecolumn.css */,
				F4FF52DF2340E91E000DACF1 /* doublecolumn_dark.css */,
			);
			path = css;
			sourceTree = "<group>";
		};
		F48CAEFC220A651C00975205 /* iCloud */ = {
			isa = PBXGroup;
			children = (
				F48CAEFD220A659B00975205 /* CSSProvider.h */,
				F48CAEFE220A659B00975205 /* CSSProvider.m */,
			);
			path = iCloud;
			sourceTree = "<group>";
		};
		F4A3BCAA17F8975100B7C201 /* Plists */ = {
			isa = PBXGroup;
			children = (
				F402AA4E21CBE61D0097D875 /* csvlite.plist */,
				F4CB510B11689FD300CFCBBC /* csvtouch.plist */,
			);
			name = Plists;
			sourceTree = "<group>";
		};
		F4ADD79D115E57110095F061 /* Item icons */ = {
			isa = PBXGroup;
			children = (
				F48584F511EE4F34001CFC28 /* dvd.png */,
				F48584F611EE4F34001CFC28 /* hd.png */,
				F48584F711EE4F34001CFC28 /* qt.png */,
				F4ADD90D115E692D0095F061 /* empty.png */,
				F4ADD79E115E573B0095F061 /* alert.png */,
				F4ADD79F115E573B0095F061 /* ball_blue.png */,
				F4ADD7A0115E573B0095F061 /* ball_green.png */,
				F4ADD7A1115E573B0095F061 /* ball_grey.png */,
				F4ADD7A2115E573B0095F061 /* ball_lime.png */,
				F4ADD7A3115E573B0095F061 /* ball_orange.png */,
				F4ADD7A4115E573B0095F061 /* ball_purple.png */,
				F4ADD7A5115E573B0095F061 /* ball_red_glow.png */,
				F4ADD7A6115E573B0095F061 /* ball_red.png */,
				F4ADD7A7115E573B0095F061 /* ball_yellow.png */,
				F4ADD7A8115E573B0095F061 /* bug_red.png */,
				F4ADD7A9115E573B0095F061 /* danger.png */,
				F4ADD7AA115E573B0095F061 /* delete.png */,
				F4ADD7AB115E573B0095F061 /* dollar.png */,
				F4ADD7AC115E573B0095F061 /* down_blue.png */,
				F4ADD7AD115E573B0095F061 /* down_red.png */,
				F4ADD7AE115E573B0095F061 /* DSI.png */,
				F4ADD7AF115E573B0095F061 /* error.png */,
				F4ADD7B0115E573B0095F061 /* information.png */,
				F4ADD7B1115E573B0095F061 /* left_blue.png */,
				F4ADD7B2115E573B0095F061 /* lightbulb.png */,
				F4ADD7B3115E573C0095F061 /* lightning_red.png */,
				F4ADD7B4115E573C0095F061 /* lightning_yellow.png */,
				F4ADD7B5115E573C0095F061 /* new.png */,
				F4ADD7B6115E573C0095F061 /* no.png */,
				F4ADD7B7115E573C0095F061 /* ok.png */,
				F4ADD7B8115E573C0095F061 /* problem.png */,
				F4ADD7B9115E573C0095F061 /* right_blue.png */,
				F4ADD7BA115E573C0095F061 /* square_blue.png */,
				F4ADD7BB115E573C0095F061 /* square_green.png */,
				F4ADD7BC115E573C0095F061 /* square_grey.png */,
				F4ADD7BD115E573C0095F061 /* square_orange.png */,
				F4ADD7BE115E573C0095F061 /* square_red_glow.png */,
				F4ADD7BF115E573C0095F061 /* square_red.png */,
				F4ADD7C0115E573C0095F061 /* square_yellow.png */,
				F4ADD7C1115E573C0095F061 /* triangle_blue.png */,
				F4ADD7C2115E573C0095F061 /* triangle_green.png */,
				F4ADD7C3115E573C0095F061 /* triangle_grey.png */,
				F4ADD7C4115E573C0095F061 /* triangle_orange.png */,
				F4ADD7C5115E573C0095F061 /* triangle_red.png */,
				F4ADD7C6115E573C0095F061 /* triangle_yellow.png */,
				F4ADD7C7115E573C0095F061 /* up_blue.png */,
				F4ADD7C8115E573C0095F061 /* up_green.png */,
				F4ADD7C9115E573C0095F061 /* warning.png */,
				F4ADD7CA115E573C0095F061 /* yes.png */,
			);
			path = "Item icons";
			sourceTree = "<group>";
		};
		F4BFE6C021AEC32500D3E6A3 /* Images */ = {
			isa = PBXGroup;
			children = (
				F4D6882C2800467C00AC46E7 /* files_via_finder.png */,
				F4BFE6D421B0AB9800D3E6A3 /* next.png */,
				F4BFE6C121AEC32500D3E6A3 /* file_via_mail.png */,
				F4BFE6C321AEC32500D3E6A3 /* add_file_button.png */,
				F4BFE6C421AEC32500D3E6A3 /* file_via_files_app.png */,
				F4BFE6C521AEC32500D3E6A3 /* add_file_options.png */,
			);
			path = Images;
			sourceTree = "<group>";
		};
/* End PBXGroup section */

/* Begin PBXNativeTarget section */
		F402A9E221CBE61D0097D875 /* CSV Lite */ = {
			isa = PBXNativeTarget;
			buildConfigurationList = F402AA4921CBE61D0097D875 /* Build configuration list for PBXNativeTarget "CSV Lite" */;
			buildPhases = (
				F402A9E321CBE61D0097D875 /* Resources */,
				F402AA2521CBE61D0097D875 /* Sources */,
				F402AA4321CBE61D0097D875 /* Frameworks */,
			);
			buildRules = (
			);
			dependencies = (
			);
			name = "CSV Lite";
			productName = "CSV Touch";
			productReference = F402AA4D21CBE61D0097D875 /* CSV Lite.app */;
			productType = "com.apple.product-type.application";
		};
		F47DC7E71111004C00E8DD8B /* CSV Touch */ = {
			isa = PBXNativeTarget;
			buildConfigurationList = F47DC8081111004C00E8DD8B /* Build configuration list for PBXNativeTarget "CSV Touch" */;
			buildPhases = (
				F47DC7E81111004C00E8DD8B /* Resources */,
				F47DC7F41111004C00E8DD8B /* Sources */,
				F47DC8041111004C00E8DD8B /* Frameworks */,
			);
			buildRules = (
			);
			dependencies = (
			);
			name = "CSV Touch";
			productName = "CSV Touch";
			productReference = F47DC80D1111004C00E8DD8B /* CSV Touch.app */;
			productType = "com.apple.product-type.application";
		};
/* End PBXNativeTarget section */

/* Begin PBXProject section */
		29B97313FDCFA39411CA2CEA /* Project object */ = {
			isa = PBXProject;
			attributes = {
				LastUpgradeCheck = 1320;
				ORGANIZATIONNAME = Ozymandias;
				TargetAttributes = {
					F402A9E221CBE61D0097D875 = {
						DevelopmentTeam = 6Q962CA6TS;
						ProvisioningStyle = Automatic;
						SystemCapabilities = {
							com.apple.iCloud = {
								enabled = 1;
							};
						};
					};
					F47DC7E71111004C00E8DD8B = {
						DevelopmentTeam = 6Q962CA6TS;
						ProvisioningStyle = Automatic;
						SystemCapabilities = {
							com.apple.iCloud = {
								enabled = 1;
							};
						};
					};
				};
			};
			buildConfigurationList = C01FCF4E08A954540054247B /* Build configuration list for PBXProject "CSV Touch" */;
			compatibilityVersion = "Xcode 8.0";
			developmentRegion = en;
			hasScannedForEncodings = 1;
			knownRegions = (
				en,
				ja,
				fr,
				de,
				Base,
			);
			mainGroup = 29B97314FDCFA39411CA2CEA /* CustomTemplate */;
			projectDirPath = "";
			projectRoot = "";
			targets = (
				F47DC7E71111004C00E8DD8B /* CSV Touch */,
				F402A9E221CBE61D0097D875 /* CSV Lite */,
			);
		};
/* End PBXProject section */

/* Begin PBXResourcesBuildPhase section */
		F402A9E321CBE61D0097D875 /* Resources */ = {
			isa = PBXResourcesBuildPhase;
			buildActionMask = 2147483647;
			files = (
				F402A9E421CBE61D0097D875 /* AutoSizingTableViewCell.xib in Resources */,
				F402A9E521CBE61D0097D875 /* Images.xcassets in Resources */,
				F402A9E621CBE61D0097D875 /* add_file_options.png in Resources */,
				F402A9E721CBE61D0097D875 /* Main.storyboard in Resources */,
				F4FF52E12340E91E000DACF1 /* singlecolumn_dark.css in Resources */,
				F402A9E821CBE61D0097D875 /* Settings.bundle in Resources */,
				F402A9E921CBE61D0097D875 /* LaunchScreen.storyboard in Resources */,
				F402A9EB21CBE61D0097D875 /* next.png in Resources */,
				F4D6882E2800467C00AC46E7 /* files_via_finder.png in Resources */,
				F402A9EC21CBE61D0097D875 /* MainWindow.xib in Resources */,
				F402A9ED21CBE61D0097D875 /* alert.png in Resources */,
				F402A9EE21CBE61D0097D875 /* ball_blue.png in Resources */,
				F402A9EF21CBE61D0097D875 /* add_file_button.png in Resources */,
				F402A9F121CBE61D0097D875 /* ball_green.png in Resources */,
				F402A9F221CBE61D0097D875 /* ball_grey.png in Resources */,
				F402A9F321CBE61D0097D875 /* ball_lime.png in Resources */,
				F402A9F421CBE61D0097D875 /* ball_orange.png in Resources */,
				F402A9F521CBE61D0097D875 /* ball_purple.png in Resources */,
				F402A9F621CBE61D0097D875 /* ball_red_glow.png in Resources */,
				F402A9F721CBE61D0097D875 /* doublecolumn.css in Resources */,
				F402A9F821CBE61D0097D875 /* HowToController.xib in Resources */,
				F402A9F921CBE61D0097D875 /* ball_red.png in Resources */,
				F402A9FA21CBE61D0097D875 /* file_via_mail.png in Resources */,
				F402A9FB21CBE61D0097D875 /* ball_yellow.png in Resources */,
				F48CAEFB220A56E200975205 /* singlecolumn.css in Resources */,
				F402A9FC21CBE61D0097D875 /* bug_red.png in Resources */,
				F402A9FD21CBE61D0097D875 /* danger.png in Resources */,
				F402A9FE21CBE61D0097D875 /* delete.png in Resources */,
				F402A9FF21CBE61D0097D875 /* dollar.png in Resources */,
				F402AA0021CBE61D0097D875 /* down_blue.png in Resources */,
				F402AA0121CBE61D0097D875 /* down_red.png in Resources */,
				F402AA0221CBE61D0097D875 /* DSI.png in Resources */,
				F4FF52E32340E91E000DACF1 /* doublecolumn_dark.css in Resources */,
				F402AA0321CBE61D0097D875 /* error.png in Resources */,
				F402AA0421CBE61D0097D875 /* information.png in Resources */,
				F402AA0521CBE61D0097D875 /* left_blue.png in Resources */,
				F402AA0621CBE61D0097D875 /* lightbulb.png in Resources */,
				F402AA0721CBE61D0097D875 /* lightning_red.png in Resources */,
				F402AA0821CBE61D0097D875 /* lightning_yellow.png in Resources */,
				F402AA0921CBE61D0097D875 /* new.png in Resources */,
				F402AA0A21CBE61D0097D875 /* no.png in Resources */,
				F402AA0B21CBE61D0097D875 /* ok.png in Resources */,
				F402AA0C21CBE61D0097D875 /* problem.png in Resources */,
				F402AA0D21CBE61D0097D875 /* right_blue.png in Resources */,
				F402AA0E21CBE61D0097D875 /* square_blue.png in Resources */,
				F402AA0F21CBE61D0097D875 /* square_green.png in Resources */,
				F402AA1021CBE61D0097D875 /* file_via_files_app.png in Resources */,
				F402AA1121CBE61D0097D875 /* square_grey.png in Resources */,
				F402AA1221CBE61D0097D875 /* square_orange.png in Resources */,
				F402AA1421CBE61D0097D875 /* square_red_glow.png in Resources */,
				F402AA1521CBE61D0097D875 /* square_red.png in Resources */,
				F402AA1621CBE61D0097D875 /* square_yellow.png in Resources */,
				F402AA1721CBE61D0097D875 /* triangle_blue.png in Resources */,
				F402AA1821CBE61D0097D875 /* triangle_green.png in Resources */,
				F402AA1921CBE61D0097D875 /* triangle_grey.png in Resources */,
				F402AA1A21CBE61D0097D875 /* triangle_orange.png in Resources */,
				F402AA1B21CBE61D0097D875 /* triangle_red.png in Resources */,
				F402AA1C21CBE61D0097D875 /* triangle_yellow.png in Resources */,
				F402AA1D21CBE61D0097D875 /* up_blue.png in Resources */,
				F402AA1E21CBE61D0097D875 /* up_green.png in Resources */,
				F402AA1F21CBE61D0097D875 /* warning.png in Resources */,
				F402AA2021CBE61D0097D875 /* yes.png in Resources */,
				F402AA2121CBE61D0097D875 /* empty.png in Resources */,
				F402AA2221CBE61D0097D875 /* dvd.png in Resources */,
				F402AA2321CBE61D0097D875 /* hd.png in Resources */,
				F402AA2421CBE61D0097D875 /* qt.png in Resources */,
			);
			runOnlyForDeploymentPostprocessing = 0;
		};
		F47DC7E81111004C00E8DD8B /* Resources */ = {
			isa = PBXResourcesBuildPhase;
			buildActionMask = 2147483647;
			files = (
				F4E8FAF72001409F00E55844 /* AutoSizingTableViewCell.xib in Resources */,
				F4EC004F17F87E8600A52838 /* Images.xcassets in Resources */,
				F4BFE6CA21AEC32500D3E6A3 /* add_file_options.png in Resources */,
				F434D1411FF1518800CD622D /* Main.storyboard in Resources */,
				F4FF52E02340E91E000DACF1 /* singlecolumn_dark.css in Resources */,
				F47DC7ED1111004C00E8DD8B /* Settings.bundle in Resources */,
				F434D1441FF2A96200CD622D /* LaunchScreen.storyboard in Resources */,
				F4BFE6D521B0AB9800D3E6A3 /* next.png in Resources */,
				F4D6882D2800467C00AC46E7 /* files_via_finder.png in Resources */,
				F412B2D2115567D0000C7596 /* MainWindow.xib in Resources */,
				F4ADD7CB115E573C0095F061 /* alert.png in Resources */,
				F4ADD7CC115E573C0095F061 /* ball_blue.png in Resources */,
				F4BFE6C821AEC32500D3E6A3 /* add_file_button.png in Resources */,
				F4ADD7CD115E573C0095F061 /* ball_green.png in Resources */,
				F4ADD7CE115E573C0095F061 /* ball_grey.png in Resources */,
				F4ADD7CF115E573C0095F061 /* ball_lime.png in Resources */,
				F4ADD7D0115E573C0095F061 /* ball_orange.png in Resources */,
				F4ADD7D1115E573C0095F061 /* ball_purple.png in Resources */,
				F4ADD7D2115E573C0095F061 /* ball_red_glow.png in Resources */,
				F402A97421CAA4E20097D875 /* doublecolumn.css in Resources */,
				F4C2E44718CE0CE9004E49E5 /* HowToController.xib in Resources */,
				F4ADD7D3115E573C0095F061 /* ball_red.png in Resources */,
				F4BFE6C621AEC32500D3E6A3 /* file_via_mail.png in Resources */,
				F4ADD7D4115E573C0095F061 /* ball_yellow.png in Resources */,
				F48CAEFA220A56E200975205 /* singlecolumn.css in Resources */,
				F4ADD7D5115E573C0095F061 /* bug_red.png in Resources */,
				F4ADD7D6115E573C0095F061 /* danger.png in Resources */,
				F4ADD7D7115E573C0095F061 /* delete.png in Resources */,
				F4ADD7D8115E573C0095F061 /* dollar.png in Resources */,
				F4ADD7D9115E573C0095F061 /* down_blue.png in Resources */,
				F4ADD7DA115E573C0095F061 /* down_red.png in Resources */,
				F4ADD7DB115E573C0095F061 /* DSI.png in Resources */,
				F4FF52E22340E91E000DACF1 /* doublecolumn_dark.css in Resources */,
				F4ADD7DC115E573C0095F061 /* error.png in Resources */,
				F4ADD7DD115E573C0095F061 /* information.png in Resources */,
				F4ADD7DE115E573C0095F061 /* left_blue.png in Resources */,
				F4ADD7DF115E573C0095F061 /* lightbulb.png in Resources */,
				F4ADD7E0115E573C0095F061 /* lightning_red.png in Resources */,
				F4ADD7E1115E573C0095F061 /* lightning_yellow.png in Resources */,
				F4ADD7E2115E573C0095F061 /* new.png in Resources */,
				F4ADD7E3115E573C0095F061 /* no.png in Resources */,
				F4ADD7E4115E573C0095F061 /* ok.png in Resources */,
				F4ADD7E5115E573C0095F061 /* problem.png in Resources */,
				F4ADD7E6115E573C0095F061 /* right_blue.png in Resources */,
				F4ADD7E7115E573C0095F061 /* square_blue.png in Resources */,
				F4ADD7E8115E573C0095F061 /* square_green.png in Resources */,
				F4BFE6C921AEC32500D3E6A3 /* file_via_files_app.png in Resources */,
				F4ADD7E9115E573C0095F061 /* square_grey.png in Resources */,
				F4ADD7EA115E573C0095F061 /* square_orange.png in Resources */,
				F4ADD7EB115E573C0095F061 /* square_red_glow.png in Resources */,
				F4ADD7EC115E573C0095F061 /* square_red.png in Resources */,
				F4ADD7ED115E573C0095F061 /* square_yellow.png in Resources */,
				F4ADD7EE115E573C0095F061 /* triangle_blue.png in Resources */,
				F4ADD7EF115E573C0095F061 /* triangle_green.png in Resources */,
				F4ADD7F0115E573C0095F061 /* triangle_grey.png in Resources */,
				F4ADD7F1115E573C0095F061 /* triangle_orange.png in Resources */,
				F4ADD7F2115E573C0095F061 /* triangle_red.png in Resources */,
				F4ADD7F3115E573C0095F061 /* triangle_yellow.png in Resources */,
				F4ADD7F4115E573C0095F061 /* up_blue.png in Resources */,
				F4ADD7F5115E573C0095F061 /* up_green.png in Resources */,
				F4ADD7F6115E573C0095F061 /* warning.png in Resources */,
				F4ADD7F7115E573C0095F061 /* yes.png in Resources */,
				F4ADD90E115E692D0095F061 /* empty.png in Resources */,
				F48584F811EE4F34001CFC28 /* dvd.png in Resources */,
				F48584F911EE4F34001CFC28 /* hd.png in Resources */,
				F48584FA11EE4F34001CFC28 /* qt.png in Resources */,
			);
			runOnlyForDeploymentPostprocessing = 0;
		};
/* End PBXResourcesBuildPhase section */

/* Begin PBXSourcesBuildPhase section */
		F402AA2521CBE61D0097D875 /* Sources */ = {
			isa = PBXSourcesBuildPhase;
			buildActionMask = 2147483647;
			files = (
				F402AA2621CBE61D0097D875 /* main.m in Sources */,
				F402AA2721CBE61D0097D875 /* HowToController.m in Sources */,
				F402AA2821CBE61D0097D875 /* CSV_TouchAppDelegate.m in Sources */,
				F402AA2921CBE61D0097D875 /* DetailsPagesController.m in Sources */,
				F402AA2A21CBE61D0097D875 /* csv.c in Sources */,
				F402AA2B21CBE61D0097D875 /* msgno.c in Sources */,
				F402AA2C21CBE61D0097D875 /* CSVDataViewController.m in Sources */,
				F402AA2D21CBE61D0097D875 /* FilesParsingPreferencesViewController.m in Sources */,
				F48CAF00220A659B00975205 /* CSSProvider.m in Sources */,
				F402AA2E21CBE61D0097D875 /* FileDownloader.m in Sources */,
				F402AA2F21CBE61D0097D875 /* CSVRow.m in Sources */,
				F402AA3021CBE61D0097D875 /* AppPrefsViewController.m in Sources */,
				F402AA3121CBE61D0097D875 /* CSVFileParser.m in Sources */,
				F402AA3221CBE61D0097D875 /* EditFileColumnsController.m in Sources */,
				F402AA3321CBE61D0097D875 /* AddFilesSelectionController.m in Sources */,
				F402AA3421CBE61D0097D875 /* ParseErrorViewController.m in Sources */,
				F402AA3521CBE61D0097D875 /* CSVPreferencesController.m in Sources */,
				F402AA3621CBE61D0097D875 /* DetailsViewController.m in Sources */,
				F402AA3721CBE61D0097D875 /* HelpPagesViewController.m in Sources */,
				F402AA3821CBE61D0097D875 /* HelpPagesDelegate.m in Sources */,
				F402AA3921CBE61D0097D875 /* FileDataViewController.m in Sources */,
				F402AA3A21CBE61D0097D875 /* ItemsAppearancePreferencesController.m in Sources */,
				F402AA3B21CBE61D0097D875 /* AutoSizingTableViewCell.m in Sources */,
				F402AA3C21CBE61D0097D875 /* FadeAnimator.m in Sources */,
				F402AA3D21CBE61D0097D875 /* OzymandiasAdditions.m in Sources */,
				F402AA3E21CBE61D0097D875 /* parseCSV.m in Sources */,
				F402AA3F21CBE61D0097D875 /* FilesViewController.m in Sources */,
				F402AA4021CBE61D0097D875 /* ItemsViewController.m in Sources */,
				F402AA4121CBE61D0097D875 /* ItemPreferenceController.m in Sources */,
				F402AA4221CBE61D0097D875 /* ItemsSortAndSearchPreferencesController.m in Sources */,
			);
			runOnlyForDeploymentPostprocessing = 0;
		};
		F47DC7F41111004C00E8DD8B /* Sources */ = {
			isa = PBXSourcesBuildPhase;
			buildActionMask = 2147483647;
			files = (
				F47DC7F51111004C00E8DD8B /* main.m in Sources */,
				F4C2E44518CE0CE9004E49E5 /* HowToController.m in Sources */,
				F47DC7F61111004C00E8DD8B /* CSV_TouchAppDelegate.m in Sources */,
				F44AD0D81FFD0CC800BC21D6 /* DetailsPagesController.m in Sources */,
				F47DC7F81111004C00E8DD8B /* csv.c in Sources */,
				F47DC7F91111004C00E8DD8B /* msgno.c in Sources */,
				F47DC7FA1111004C00E8DD8B /* CSVDataViewController.m in Sources */,
				F4DF84E32044BBF500AE653A /* FilesParsingPreferencesViewController.m in Sources */,
				F48CAEFF220A659B00975205 /* CSSProvider.m in Sources */,
				F434D15A1FF6E17E00CD622D /* FileDownloader.m in Sources */,
				F47DC7FB1111004C00E8DD8B /* CSVRow.m in Sources */,
				F4DF84E72044CB1F00AE653A /* AppPrefsViewController.m in Sources */,
				F47DC7FC1111004C00E8DD8B /* CSVFileParser.m in Sources */,
				F40D21321FE6A66F00146BB4 /* EditFileColumnsController.m in Sources */,
				F44AD0E21FFE671300BC21D6 /* AddFilesSelectionController.m in Sources */,
				F46CA0D41FE59A4900FE645C /* ParseErrorViewController.m in Sources */,
				F47DC8001111004C00E8DD8B /* CSVPreferencesController.m in Sources */,
				F434D14D1FF6A9B900CD622D /* DetailsViewController.m in Sources */,
				F4BFE6D321B0A2EF00D3E6A3 /* HelpPagesViewController.m in Sources */,
				F4BFE6D221B0A2EF00D3E6A3 /* HelpPagesDelegate.m in Sources */,
				F46CA0D81FE5AEAA00FE645C /* FileDataViewController.m in Sources */,
				F4DF84DB20432B8000AE653A /* ItemsAppearancePreferencesController.m in Sources */,
				F4E8FAF52001409F00E55844 /* AutoSizingTableViewCell.m in Sources */,
				F434D1481FF40D0000CD622D /* FadeAnimator.m in Sources */,
				F47DC8011111004C00E8DD8B /* OzymandiasAdditions.m in Sources */,
				F47DC8021111004C00E8DD8B /* parseCSV.m in Sources */,
				F46CA0CC1FE56DEC00FE645C /* FilesViewController.m in Sources */,
				F46CA0D01FE5960700FE645C /* ItemsViewController.m in Sources */,
				F4DC40E3200BB0A800EA43A8 /* ItemPreferenceController.m in Sources */,
				F4DF84DF20433A6D00AE653A /* ItemsSortAndSearchPreferencesController.m in Sources */,
			);
			runOnlyForDeploymentPostprocessing = 0;
		};
/* End PBXSourcesBuildPhase section */

/* Begin XCBuildConfiguration section */
		C01FCF4F08A954540054247B /* Debug */ = {
			isa = XCBuildConfiguration;
			buildSettings = {
				CLANG_ANALYZER_LOCALIZABILITY_NONLOCALIZED = YES;
				CLANG_WARN_BLOCK_CAPTURE_AUTORELEASING = YES;
				CLANG_WARN_BOOL_CONVERSION = YES;
				CLANG_WARN_COMMA = YES;
				CLANG_WARN_CONSTANT_CONVERSION = YES;
				CLANG_WARN_DEPRECATED_OBJC_IMPLEMENTATIONS = YES;
				CLANG_WARN_EMPTY_BODY = YES;
				CLANG_WARN_ENUM_CONVERSION = YES;
				CLANG_WARN_INFINITE_RECURSION = YES;
				CLANG_WARN_INT_CONVERSION = YES;
				CLANG_WARN_NON_LITERAL_NULL_CONVERSION = YES;
				CLANG_WARN_OBJC_IMPLICIT_RETAIN_SELF = YES;
				CLANG_WARN_OBJC_LITERAL_CONVERSION = YES;
				CLANG_WARN_QUOTED_INCLUDE_IN_FRAMEWORK_HEADER = YES;
				CLANG_WARN_RANGE_LOOP_ANALYSIS = YES;
				CLANG_WARN_STRICT_PROTOTYPES = YES;
				CLANG_WARN_SUSPICIOUS_MOVE = YES;
				CLANG_WARN_UNREACHABLE_CODE = YES;
				CLANG_WARN__DUPLICATE_METHOD_MATCH = YES;
				CODE_SIGN_IDENTITY = "iPhone Developer";
				"CODE_SIGN_IDENTITY[sdk=iphoneos*]" = "iPhone Developer";
				ENABLE_STRICT_OBJC_MSGSEND = YES;
				ENABLE_TESTABILITY = YES;
				GCC_C_LANGUAGE_STANDARD = c99;
				GCC_NO_COMMON_BLOCKS = YES;
				GCC_WARN_64_TO_32_BIT_CONVERSION = YES;
				GCC_WARN_ABOUT_RETURN_TYPE = YES;
				GCC_WARN_UNDECLARED_SELECTOR = YES;
				GCC_WARN_UNINITIALIZED_AUTOS = YES;
				GCC_WARN_UNUSED_FUNCTION = YES;
				GCC_WARN_UNUSED_VARIABLE = YES;
				HEADER_SEARCH_PATHS = "\"$SRCROOT\"/**";
				IPHONEOS_DEPLOYMENT_TARGET = 12.0;
				ONLY_ACTIVE_ARCH = YES;
				SDKROOT = iphoneos;
				TARGETED_DEVICE_FAMILY = "1,2";
			};
			name = Debug;
		};
		F402AA4A21CBE61D0097D875 /* Debug */ = {
			isa = XCBuildConfiguration;
			buildSettings = {
				ALWAYS_SEARCH_USER_PATHS = NO;
				ASSETCATALOG_COMPILER_APPICON_NAME = "AppIcon-lite";
				CLANG_ENABLE_OBJC_ARC = YES;
				CLANG_WARN_ASSIGN_ENUM = YES;
				CODE_SIGN_ENTITLEMENTS = Entitlements.plist;
				CODE_SIGN_IDENTITY = "iPhone Developer";
				"CODE_SIGN_IDENTITY[sdk=iphoneos*]" = "iPhone Developer";
				CODE_SIGN_STYLE = Automatic;
				COPY_PHASE_STRIP = NO;
				CURRENT_PROJECT_VERSION = 430;
				DEVELOPMENT_TEAM = 6Q962CA6TS;
				GCC_DYNAMIC_NO_PIC = NO;
				GCC_OPTIMIZATION_LEVEL = 0;
				GCC_PRECOMPILE_PREFIX_HEADER = YES;
				GCC_PREFIX_HEADER = CSV_Touch_Prefix.pch;
				GCC_THUMB_SUPPORT = NO;
				GCC_WARN_FOUR_CHARACTER_CONSTANTS = YES;
				GCC_WARN_SHADOW = YES;
				GCC_WARN_UNINITIALIZED_AUTOS = YES;
				INFOPLIST_FILE = csvlite.plist;
				IPHONEOS_DEPLOYMENT_TARGET = 12.0;
				MARKETING_VERSION = 450;
				ONLY_ACTIVE_ARCH = YES;
				OTHER_CFLAGS = "-DCSV_LITE";
				PRODUCT_BUNDLE_IDENTIFIER = se.ozymandias.csvlite;
				PRODUCT_NAME = "$(TARGET_NAME)";
				PROVISIONING_PROFILE = "";
				"PROVISIONING_PROFILE[sdk=iphoneos*]" = "";
				PROVISIONING_PROFILE_SPECIFIER = "";
				SDKROOT = iphoneos;
				TARGETED_DEVICE_FAMILY = "1,2";
			};
			name = Debug;
		};
		F402AA4B21CBE61D0097D875 /* Privatdistribution */ = {
			isa = XCBuildConfiguration;
			buildSettings = {
				ALWAYS_SEARCH_USER_PATHS = NO;
				ASSETCATALOG_COMPILER_APPICON_NAME = "AppIcon-lite";
				CLANG_ENABLE_OBJC_ARC = YES;
				CLANG_WARN_ASSIGN_ENUM = YES;
				CODE_SIGN_ENTITLEMENTS = Entitlements.plist;
				CODE_SIGN_IDENTITY = "iPhone Developer";
				"CODE_SIGN_IDENTITY[sdk=iphoneos*]" = "iPhone Developer";
				CODE_SIGN_STYLE = Automatic;
				COPY_PHASE_STRIP = YES;
				CURRENT_PROJECT_VERSION = 430;
				DEVELOPMENT_TEAM = 6Q962CA6TS;
				GCC_PRECOMPILE_PREFIX_HEADER = YES;
				GCC_PREFIX_HEADER = CSV_Touch_Prefix.pch;
				GCC_THUMB_SUPPORT = NO;
				GCC_WARN_FOUR_CHARACTER_CONSTANTS = YES;
				GCC_WARN_SHADOW = YES;
				GCC_WARN_UNINITIALIZED_AUTOS = YES;
				INFOPLIST_FILE = csvlite.plist;
				IPHONEOS_DEPLOYMENT_TARGET = 12.0;
				MARKETING_VERSION = 450;
				ONLY_ACTIVE_ARCH = NO;
				OTHER_CFLAGS = "-DCSV_LITE";
				PRODUCT_BUNDLE_IDENTIFIER = se.ozymandias.csvlite;
				PRODUCT_NAME = "$(TARGET_NAME)";
				PROVISIONING_PROFILE = "";
				"PROVISIONING_PROFILE[sdk=iphoneos*]" = "";
				PROVISIONING_PROFILE_SPECIFIER = "";
				SDKROOT = iphoneos;
				TARGETED_DEVICE_FAMILY = "1,2";
				VALIDATE_PRODUCT = YES;
				VALID_ARCHS = "armv6 armv7";
			};
			name = Privatdistribution;
		};
		F402AA4C21CBE61D0097D875 /* AppStore */ = {
			isa = XCBuildConfiguration;
			buildSettings = {
				ALWAYS_SEARCH_USER_PATHS = NO;
				ASSETCATALOG_COMPILER_APPICON_NAME = "AppIcon-lite";
				CLANG_ENABLE_OBJC_ARC = YES;
				CLANG_WARN_ASSIGN_ENUM = YES;
				CODE_SIGN_ENTITLEMENTS = Entitlements.plist;
				CODE_SIGN_IDENTITY = "iPhone Developer";
				"CODE_SIGN_IDENTITY[sdk=iphoneos*]" = "iPhone Developer";
				CODE_SIGN_STYLE = Automatic;
				COPY_PHASE_STRIP = YES;
				CURRENT_PROJECT_VERSION = 430;
				DEVELOPMENT_TEAM = 6Q962CA6TS;
				GCC_PRECOMPILE_PREFIX_HEADER = YES;
				GCC_PREFIX_HEADER = CSV_Touch_Prefix.pch;
				GCC_THUMB_SUPPORT = NO;
				GCC_WARN_FOUR_CHARACTER_CONSTANTS = YES;
				GCC_WARN_SHADOW = YES;
				GCC_WARN_UNINITIALIZED_AUTOS = YES;
				INFOPLIST_FILE = csvlite.plist;
				IPHONEOS_DEPLOYMENT_TARGET = 12.0;
				MARKETING_VERSION = 450;
				OTHER_CFLAGS = "-DCSV_LITE";
				PRODUCT_BUNDLE_IDENTIFIER = se.ozymandias.csvlite;
				PRODUCT_NAME = "$(TARGET_NAME)";
				PROVISIONING_PROFILE = "";
				PROVISIONING_PROFILE_SPECIFIER = "";
				SDKROOT = iphoneos;
				TARGETED_DEVICE_FAMILY = "1,2";
				VALIDATE_PRODUCT = YES;
			};
			name = AppStore;
		};
		F40C24330E3259B500C3B20E /* AppStore */ = {
			isa = XCBuildConfiguration;
			buildSettings = {
				CLANG_ANALYZER_LOCALIZABILITY_NONLOCALIZED = YES;
				CLANG_WARN_BLOCK_CAPTURE_AUTORELEASING = YES;
				CLANG_WARN_BOOL_CONVERSION = YES;
				CLANG_WARN_COMMA = YES;
				CLANG_WARN_CONSTANT_CONVERSION = YES;
				CLANG_WARN_DEPRECATED_OBJC_IMPLEMENTATIONS = YES;
				CLANG_WARN_EMPTY_BODY = YES;
				CLANG_WARN_ENUM_CONVERSION = YES;
				CLANG_WARN_INFINITE_RECURSION = YES;
				CLANG_WARN_INT_CONVERSION = YES;
				CLANG_WARN_NON_LITERAL_NULL_CONVERSION = YES;
				CLANG_WARN_OBJC_IMPLICIT_RETAIN_SELF = YES;
				CLANG_WARN_OBJC_LITERAL_CONVERSION = YES;
				CLANG_WARN_QUOTED_INCLUDE_IN_FRAMEWORK_HEADER = YES;
				CLANG_WARN_RANGE_LOOP_ANALYSIS = YES;
				CLANG_WARN_STRICT_PROTOTYPES = YES;
				CLANG_WARN_SUSPICIOUS_MOVE = YES;
				CLANG_WARN_UNREACHABLE_CODE = YES;
				CLANG_WARN__DUPLICATE_METHOD_MATCH = YES;
				CODE_SIGN_IDENTITY = "iPhone Developer";
				"CODE_SIGN_IDENTITY[sdk=iphoneos*]" = "iPhone Developer";
				ENABLE_STRICT_OBJC_MSGSEND = YES;
				GCC_C_LANGUAGE_STANDARD = c99;
				GCC_NO_COMMON_BLOCKS = YES;
				GCC_WARN_64_TO_32_BIT_CONVERSION = YES;
				GCC_WARN_ABOUT_RETURN_TYPE = YES;
				GCC_WARN_UNDECLARED_SELECTOR = YES;
				GCC_WARN_UNINITIALIZED_AUTOS = YES;
				GCC_WARN_UNUSED_FUNCTION = YES;
				GCC_WARN_UNUSED_VARIABLE = YES;
				HEADER_SEARCH_PATHS = "\"$SRCROOT\"/**";
				IPHONEOS_DEPLOYMENT_TARGET = 12.0;
				PROVISIONING_PROFILE = "";
				"PROVISIONING_PROFILE[sdk=iphoneos*]" = "";
				SDKROOT = iphoneos;
				TARGETED_DEVICE_FAMILY = "1,2";
			};
			name = AppStore;
		};
		F47DC8091111004C00E8DD8B /* Debug */ = {
			isa = XCBuildConfiguration;
			buildSettings = {
				ALWAYS_SEARCH_USER_PATHS = NO;
				ASSETCATALOG_COMPILER_APPICON_NAME = AppIcon;
				CLANG_ENABLE_OBJC_ARC = YES;
				CLANG_WARN_ASSIGN_ENUM = YES;
				CODE_SIGN_ENTITLEMENTS = Entitlements.plist;
				CODE_SIGN_IDENTITY = "iPhone Developer";
				"CODE_SIGN_IDENTITY[sdk=iphoneos*]" = "iPhone Developer";
				COPY_PHASE_STRIP = NO;
				CURRENT_PROJECT_VERSION = 430;
				DEVELOPMENT_TEAM = 6Q962CA6TS;
				GCC_DYNAMIC_NO_PIC = NO;
				GCC_OPTIMIZATION_LEVEL = 0;
				GCC_PRECOMPILE_PREFIX_HEADER = YES;
				GCC_PREFIX_HEADER = CSV_Touch_Prefix.pch;
				GCC_THUMB_SUPPORT = NO;
				GCC_WARN_FOUR_CHARACTER_CONSTANTS = YES;
				GCC_WARN_SHADOW = YES;
				GCC_WARN_UNINITIALIZED_AUTOS = YES;
				INFOPLIST_FILE = csvtouch.plist;
				IPHONEOS_DEPLOYMENT_TARGET = 12.0;
				MARKETING_VERSION = 450;
				ONLY_ACTIVE_ARCH = YES;
				PRODUCT_BUNDLE_IDENTIFIER = se.ozymandias.csvtouch;
				PRODUCT_NAME = "CSV Touch";
				PROVISIONING_PROFILE = "";
				"PROVISIONING_PROFILE[sdk=iphoneos*]" = "";
				PROVISIONING_PROFILE_SPECIFIER = "";
				SDKROOT = iphoneos;
				TARGETED_DEVICE_FAMILY = "1,2";
			};
			name = Debug;
		};
		F47DC80A1111004C00E8DD8B /* AppStore */ = {
			isa = XCBuildConfiguration;
			buildSettings = {
				ALWAYS_SEARCH_USER_PATHS = NO;
				ASSETCATALOG_COMPILER_APPICON_NAME = AppIcon;
				CLANG_ENABLE_OBJC_ARC = YES;
				CLANG_WARN_ASSIGN_ENUM = YES;
				CODE_SIGN_ENTITLEMENTS = Entitlements.plist;
				CODE_SIGN_IDENTITY = "iPhone Developer";
				"CODE_SIGN_IDENTITY[sdk=iphoneos*]" = "iPhone Developer";
				COPY_PHASE_STRIP = YES;
				CURRENT_PROJECT_VERSION = 430;
				DEVELOPMENT_TEAM = 6Q962CA6TS;
				GCC_PRECOMPILE_PREFIX_HEADER = YES;
				GCC_PREFIX_HEADER = CSV_Touch_Prefix.pch;
				GCC_THUMB_SUPPORT = NO;
				GCC_WARN_FOUR_CHARACTER_CONSTANTS = YES;
				GCC_WARN_SHADOW = YES;
				GCC_WARN_UNINITIALIZED_AUTOS = YES;
				INFOPLIST_FILE = csvtouch.plist;
				IPHONEOS_DEPLOYMENT_TARGET = 12.0;
				MARKETING_VERSION = 450;
				PRODUCT_BUNDLE_IDENTIFIER = se.ozymandias.csvtouch;
				PRODUCT_NAME = "CSV Touch";
				PROVISIONING_PROFILE = "";
				PROVISIONING_PROFILE_SPECIFIER = "";
				SDKROOT = iphoneos;
				TARGETED_DEVICE_FAMILY = "1,2";
				VALIDATE_PRODUCT = YES;
			};
			name = AppStore;
		};
		F47DC80C1111004C00E8DD8B /* Privatdistribution */ = {
			isa = XCBuildConfiguration;
			buildSettings = {
				ALWAYS_SEARCH_USER_PATHS = NO;
				ASSETCATALOG_COMPILER_APPICON_NAME = AppIcon;
				CLANG_ENABLE_OBJC_ARC = YES;
				CLANG_WARN_ASSIGN_ENUM = YES;
				CODE_SIGN_ENTITLEMENTS = Entitlements.plist;
				CODE_SIGN_IDENTITY = "iPhone Developer";
				"CODE_SIGN_IDENTITY[sdk=iphoneos*]" = "iPhone Developer";
				COPY_PHASE_STRIP = YES;
				CURRENT_PROJECT_VERSION = 430;
				DEVELOPMENT_TEAM = 6Q962CA6TS;
				GCC_PRECOMPILE_PREFIX_HEADER = YES;
				GCC_PREFIX_HEADER = CSV_Touch_Prefix.pch;
				GCC_THUMB_SUPPORT = NO;
				GCC_WARN_FOUR_CHARACTER_CONSTANTS = YES;
				GCC_WARN_SHADOW = YES;
				GCC_WARN_UNINITIALIZED_AUTOS = YES;
				INFOPLIST_FILE = csvtouch.plist;
				IPHONEOS_DEPLOYMENT_TARGET = 12.0;
				MARKETING_VERSION = 450;
				ONLY_ACTIVE_ARCH = NO;
				PRODUCT_BUNDLE_IDENTIFIER = se.ozymandias.csvtouch;
				PRODUCT_NAME = "CSV Touch";
				PROVISIONING_PROFILE = "";
				"PROVISIONING_PROFILE[sdk=iphoneos*]" = "";
				PROVISIONING_PROFILE_SPECIFIER = "";
				SDKROOT = iphoneos;
				TARGETED_DEVICE_FAMILY = "1,2";
				VALIDATE_PRODUCT = YES;
				VALID_ARCHS = "armv6 armv7";
			};
			name = Privatdistribution;
		};
		F4BE8A980E44FF1100F2A27B /* Privatdistribution */ = {
			isa = XCBuildConfiguration;
			buildSettings = {
				CLANG_ANALYZER_LOCALIZABILITY_NONLOCALIZED = YES;
				CLANG_WARN_BLOCK_CAPTURE_AUTORELEASING = YES;
				CLANG_WARN_BOOL_CONVERSION = YES;
				CLANG_WARN_COMMA = YES;
				CLANG_WARN_CONSTANT_CONVERSION = YES;
				CLANG_WARN_DEPRECATED_OBJC_IMPLEMENTATIONS = YES;
				CLANG_WARN_EMPTY_BODY = YES;
				CLANG_WARN_ENUM_CONVERSION = YES;
				CLANG_WARN_INFINITE_RECURSION = YES;
				CLANG_WARN_INT_CONVERSION = YES;
				CLANG_WARN_NON_LITERAL_NULL_CONVERSION = YES;
				CLANG_WARN_OBJC_IMPLICIT_RETAIN_SELF = YES;
				CLANG_WARN_OBJC_LITERAL_CONVERSION = YES;
				CLANG_WARN_QUOTED_INCLUDE_IN_FRAMEWORK_HEADER = YES;
				CLANG_WARN_RANGE_LOOP_ANALYSIS = YES;
				CLANG_WARN_STRICT_PROTOTYPES = YES;
				CLANG_WARN_SUSPICIOUS_MOVE = YES;
				CLANG_WARN_UNREACHABLE_CODE = YES;
				CLANG_WARN__DUPLICATE_METHOD_MATCH = YES;
				CODE_SIGN_ENTITLEMENTS = dist.plist;
				CODE_SIGN_IDENTITY = "iPhone Developer";
				"CODE_SIGN_IDENTITY[sdk=iphoneos*]" = "iPhone Developer";
				ENABLE_STRICT_OBJC_MSGSEND = YES;
				GCC_C_LANGUAGE_STANDARD = c99;
				GCC_NO_COMMON_BLOCKS = YES;
				GCC_WARN_64_TO_32_BIT_CONVERSION = YES;
				GCC_WARN_ABOUT_RETURN_TYPE = YES;
				GCC_WARN_UNDECLARED_SELECTOR = YES;
				GCC_WARN_UNINITIALIZED_AUTOS = YES;
				GCC_WARN_UNUSED_FUNCTION = YES;
				GCC_WARN_UNUSED_VARIABLE = YES;
				HEADER_SEARCH_PATHS = "\"$SRCROOT\"/**";
				IPHONEOS_DEPLOYMENT_TARGET = 12.0;
				PROVISIONING_PROFILE = "41E4B329-E642-4CF8-AD32-BA40F5D62779";
				"PROVISIONING_PROFILE[sdk=iphoneos*]" = "41E4B329-E642-4CF8-AD32-BA40F5D62779";
				SDKROOT = iphoneos;
				TARGETED_DEVICE_FAMILY = "1,2";
			};
			name = Privatdistribution;
		};
/* End XCBuildConfiguration section */

/* Begin XCConfigurationList section */
		C01FCF4E08A954540054247B /* Build configuration list for PBXProject "CSV Touch" */ = {
			isa = XCConfigurationList;
			buildConfigurations = (
				C01FCF4F08A954540054247B /* Debug */,
				F4BE8A980E44FF1100F2A27B /* Privatdistribution */,
				F40C24330E3259B500C3B20E /* AppStore */,
			);
			defaultConfigurationIsVisible = 0;
			defaultConfigurationName = Debug;
		};
		F402AA4921CBE61D0097D875 /* Build configuration list for PBXNativeTarget "CSV Lite" */ = {
			isa = XCConfigurationList;
			buildConfigurations = (
				F402AA4A21CBE61D0097D875 /* Debug */,
				F402AA4B21CBE61D0097D875 /* Privatdistribution */,
				F402AA4C21CBE61D0097D875 /* AppStore */,
			);
			defaultConfigurationIsVisible = 0;
			defaultConfigurationName = Debug;
		};
		F47DC8081111004C00E8DD8B /* Build configuration list for PBXNativeTarget "CSV Touch" */ = {
			isa = XCConfigurationList;
			buildConfigurations = (
				F47DC8091111004C00E8DD8B /* Debug */,
				F47DC80C1111004C00E8DD8B /* Privatdistribution */,
				F47DC80A1111004C00E8DD8B /* AppStore */,
			);
			defaultConfigurationIsVisible = 0;
			defaultConfigurationName = Debug;
		};
/* End XCConfigurationList section */
	};
	rootObject = 29B97313FDCFA39411CA2CEA /* Project object */;
}
