// !$*UTF8*$!
{
	archiveVersion = 1;
	classes = {
	};
	objectVersion = 46;
	objects = {

/* Begin PBXBuildFile section */
		1D3623260D0F684500981E51 /* CSV_TouchAppDelegate.m in Sources */ = {isa = PBXBuildFile; fileRef = 1D3623250D0F684500981E51 /* CSV_TouchAppDelegate.m */; };
		1D3623EC0D0F72F000981E51 /* CoreGraphics.framework in Frameworks */ = {isa = PBXBuildFile; fileRef = 1D3623EB0D0F72F000981E51 /* CoreGraphics.framework */; };
		1D60589B0D05DD56006BFB54 /* main.m in Sources */ = {isa = PBXBuildFile; fileRef = 29B97316FDCFA39411CA2CEA /* main.m */; };
		1D60589F0D05DD5A006BFB54 /* Foundation.framework in Frameworks */ = {isa = PBXBuildFile; fileRef = 1D30AB110D05D00D00671497 /* Foundation.framework */; };
		1DF5F4E00D08C38300B7A737 /* UIKit.framework in Frameworks */ = {isa = PBXBuildFile; fileRef = 1DF5F4DF0D08C38300B7A737 /* UIKit.framework */; };
		28AD73600D9D9599002E5188 /* MainWindow.xib in Resources */ = {isa = PBXBuildFile; fileRef = 28AD735F0D9D9599002E5188 /* MainWindow.xib */; };
		28C286E10D94DF7D0034E888 /* OzyTableViewController.m in Sources */ = {isa = PBXBuildFile; fileRef = 28C286E00D94DF7D0034E888 /* OzyTableViewController.m */; };
		F41233A40DE4AD64005E355F /* csv.c in Sources */ = {isa = PBXBuildFile; fileRef = F412339F0DE4AD64005E355F /* csv.c */; };
		F41233A50DE4AD64005E355F /* msgno.c in Sources */ = {isa = PBXBuildFile; fileRef = F41233A10DE4AD64005E355F /* msgno.c */; };
		F4174D150E40A4A200351EE4 /* icon.png in Resources */ = {isa = PBXBuildFile; fileRef = F4174D140E40A4A200351EE4 /* icon.png */; };
		F41BB6100EE9D86F00BEFDED /* TextAlertView.m in Sources */ = {isa = PBXBuildFile; fileRef = F41BB60F0EE9D86F00BEFDED /* TextAlertView.m */; };
		F41BB6110EE9D86F00BEFDED /* TextAlertView.m in Sources */ = {isa = PBXBuildFile; fileRef = F41BB60F0EE9D86F00BEFDED /* TextAlertView.m */; };
		F41BB7480EE9F65A00BEFDED /* lock.png in Resources */ = {isa = PBXBuildFile; fileRef = F41BB7470EE9F65A00BEFDED /* lock.png */; };
		F41BB7490EE9F65A00BEFDED /* lock.png in Resources */ = {isa = PBXBuildFile; fileRef = F41BB7470EE9F65A00BEFDED /* lock.png */; };
		F42D908E0DE95538001A2E5C /* CSVDataViewController.m in Sources */ = {isa = PBXBuildFile; fileRef = F42D908D0DE95538001A2E5C /* CSVDataViewController.m */; };
		F451F1810E99146300F22ED9 /* info.png in Resources */ = {isa = PBXBuildFile; fileRef = F451F1800E99146300F22ED9 /* info.png */; };
		F452CA990EB24ACC002F7697 /* CSV_TouchAppDelegate.m in Sources */ = {isa = PBXBuildFile; fileRef = 1D3623250D0F684500981E51 /* CSV_TouchAppDelegate.m */; };
		F452CA9A0EB24ACD002F7697 /* CSVDataViewController.m in Sources */ = {isa = PBXBuildFile; fileRef = F42D908D0DE95538001A2E5C /* CSVDataViewController.m */; };
		F452CA9B0EB24ACE002F7697 /* CSVPreferencesController.m in Sources */ = {isa = PBXBuildFile; fileRef = F47819840E2BDE7A00B44E78 /* CSVPreferencesController.m */; };
		F452CA9C0EB24ACF002F7697 /* CSVRow.m in Sources */ = {isa = PBXBuildFile; fileRef = F4AE44860DF469BF001197AB /* CSVRow.m */; };
		F452CA9D0EB24AD0002F7697 /* CSVFileParser.m in Sources */ = {isa = PBXBuildFile; fileRef = F48836570DF53E2C0063EF75 /* CSVFileParser.m */; };
		F452CA9E0EB24AD1002F7697 /* OzyTableViewController.m in Sources */ = {isa = PBXBuildFile; fileRef = 28C286E00D94DF7D0034E888 /* OzyTableViewController.m */; };
		F452CA9F0EB24AD1002F7697 /* OzyRotatableViewController.m in Sources */ = {isa = PBXBuildFile; fileRef = F4E5EA940E08843D002EB091 /* OzyRotatableViewController.m */; };
		F452CAA00EB24AD2002F7697 /* OzyRotatableTabBarController.m in Sources */ = {isa = PBXBuildFile; fileRef = F4E5EAA90E0884D8002EB091 /* OzyRotatableTabBarController.m */; };
		F452CAA10EB24AD3002F7697 /* OzyTextViewController.m in Sources */ = {isa = PBXBuildFile; fileRef = F4E5EE2F0E09B591002EB091 /* OzyTextViewController.m */; };
		F452CAA20EB24AD4002F7697 /* OzymandiasAdditions.m in Sources */ = {isa = PBXBuildFile; fileRef = F4A73D1A0E2EB49200E1DF27 /* OzymandiasAdditions.m */; };
		F452CAA30EB24AD5002F7697 /* parseCSV.m in Sources */ = {isa = PBXBuildFile; fileRef = F4E9290A0E4F5D4C006165B0 /* parseCSV.m */; };
		F452CAA40EB24AD6002F7697 /* 2lines.png in Resources */ = {isa = PBXBuildFile; fileRef = F49218530EA7AC7400E74493 /* 2lines.png */; };
		F452CAA50EB24AD7002F7697 /* 4lines.png in Resources */ = {isa = PBXBuildFile; fileRef = F49218540EA7AC7400E74493 /* 4lines.png */; };
		F452CAA60EB24AEC002F7697 /* Default.png in Resources */ = {isa = PBXBuildFile; fileRef = F4E928750E4EE808006165B0 /* Default.png */; };
		F452CAA70EB24AED002F7697 /* icon.png in Resources */ = {isa = PBXBuildFile; fileRef = F4174D140E40A4A200351EE4 /* icon.png */; };
		F452CAA80EB24AEE002F7697 /* info.png in Resources */ = {isa = PBXBuildFile; fileRef = F451F1800E99146300F22ED9 /* info.png */; };
		F452CAA90EB24AEF002F7697 /* MainWindow.xib in Resources */ = {isa = PBXBuildFile; fileRef = 28AD735F0D9D9599002E5188 /* MainWindow.xib */; };
		F452CAAA0EB24AEF002F7697 /* col.png in Resources */ = {isa = PBXBuildFile; fileRef = F473432C0E2A90B20072F3DE /* col.png */; };
		F452CAAB0EB24AF0002F7697 /* row.png in Resources */ = {isa = PBXBuildFile; fileRef = F473432D0E2A90B20072F3DE /* row.png */; };
		F452CAAC0EB24B04002F7697 /* Settings.bundle in Resources */ = {isa = PBXBuildFile; fileRef = F4990C160E4276C500D64667 /* Settings.bundle */; };
		F452CAAD0EB24B05002F7697 /* dist.plist in Resources */ = {isa = PBXBuildFile; fileRef = F4BE8AB00E4503AC00F2A27B /* dist.plist */; };
		F452CAAF0EB24B1E002F7697 /* csv.c in Sources */ = {isa = PBXBuildFile; fileRef = F412339F0DE4AD64005E355F /* csv.c */; };
		F452CAB00EB24B1F002F7697 /* msgno.c in Sources */ = {isa = PBXBuildFile; fileRef = F41233A10DE4AD64005E355F /* msgno.c */; };
		F452CAB20EB24B4D002F7697 /* CoreGraphics.framework in Frameworks */ = {isa = PBXBuildFile; fileRef = 1D3623EB0D0F72F000981E51 /* CoreGraphics.framework */; };
		F452CAB30EB24B4E002F7697 /* UIKit.framework in Frameworks */ = {isa = PBXBuildFile; fileRef = 1DF5F4DF0D08C38300B7A737 /* UIKit.framework */; };
		F452CAB40EB24B4E002F7697 /* Foundation.framework in Frameworks */ = {isa = PBXBuildFile; fileRef = 1D30AB110D05D00D00671497 /* Foundation.framework */; };
		F452CAB90EB24C48002F7697 /* main.m in Sources */ = {isa = PBXBuildFile; fileRef = 29B97316FDCFA39411CA2CEA /* main.m */; };
		F45807FD11466E9400A4C4E1 /* nksTablegallery.css in Resources */ = {isa = PBXBuildFile; fileRef = F45807FC11466E9400A4C4E1 /* nksTablegallery.css */; };
		F45807FE11466E9400A4C4E1 /* nksTablegallery.css in Resources */ = {isa = PBXBuildFile; fileRef = F45807FC11466E9400A4C4E1 /* nksTablegallery.css */; };
		F45807FF11466E9400A4C4E1 /* nksTablegallery.css in Resources */ = {isa = PBXBuildFile; fileRef = F45807FC11466E9400A4C4E1 /* nksTablegallery.css */; };
		F458080011466E9400A4C4E1 /* nksTablegallery.css in Resources */ = {isa = PBXBuildFile; fileRef = F45807FC11466E9400A4C4E1 /* nksTablegallery.css */; };
		F458080A11466F1600A4C4E1 /* seaglass.css in Resources */ = {isa = PBXBuildFile; fileRef = F458080911466F1600A4C4E1 /* seaglass.css */; };
		F458080B11466F1600A4C4E1 /* seaglass.css in Resources */ = {isa = PBXBuildFile; fileRef = F458080911466F1600A4C4E1 /* seaglass.css */; };
		F458080C11466F1600A4C4E1 /* seaglass.css in Resources */ = {isa = PBXBuildFile; fileRef = F458080911466F1600A4C4E1 /* seaglass.css */; };
		F458080D11466F1600A4C4E1 /* seaglass.css in Resources */ = {isa = PBXBuildFile; fileRef = F458080911466F1600A4C4E1 /* seaglass.css */; };
		F473432E0E2A90B20072F3DE /* col.png in Resources */ = {isa = PBXBuildFile; fileRef = F473432C0E2A90B20072F3DE /* col.png */; };
		F473432F0E2A90B20072F3DE /* row.png in Resources */ = {isa = PBXBuildFile; fileRef = F473432D0E2A90B20072F3DE /* row.png */; };
		F47819850E2BDE7A00B44E78 /* CSVPreferencesController.m in Sources */ = {isa = PBXBuildFile; fileRef = F47819840E2BDE7A00B44E78 /* CSVPreferencesController.m */; };
		F47DC7EA1111004C00E8DD8B /* col.png in Resources */ = {isa = PBXBuildFile; fileRef = F473432C0E2A90B20072F3DE /* col.png */; };
		F47DC7EB1111004C00E8DD8B /* row.png in Resources */ = {isa = PBXBuildFile; fileRef = F473432D0E2A90B20072F3DE /* row.png */; };
		F47DC7EC1111004C00E8DD8B /* icon.png in Resources */ = {isa = PBXBuildFile; fileRef = F4174D140E40A4A200351EE4 /* icon.png */; };
		F47DC7ED1111004C00E8DD8B /* Settings.bundle in Resources */ = {isa = PBXBuildFile; fileRef = F4990C160E4276C500D64667 /* Settings.bundle */; };
		F47DC7EE1111004C00E8DD8B /* dist.plist in Resources */ = {isa = PBXBuildFile; fileRef = F4BE8AB00E4503AC00F2A27B /* dist.plist */; };
		F47DC7EF1111004C00E8DD8B /* Default.png in Resources */ = {isa = PBXBuildFile; fileRef = F4E928750E4EE808006165B0 /* Default.png */; };
		F47DC7F01111004C00E8DD8B /* info.png in Resources */ = {isa = PBXBuildFile; fileRef = F451F1800E99146300F22ED9 /* info.png */; };
		F47DC7F11111004C00E8DD8B /* 2lines.png in Resources */ = {isa = PBXBuildFile; fileRef = F49218530EA7AC7400E74493 /* 2lines.png */; };
		F47DC7F21111004C00E8DD8B /* 4lines.png in Resources */ = {isa = PBXBuildFile; fileRef = F49218540EA7AC7400E74493 /* 4lines.png */; };
		F47DC7F31111004C00E8DD8B /* lock.png in Resources */ = {isa = PBXBuildFile; fileRef = F41BB7470EE9F65A00BEFDED /* lock.png */; };
		F47DC7F51111004C00E8DD8B /* main.m in Sources */ = {isa = PBXBuildFile; fileRef = 29B97316FDCFA39411CA2CEA /* main.m */; };
		F47DC7F61111004C00E8DD8B /* CSV_TouchAppDelegate.m in Sources */ = {isa = PBXBuildFile; fileRef = 1D3623250D0F684500981E51 /* CSV_TouchAppDelegate.m */; };
		F47DC7F71111004C00E8DD8B /* OzyTableViewController.m in Sources */ = {isa = PBXBuildFile; fileRef = 28C286E00D94DF7D0034E888 /* OzyTableViewController.m */; };
		F47DC7F81111004C00E8DD8B /* csv.c in Sources */ = {isa = PBXBuildFile; fileRef = F412339F0DE4AD64005E355F /* csv.c */; };
		F47DC7F91111004C00E8DD8B /* msgno.c in Sources */ = {isa = PBXBuildFile; fileRef = F41233A10DE4AD64005E355F /* msgno.c */; };
		F47DC7FA1111004C00E8DD8B /* CSVDataViewController.m in Sources */ = {isa = PBXBuildFile; fileRef = F42D908D0DE95538001A2E5C /* CSVDataViewController.m */; };
		F47DC7FB1111004C00E8DD8B /* CSVRow.m in Sources */ = {isa = PBXBuildFile; fileRef = F4AE44860DF469BF001197AB /* CSVRow.m */; };
		F47DC7FC1111004C00E8DD8B /* CSVFileParser.m in Sources */ = {isa = PBXBuildFile; fileRef = F48836570DF53E2C0063EF75 /* CSVFileParser.m */; };
		F47DC7FD1111004C00E8DD8B /* OzyRotatableViewController.m in Sources */ = {isa = PBXBuildFile; fileRef = F4E5EA940E08843D002EB091 /* OzyRotatableViewController.m */; };
		F47DC7FE1111004C00E8DD8B /* OzyRotatableTabBarController.m in Sources */ = {isa = PBXBuildFile; fileRef = F4E5EAA90E0884D8002EB091 /* OzyRotatableTabBarController.m */; };
		F47DC7FF1111004C00E8DD8B /* OzyTextViewController.m in Sources */ = {isa = PBXBuildFile; fileRef = F4E5EE2F0E09B591002EB091 /* OzyTextViewController.m */; };
		F47DC8001111004C00E8DD8B /* CSVPreferencesController.m in Sources */ = {isa = PBXBuildFile; fileRef = F47819840E2BDE7A00B44E78 /* CSVPreferencesController.m */; };
		F47DC8011111004C00E8DD8B /* OzymandiasAdditions.m in Sources */ = {isa = PBXBuildFile; fileRef = F4A73D1A0E2EB49200E1DF27 /* OzymandiasAdditions.m */; };
		F47DC8021111004C00E8DD8B /* parseCSV.m in Sources */ = {isa = PBXBuildFile; fileRef = F4E9290A0E4F5D4C006165B0 /* parseCSV.m */; };
		F47DC8031111004C00E8DD8B /* TextAlertView.m in Sources */ = {isa = PBXBuildFile; fileRef = F41BB60F0EE9D86F00BEFDED /* TextAlertView.m */; };
		F47DC8051111004C00E8DD8B /* Foundation.framework in Frameworks */ = {isa = PBXBuildFile; fileRef = 1D30AB110D05D00D00671497 /* Foundation.framework */; };
		F47DC8061111004C00E8DD8B /* UIKit.framework in Frameworks */ = {isa = PBXBuildFile; fileRef = 1DF5F4DF0D08C38300B7A737 /* UIKit.framework */; };
		F47DC8071111004C00E8DD8B /* CoreGraphics.framework in Frameworks */ = {isa = PBXBuildFile; fileRef = 1D3623EB0D0F72F000981E51 /* CoreGraphics.framework */; };
		F47DC8111111004D00E8DD8B /* MainWindow.xib in Resources */ = {isa = PBXBuildFile; fileRef = F47DC8101111004D00E8DD8B /* MainWindow.xib */; };
		F47DC8161111005400E8DD8B /* 2lines.png in Resources */ = {isa = PBXBuildFile; fileRef = F49218530EA7AC7400E74493 /* 2lines.png */; };
		F47DC8171111005400E8DD8B /* 4lines.png in Resources */ = {isa = PBXBuildFile; fileRef = F49218540EA7AC7400E74493 /* 4lines.png */; };
		F47DC8181111005400E8DD8B /* Default.png in Resources */ = {isa = PBXBuildFile; fileRef = F4E928750E4EE808006165B0 /* Default.png */; };
		F47DC8191111005400E8DD8B /* icon.png in Resources */ = {isa = PBXBuildFile; fileRef = F4174D140E40A4A200351EE4 /* icon.png */; };
		F47DC81A1111005400E8DD8B /* info.png in Resources */ = {isa = PBXBuildFile; fileRef = F451F1800E99146300F22ED9 /* info.png */; };
		F47DC81C1111005400E8DD8B /* col.png in Resources */ = {isa = PBXBuildFile; fileRef = F473432C0E2A90B20072F3DE /* col.png */; };
		F47DC81D1111005400E8DD8B /* row.png in Resources */ = {isa = PBXBuildFile; fileRef = F473432D0E2A90B20072F3DE /* row.png */; };
		F47DC81E1111005400E8DD8B /* Settings.bundle in Resources */ = {isa = PBXBuildFile; fileRef = F4990C160E4276C500D64667 /* Settings.bundle */; };
		F47DC81F1111005400E8DD8B /* dist.plist in Resources */ = {isa = PBXBuildFile; fileRef = F4BE8AB00E4503AC00F2A27B /* dist.plist */; };
		F47DC8201111005400E8DD8B /* lock.png in Resources */ = {isa = PBXBuildFile; fileRef = F41BB7470EE9F65A00BEFDED /* lock.png */; };
		F47DC8221111005400E8DD8B /* CSV_TouchAppDelegate.m in Sources */ = {isa = PBXBuildFile; fileRef = 1D3623250D0F684500981E51 /* CSV_TouchAppDelegate.m */; };
		F47DC8231111005400E8DD8B /* CSVDataViewController.m in Sources */ = {isa = PBXBuildFile; fileRef = F42D908D0DE95538001A2E5C /* CSVDataViewController.m */; };
		F47DC8241111005400E8DD8B /* CSVPreferencesController.m in Sources */ = {isa = PBXBuildFile; fileRef = F47819840E2BDE7A00B44E78 /* CSVPreferencesController.m */; };
		F47DC8251111005400E8DD8B /* CSVRow.m in Sources */ = {isa = PBXBuildFile; fileRef = F4AE44860DF469BF001197AB /* CSVRow.m */; };
		F47DC8261111005400E8DD8B /* CSVFileParser.m in Sources */ = {isa = PBXBuildFile; fileRef = F48836570DF53E2C0063EF75 /* CSVFileParser.m */; };
		F47DC8271111005400E8DD8B /* OzyTableViewController.m in Sources */ = {isa = PBXBuildFile; fileRef = 28C286E00D94DF7D0034E888 /* OzyTableViewController.m */; };
		F47DC8281111005400E8DD8B /* OzyRotatableViewController.m in Sources */ = {isa = PBXBuildFile; fileRef = F4E5EA940E08843D002EB091 /* OzyRotatableViewController.m */; };
		F47DC8291111005400E8DD8B /* OzyRotatableTabBarController.m in Sources */ = {isa = PBXBuildFile; fileRef = F4E5EAA90E0884D8002EB091 /* OzyRotatableTabBarController.m */; };
		F47DC82A1111005400E8DD8B /* OzyTextViewController.m in Sources */ = {isa = PBXBuildFile; fileRef = F4E5EE2F0E09B591002EB091 /* OzyTextViewController.m */; };
		F47DC82B1111005400E8DD8B /* OzymandiasAdditions.m in Sources */ = {isa = PBXBuildFile; fileRef = F4A73D1A0E2EB49200E1DF27 /* OzymandiasAdditions.m */; };
		F47DC82C1111005400E8DD8B /* parseCSV.m in Sources */ = {isa = PBXBuildFile; fileRef = F4E9290A0E4F5D4C006165B0 /* parseCSV.m */; };
		F47DC82D1111005400E8DD8B /* csv.c in Sources */ = {isa = PBXBuildFile; fileRef = F412339F0DE4AD64005E355F /* csv.c */; };
		F47DC82E1111005400E8DD8B /* msgno.c in Sources */ = {isa = PBXBuildFile; fileRef = F41233A10DE4AD64005E355F /* msgno.c */; };
		F47DC82F1111005400E8DD8B /* main.m in Sources */ = {isa = PBXBuildFile; fileRef = 29B97316FDCFA39411CA2CEA /* main.m */; };
		F47DC8301111005400E8DD8B /* TextAlertView.m in Sources */ = {isa = PBXBuildFile; fileRef = F41BB60F0EE9D86F00BEFDED /* TextAlertView.m */; };
		F47DC8321111005400E8DD8B /* CoreGraphics.framework in Frameworks */ = {isa = PBXBuildFile; fileRef = 1D3623EB0D0F72F000981E51 /* CoreGraphics.framework */; };
		F47DC8331111005400E8DD8B /* UIKit.framework in Frameworks */ = {isa = PBXBuildFile; fileRef = 1DF5F4DF0D08C38300B7A737 /* UIKit.framework */; };
		F47DC8341111005400E8DD8B /* Foundation.framework in Frameworks */ = {isa = PBXBuildFile; fileRef = 1D30AB110D05D00D00671497 /* Foundation.framework */; };
		F48836580DF53E2C0063EF75 /* CSVFileParser.m in Sources */ = {isa = PBXBuildFile; fileRef = F48836570DF53E2C0063EF75 /* CSVFileParser.m */; };
		F488D83E1146606300583920 /* bluedream.css in Resources */ = {isa = PBXBuildFile; fileRef = F488D83D1146606300583920 /* bluedream.css */; };
		F488D83F1146606300583920 /* bluedream.css in Resources */ = {isa = PBXBuildFile; fileRef = F488D83D1146606300583920 /* bluedream.css */; };
		F488D8401146607400583920 /* bluedream.css in Resources */ = {isa = PBXBuildFile; fileRef = F488D83D1146606300583920 /* bluedream.css */; };
		F488D8411146607A00583920 /* bluedream.css in Resources */ = {isa = PBXBuildFile; fileRef = F488D83D1146606300583920 /* bluedream.css */; };
		F49218550EA7AC7400E74493 /* 2lines.png in Resources */ = {isa = PBXBuildFile; fileRef = F49218530EA7AC7400E74493 /* 2lines.png */; };
		F49218560EA7AC7400E74493 /* 4lines.png in Resources */ = {isa = PBXBuildFile; fileRef = F49218540EA7AC7400E74493 /* 4lines.png */; };
		F4990C170E4276C500D64667 /* Settings.bundle in Resources */ = {isa = PBXBuildFile; fileRef = F4990C160E4276C500D64667 /* Settings.bundle */; };
		F4A73D1B0E2EB49200E1DF27 /* OzymandiasAdditions.m in Sources */ = {isa = PBXBuildFile; fileRef = F4A73D1A0E2EB49200E1DF27 /* OzymandiasAdditions.m */; };
		F4AE44870DF469BF001197AB /* CSVRow.m in Sources */ = {isa = PBXBuildFile; fileRef = F4AE44860DF469BF001197AB /* CSVRow.m */; };
		F4BE8AB10E4503AC00F2A27B /* dist.plist in Resources */ = {isa = PBXBuildFile; fileRef = F4BE8AB00E4503AC00F2A27B /* dist.plist */; };
		F4E5EA950E08843D002EB091 /* OzyRotatableViewController.m in Sources */ = {isa = PBXBuildFile; fileRef = F4E5EA940E08843D002EB091 /* OzyRotatableViewController.m */; };
		F4E5EAAA0E0884D8002EB091 /* OzyRotatableTabBarController.m in Sources */ = {isa = PBXBuildFile; fileRef = F4E5EAA90E0884D8002EB091 /* OzyRotatableTabBarController.m */; };
		F4E5EE300E09B591002EB091 /* OzyTextViewController.m in Sources */ = {isa = PBXBuildFile; fileRef = F4E5EE2F0E09B591002EB091 /* OzyTextViewController.m */; };
		F4E928760E4EE808006165B0 /* Default.png in Resources */ = {isa = PBXBuildFile; fileRef = F4E928750E4EE808006165B0 /* Default.png */; };
		F4E9290B0E4F5D4C006165B0 /* parseCSV.m in Sources */ = {isa = PBXBuildFile; fileRef = F4E9290A0E4F5D4C006165B0 /* parseCSV.m */; };
/* End PBXBuildFile section */

/* Begin PBXFileReference section */
		1D30AB110D05D00D00671497 /* Foundation.framework */ = {isa = PBXFileReference; lastKnownFileType = wrapper.framework; name = Foundation.framework; path = System/Library/Frameworks/Foundation.framework; sourceTree = SDKROOT; };
		1D3623240D0F684500981E51 /* CSV_TouchAppDelegate.h */ = {isa = PBXFileReference; fileEncoding = 4; lastKnownFileType = sourcecode.c.h; path = CSV_TouchAppDelegate.h; sourceTree = "<group>"; };
		1D3623250D0F684500981E51 /* CSV_TouchAppDelegate.m */ = {isa = PBXFileReference; fileEncoding = 4; lastKnownFileType = sourcecode.c.objc; path = CSV_TouchAppDelegate.m; sourceTree = "<group>"; };
		1D3623EB0D0F72F000981E51 /* CoreGraphics.framework */ = {isa = PBXFileReference; lastKnownFileType = wrapper.framework; name = CoreGraphics.framework; path = System/Library/Frameworks/CoreGraphics.framework; sourceTree = SDKROOT; };
		1D6058910D05DD3D006BFB54 /* CSV Touch.app */ = {isa = PBXFileReference; explicitFileType = wrapper.application; includeInIndex = 0; path = "CSV Touch.app"; sourceTree = BUILT_PRODUCTS_DIR; };
		1DF5F4DF0D08C38300B7A737 /* UIKit.framework */ = {isa = PBXFileReference; lastKnownFileType = wrapper.framework; name = UIKit.framework; path = System/Library/Frameworks/UIKit.framework; sourceTree = SDKROOT; };
		28A0AAE50D9B0CCF005BE974 /* CSV_Touch_Prefix.pch */ = {isa = PBXFileReference; fileEncoding = 4; lastKnownFileType = sourcecode.c.h; path = CSV_Touch_Prefix.pch; sourceTree = "<group>"; };
		28AD735F0D9D9599002E5188 /* MainWindow.xib */ = {isa = PBXFileReference; lastKnownFileType = file.xib; path = MainWindow.xib; sourceTree = "<group>"; };
		28C286DF0D94DF7D0034E888 /* OzyTableViewController.h */ = {isa = PBXFileReference; fileEncoding = 4; lastKnownFileType = sourcecode.c.h; path = OzyTableViewController.h; sourceTree = "<group>"; };
		28C286E00D94DF7D0034E888 /* OzyTableViewController.m */ = {isa = PBXFileReference; fileEncoding = 4; lastKnownFileType = sourcecode.c.objc; path = OzyTableViewController.m; sourceTree = "<group>"; };
		29B97316FDCFA39411CA2CEA /* main.m */ = {isa = PBXFileReference; fileEncoding = 4; lastKnownFileType = sourcecode.c.objc; path = main.m; sourceTree = "<group>"; };
		8D1107310486CEB800E47090 /* Info.plist */ = {isa = PBXFileReference; fileEncoding = 4; lastKnownFileType = text.plist.xml; path = Info.plist; sourceTree = "<group>"; };
		F4074E880E52242B004BCDB7 /* Request list.txt */ = {isa = PBXFileReference; fileEncoding = 4; lastKnownFileType = text; path = "Request list.txt"; sourceTree = "<group>"; };
		F412339E0DE4AD64005E355F /* allocator.h */ = {isa = PBXFileReference; fileEncoding = 4; lastKnownFileType = sourcecode.c.h; path = allocator.h; sourceTree = "<group>"; };
		F412339F0DE4AD64005E355F /* csv.c */ = {isa = PBXFileReference; fileEncoding = 4; lastKnownFileType = sourcecode.c.c; path = csv.c; sourceTree = "<group>"; };
		F41233A00DE4AD64005E355F /* csv.h */ = {isa = PBXFileReference; fileEncoding = 4; lastKnownFileType = sourcecode.c.h; path = csv.h; sourceTree = "<group>"; };
		F41233A10DE4AD64005E355F /* msgno.c */ = {isa = PBXFileReference; fileEncoding = 4; lastKnownFileType = sourcecode.c.c; path = msgno.c; sourceTree = "<group>"; };
		F41233A20DE4AD64005E355F /* msgno.h */ = {isa = PBXFileReference; fileEncoding = 4; lastKnownFileType = sourcecode.c.h; path = msgno.h; sourceTree = "<group>"; };
		F41233A30DE4AD64005E355F /* text.h */ = {isa = PBXFileReference; fileEncoding = 4; lastKnownFileType = sourcecode.c.h; path = text.h; sourceTree = "<group>"; };
		F413FF810E648C93006C7348 /* Description.rtf */ = {isa = PBXFileReference; lastKnownFileType = text.rtf; path = Description.rtf; sourceTree = "<group>"; };
		F4174D140E40A4A200351EE4 /* icon.png */ = {isa = PBXFileReference; lastKnownFileType = image.png; path = icon.png; sourceTree = "<group>"; };
		F4174D430E40F9D400351EE4 /* Large comma.png */ = {isa = PBXFileReference; lastKnownFileType = image.png; path = "Large comma.png"; sourceTree = "<group>"; };
		F4174D440E40F9D400351EE4 /* Large comma.tif */ = {isa = PBXFileReference; lastKnownFileType = image.tiff; path = "Large comma.tif"; sourceTree = "<group>"; };
		F41BB60E0EE9D86F00BEFDED /* TextAlertView.h */ = {isa = PBXFileReference; fileEncoding = 4; lastKnownFileType = sourcecode.c.h; path = TextAlertView.h; sourceTree = "<group>"; };
		F41BB60F0EE9D86F00BEFDED /* TextAlertView.m */ = {isa = PBXFileReference; fileEncoding = 4; lastKnownFileType = sourcecode.c.objc; path = TextAlertView.m; sourceTree = "<group>"; };
		F41BB7470EE9F65A00BEFDED /* lock.png */ = {isa = PBXFileReference; lastKnownFileType = image.png; path = lock.png; sourceTree = "<group>"; };
		F42D908C0DE95538001A2E5C /* CSVDataViewController.h */ = {isa = PBXFileReference; fileEncoding = 4; lastKnownFileType = sourcecode.c.h; path = CSVDataViewController.h; sourceTree = "<group>"; };
		F42D908D0DE95538001A2E5C /* CSVDataViewController.m */ = {isa = PBXFileReference; fileEncoding = 4; lastKnownFileType = sourcecode.c.objc; path = CSVDataViewController.m; sourceTree = "<group>"; };
		F451F1800E99146300F22ED9 /* info.png */ = {isa = PBXFileReference; lastKnownFileType = image.png; path = info.png; sourceTree = "<group>"; };
		F452CA8B0EB24A0D002F7697 /* CSV Lite.app */ = {isa = PBXFileReference; explicitFileType = wrapper.application; includeInIndex = 0; path = "CSV Lite.app"; sourceTree = BUILT_PRODUCTS_DIR; };
		F452CA8D0EB24A0D002F7697 /* CSV Lite-Info.plist */ = {isa = PBXFileReference; lastKnownFileType = text.plist.xml; path = "CSV Lite-Info.plist"; sourceTree = "<group>"; };
		F45807FC11466E9400A4C4E1 /* nksTablegallery.css */ = {isa = PBXFileReference; fileEncoding = 4; lastKnownFileType = text.css; path = nksTablegallery.css; sourceTree = "<group>"; };
		F458080911466F1600A4C4E1 /* seaglass.css */ = {isa = PBXFileReference; fileEncoding = 4; lastKnownFileType = text.css; path = seaglass.css; sourceTree = "<group>"; };
		F473432C0E2A90B20072F3DE /* col.png */ = {isa = PBXFileReference; lastKnownFileType = image.png; path = col.png; sourceTree = "<group>"; };
		F473432D0E2A90B20072F3DE /* row.png */ = {isa = PBXFileReference; lastKnownFileType = image.png; path = row.png; sourceTree = "<group>"; };
		F47819830E2BDE7A00B44E78 /* CSVPreferencesController.h */ = {isa = PBXFileReference; fileEncoding = 4; lastKnownFileType = sourcecode.c.h; path = CSVPreferencesController.h; sourceTree = "<group>"; };
		F47819840E2BDE7A00B44E78 /* CSVPreferencesController.m */ = {isa = PBXFileReference; fileEncoding = 4; lastKnownFileType = sourcecode.c.objc; path = CSVPreferencesController.m; sourceTree = "<group>"; };
		F47DC80D1111004C00E8DD8B /* CSV Touch-iPad.app */ = {isa = PBXFileReference; explicitFileType = wrapper.application; includeInIndex = 0; path = "CSV Touch-iPad.app"; sourceTree = BUILT_PRODUCTS_DIR; };
		F47DC8101111004D00E8DD8B /* MainWindow.xib */ = {isa = PBXFileReference; lastKnownFileType = file.xib; name = MainWindow.xib; path = "Resources-iPad/MainWindow.xib"; sourceTree = "<group>"; };
		F47DC83A1111005400E8DD8B /* CSV Lite-iPad.app */ = {isa = PBXFileReference; explicitFileType = wrapper.application; includeInIndex = 0; path = "CSV Lite-iPad.app"; sourceTree = BUILT_PRODUCTS_DIR; };
		F48836560DF53E2C0063EF75 /* CSVFileParser.h */ = {isa = PBXFileReference; fileEncoding = 4; lastKnownFileType = sourcecode.c.h; path = CSVFileParser.h; sourceTree = "<group>"; };
		F48836570DF53E2C0063EF75 /* CSVFileParser.m */ = {isa = PBXFileReference; fileEncoding = 4; lastKnownFileType = sourcecode.c.objc; path = CSVFileParser.m; sourceTree = "<group>"; };
		F488D83D1146606300583920 /* bluedream.css */ = {isa = PBXFileReference; fileEncoding = 4; lastKnownFileType = text.css; path = bluedream.css; sourceTree = "<group>"; };
		F49218530EA7AC7400E74493 /* 2lines.png */ = {isa = PBXFileReference; lastKnownFileType = image.png; path = 2lines.png; sourceTree = "<group>"; };
		F49218540EA7AC7400E74493 /* 4lines.png */ = {isa = PBXFileReference; lastKnownFileType = image.png; path = 4lines.png; sourceTree = "<group>"; };
		F4988BB70EB239120067EB8F /* Info copy.plist */ = {isa = PBXFileReference; lastKnownFileType = text.plist.xml; path = "Info copy.plist"; sourceTree = "<group>"; };
		F4990C160E4276C500D64667 /* Settings.bundle */ = {isa = PBXFileReference; lastKnownFileType = "wrapper.plug-in"; path = Settings.bundle; sourceTree = "<group>"; };
		F4A73D190E2EB49200E1DF27 /* OzymandiasAdditions.h */ = {isa = PBXFileReference; fileEncoding = 4; lastKnownFileType = sourcecode.c.h; path = OzymandiasAdditions.h; sourceTree = "<group>"; };
		F4A73D1A0E2EB49200E1DF27 /* OzymandiasAdditions.m */ = {isa = PBXFileReference; fileEncoding = 4; lastKnownFileType = sourcecode.c.objc; path = OzymandiasAdditions.m; sourceTree = "<group>"; };
		F4AE44850DF469BF001197AB /* CSVRow.h */ = {isa = PBXFileReference; fileEncoding = 4; lastKnownFileType = sourcecode.c.h; path = CSVRow.h; sourceTree = "<group>"; };
		F4AE44860DF469BF001197AB /* CSVRow.m */ = {isa = PBXFileReference; fileEncoding = 4; lastKnownFileType = sourcecode.c.objc; path = CSVRow.m; sourceTree = "<group>"; };
		F4BE8AB00E4503AC00F2A27B /* dist.plist */ = {isa = PBXFileReference; fileEncoding = 4; lastKnownFileType = text.plist.xml; path = dist.plist; sourceTree = "<group>"; };
		F4CCB53F1026D6D800FD684A /* Priv dist-Info.plist */ = {isa = PBXFileReference; lastKnownFileType = text.plist.xml; path = "Priv dist-Info.plist"; sourceTree = "<group>"; };
		F4E5EA930E08843D002EB091 /* OzyRotatableViewController.h */ = {isa = PBXFileReference; fileEncoding = 4; lastKnownFileType = sourcecode.c.h; path = OzyRotatableViewController.h; sourceTree = "<group>"; };
		F4E5EA940E08843D002EB091 /* OzyRotatableViewController.m */ = {isa = PBXFileReference; fileEncoding = 4; lastKnownFileType = sourcecode.c.objc; path = OzyRotatableViewController.m; sourceTree = "<group>"; };
		F4E5EAA80E0884D8002EB091 /* OzyRotatableTabBarController.h */ = {isa = PBXFileReference; fileEncoding = 4; lastKnownFileType = sourcecode.c.h; path = OzyRotatableTabBarController.h; sourceTree = "<group>"; };
		F4E5EAA90E0884D8002EB091 /* OzyRotatableTabBarController.m */ = {isa = PBXFileReference; fileEncoding = 4; lastKnownFileType = sourcecode.c.objc; path = OzyRotatableTabBarController.m; sourceTree = "<group>"; };
		F4E5EE2E0E09B591002EB091 /* OzyTextViewController.h */ = {isa = PBXFileReference; fileEncoding = 4; lastKnownFileType = sourcecode.c.h; path = OzyTextViewController.h; sourceTree = "<group>"; };
		F4E5EE2F0E09B591002EB091 /* OzyTextViewController.m */ = {isa = PBXFileReference; fileEncoding = 4; lastKnownFileType = sourcecode.c.objc; path = OzyTextViewController.m; sourceTree = "<group>"; };
		F4E928750E4EE808006165B0 /* Default.png */ = {isa = PBXFileReference; lastKnownFileType = image.png; path = Default.png; sourceTree = "<group>"; };
		F4E929090E4F5D4C006165B0 /* parseCSV.h */ = {isa = PBXFileReference; fileEncoding = 4; lastKnownFileType = sourcecode.c.h; path = parseCSV.h; sourceTree = "<group>"; };
		F4E9290A0E4F5D4C006165B0 /* parseCSV.m */ = {isa = PBXFileReference; fileEncoding = 4; lastKnownFileType = sourcecode.c.objc; path = parseCSV.m; sourceTree = "<group>"; };
/* End PBXFileReference section */

/* Begin PBXFrameworksBuildPhase section */
		1D60588F0D05DD3D006BFB54 /* Frameworks */ = {
			isa = PBXFrameworksBuildPhase;
			buildActionMask = 2147483647;
			files = (
				1D60589F0D05DD5A006BFB54 /* Foundation.framework in Frameworks */,
				1DF5F4E00D08C38300B7A737 /* UIKit.framework in Frameworks */,
				1D3623EC0D0F72F000981E51 /* CoreGraphics.framework in Frameworks */,
			);
			runOnlyForDeploymentPostprocessing = 0;
		};
		F452CA890EB24A0D002F7697 /* Frameworks */ = {
			isa = PBXFrameworksBuildPhase;
			buildActionMask = 2147483647;
			files = (
				F452CAB20EB24B4D002F7697 /* CoreGraphics.framework in Frameworks */,
				F452CAB30EB24B4E002F7697 /* UIKit.framework in Frameworks */,
				F452CAB40EB24B4E002F7697 /* Foundation.framework in Frameworks */,
			);
			runOnlyForDeploymentPostprocessing = 0;
		};
		F47DC8041111004C00E8DD8B /* Frameworks */ = {
			isa = PBXFrameworksBuildPhase;
			buildActionMask = 2147483647;
			files = (
				F47DC8051111004C00E8DD8B /* Foundation.framework in Frameworks */,
				F47DC8061111004C00E8DD8B /* UIKit.framework in Frameworks */,
				F47DC8071111004C00E8DD8B /* CoreGraphics.framework in Frameworks */,
			);
			runOnlyForDeploymentPostprocessing = 0;
		};
		F47DC8311111005400E8DD8B /* Frameworks */ = {
			isa = PBXFrameworksBuildPhase;
			buildActionMask = 2147483647;
			files = (
				F47DC8321111005400E8DD8B /* CoreGraphics.framework in Frameworks */,
				F47DC8331111005400E8DD8B /* UIKit.framework in Frameworks */,
				F47DC8341111005400E8DD8B /* Foundation.framework in Frameworks */,
			);
			runOnlyForDeploymentPostprocessing = 0;
		};
/* End PBXFrameworksBuildPhase section */

/* Begin PBXGroup section */
		080E96DDFE201D6D7F000001 /* Classes */ = {
			isa = PBXGroup;
			children = (
				1D3623240D0F684500981E51 /* CSV_TouchAppDelegate.h */,
				1D3623250D0F684500981E51 /* CSV_TouchAppDelegate.m */,
				F42D908C0DE95538001A2E5C /* CSVDataViewController.h */,
				F42D908D0DE95538001A2E5C /* CSVDataViewController.m */,
				F47819830E2BDE7A00B44E78 /* CSVPreferencesController.h */,
				F47819840E2BDE7A00B44E78 /* CSVPreferencesController.m */,
				F4AE44850DF469BF001197AB /* CSVRow.h */,
				F4AE44860DF469BF001197AB /* CSVRow.m */,
				F48836560DF53E2C0063EF75 /* CSVFileParser.h */,
				F48836570DF53E2C0063EF75 /* CSVFileParser.m */,
				28C286DF0D94DF7D0034E888 /* OzyTableViewController.h */,
				28C286E00D94DF7D0034E888 /* OzyTableViewController.m */,
				F4E5EA930E08843D002EB091 /* OzyRotatableViewController.h */,
				F4E5EA940E08843D002EB091 /* OzyRotatableViewController.m */,
				F4E5EAA80E0884D8002EB091 /* OzyRotatableTabBarController.h */,
				F4E5EAA90E0884D8002EB091 /* OzyRotatableTabBarController.m */,
				F4E5EE2E0E09B591002EB091 /* OzyTextViewController.h */,
				F4E5EE2F0E09B591002EB091 /* OzyTextViewController.m */,
				F4A73D190E2EB49200E1DF27 /* OzymandiasAdditions.h */,
				F4A73D1A0E2EB49200E1DF27 /* OzymandiasAdditions.m */,
				F4E929090E4F5D4C006165B0 /* parseCSV.h */,
				F4E9290A0E4F5D4C006165B0 /* parseCSV.m */,
				F41BB60E0EE9D86F00BEFDED /* TextAlertView.h */,
				F41BB60F0EE9D86F00BEFDED /* TextAlertView.m */,
			);
			path = Classes;
			sourceTree = "<group>";
		};
		19C28FACFE9D520D11CA2CBB /* Products */ = {
			isa = PBXGroup;
			children = (
				1D6058910D05DD3D006BFB54 /* CSV Touch.app */,
				F452CA8B0EB24A0D002F7697 /* CSV Lite.app */,
				F47DC80D1111004C00E8DD8B /* CSV Touch-iPad.app */,
				F47DC83A1111005400E8DD8B /* CSV Lite-iPad.app */,
			);
			name = Products;
			sourceTree = "<group>";
		};
		29B97314FDCFA39411CA2CEA /* CustomTemplate */ = {
			isa = PBXGroup;
			children = (
				080E96DDFE201D6D7F000001 /* Classes */,
				29B97315FDCFA39411CA2CEA /* Other Sources */,
				29B97317FDCFA39411CA2CEA /* Resources */,
				F47DC80F1111004C00E8DD8B /* Resources-iPad */,
				F4174D3C0E40F99C00351EE4 /* iTunes Connect */,
				29B97323FDCFA39411CA2CEA /* Frameworks */,
				19C28FACFE9D520D11CA2CBB /* Products */,
				F4990C160E4276C500D64667 /* Settings.bundle */,
				F4BE8AB00E4503AC00F2A27B /* dist.plist */,
				F452CA8D0EB24A0D002F7697 /* CSV Lite-Info.plist */,
				F4CCB53F1026D6D800FD684A /* Priv dist-Info.plist */,
			);
			name = CustomTemplate;
			sourceTree = "<group>";
		};
		29B97315FDCFA39411CA2CEA /* Other Sources */ = {
			isa = PBXGroup;
			children = (
				F412339E0DE4AD64005E355F /* allocator.h */,
				F412339F0DE4AD64005E355F /* csv.c */,
				F41233A00DE4AD64005E355F /* csv.h */,
				F41233A10DE4AD64005E355F /* msgno.c */,
				F41233A20DE4AD64005E355F /* msgno.h */,
				F41233A30DE4AD64005E355F /* text.h */,
				28A0AAE50D9B0CCF005BE974 /* CSV_Touch_Prefix.pch */,
				29B97316FDCFA39411CA2CEA /* main.m */,
			);
			name = "Other Sources";
			sourceTree = "<group>";
		};
		29B97317FDCFA39411CA2CEA /* Resources */ = {
			isa = PBXGroup;
			children = (
				F488D83C1146604800583920 /* css */,
				F41BB7470EE9F65A00BEFDED /* lock.png */,
				F49218530EA7AC7400E74493 /* 2lines.png */,
				F49218540EA7AC7400E74493 /* 4lines.png */,
				F413FF810E648C93006C7348 /* Description.rtf */,
				F4E928750E4EE808006165B0 /* Default.png */,
				F4174D140E40A4A200351EE4 /* icon.png */,
				F451F1800E99146300F22ED9 /* info.png */,
				28AD735F0D9D9599002E5188 /* MainWindow.xib */,
				F473432C0E2A90B20072F3DE /* col.png */,
				F473432D0E2A90B20072F3DE /* row.png */,
				8D1107310486CEB800E47090 /* Info.plist */,
				F4074E880E52242B004BCDB7 /* Request list.txt */,
				F4988BB70EB239120067EB8F /* Info copy.plist */,
			);
			name = Resources;
			sourceTree = "<group>";
		};
		29B97323FDCFA39411CA2CEA /* Frameworks */ = {
			isa = PBXGroup;
			children = (
				1D3623EB0D0F72F000981E51 /* CoreGraphics.framework */,
				1DF5F4DF0D08C38300B7A737 /* UIKit.framework */,
				1D30AB110D05D00D00671497 /* Foundation.framework */,
			);
			name = Frameworks;
			sourceTree = "<group>";
		};
		F4174D3C0E40F99C00351EE4 /* iTunes Connect */ = {
			isa = PBXGroup;
			children = (
				F4174D430E40F9D400351EE4 /* Large comma.png */,
				F4174D440E40F9D400351EE4 /* Large comma.tif */,
			);
			name = "iTunes Connect";
			sourceTree = "<group>";
		};
		F47DC80F1111004C00E8DD8B /* Resources-iPad */ = {
			isa = PBXGroup;
			children = (
				F47DC8101111004D00E8DD8B /* MainWindow.xib */,
			);
			name = "Resources-iPad";
			sourceTree = "<group>";
		};
		F488D83C1146604800583920 /* css */ = {
			isa = PBXGroup;
			children = (
				F458080911466F1600A4C4E1 /* seaglass.css */,
				F45807FC11466E9400A4C4E1 /* nksTablegallery.css */,
				F488D83D1146606300583920 /* bluedream.css */,
			);
			path = css;
			sourceTree = "<group>";
		};
/* End PBXGroup section */

/* Begin PBXNativeTarget section */
		1D6058900D05DD3D006BFB54 /* CSV Touch */ = {
			isa = PBXNativeTarget;
			buildConfigurationList = 1D6058960D05DD3E006BFB54 /* Build configuration list for PBXNativeTarget "CSV Touch" */;
			buildPhases = (
				1D60588D0D05DD3D006BFB54 /* Resources */,
				1D60588E0D05DD3D006BFB54 /* Sources */,
				1D60588F0D05DD3D006BFB54 /* Frameworks */,
			);
			buildRules = (
			);
			dependencies = (
			);
			name = "CSV Touch";
			productName = "CSV Touch";
			productReference = 1D6058910D05DD3D006BFB54 /* CSV Touch.app */;
			productType = "com.apple.product-type.application";
		};
		F452CA8A0EB24A0D002F7697 /* CSV Lite */ = {
			isa = PBXNativeTarget;
			buildConfigurationList = F452CA910EB24A0E002F7697 /* Build configuration list for PBXNativeTarget "CSV Lite" */;
			buildPhases = (
				F452CA870EB24A0D002F7697 /* Resources */,
				F452CA880EB24A0D002F7697 /* Sources */,
				F452CA890EB24A0D002F7697 /* Frameworks */,
			);
			buildRules = (
			);
			dependencies = (
			);
			name = "CSV Lite";
			productName = "CSV Lite";
			productReference = F452CA8B0EB24A0D002F7697 /* CSV Lite.app */;
			productType = "com.apple.product-type.application";
		};
		F47DC7E71111004C00E8DD8B /* CSV Touch-iPad */ = {
			isa = PBXNativeTarget;
			buildConfigurationList = F47DC8081111004C00E8DD8B /* Build configuration list for PBXNativeTarget "CSV Touch-iPad" */;
			buildPhases = (
				F47DC7E81111004C00E8DD8B /* Resources */,
				F47DC7F41111004C00E8DD8B /* Sources */,
				F47DC8041111004C00E8DD8B /* Frameworks */,
			);
			buildRules = (
			);
			dependencies = (
			);
			name = "CSV Touch-iPad";
			productName = "CSV Touch";
			productReference = F47DC80D1111004C00E8DD8B /* CSV Touch-iPad.app */;
			productType = "com.apple.product-type.application";
		};
		F47DC8141111005400E8DD8B /* CSV Lite-iPad */ = {
			isa = PBXNativeTarget;
			buildConfigurationList = F47DC8351111005400E8DD8B /* Build configuration list for PBXNativeTarget "CSV Lite-iPad" */;
			buildPhases = (
				F47DC8151111005400E8DD8B /* Resources */,
				F47DC8211111005400E8DD8B /* Sources */,
				F47DC8311111005400E8DD8B /* Frameworks */,
			);
			buildRules = (
			);
			dependencies = (
			);
			name = "CSV Lite-iPad";
			productName = "CSV Lite";
			productReference = F47DC83A1111005400E8DD8B /* CSV Lite-iPad.app */;
			productType = "com.apple.product-type.application";
		};
/* End PBXNativeTarget section */

/* Begin PBXProject section */
		29B97313FDCFA39411CA2CEA /* Project object */ = {
			isa = PBXProject;
			buildConfigurationList = C01FCF4E08A954540054247B /* Build configuration list for PBXProject "CSV Touch" */;
			compatibilityVersion = "Xcode 3.2";
			hasScannedForEncodings = 1;
			knownRegions = (
				English,
				Japanese,
				French,
				German,
				en,
			);
			mainGroup = 29B97314FDCFA39411CA2CEA /* CustomTemplate */;
			projectDirPath = "";
			projectRoot = "";
			targets = (
				1D6058900D05DD3D006BFB54 /* CSV Touch */,
				F452CA8A0EB24A0D002F7697 /* CSV Lite */,
				F47DC7E71111004C00E8DD8B /* CSV Touch-iPad */,
				F47DC8141111005400E8DD8B /* CSV Lite-iPad */,
			);
		};
/* End PBXProject section */

/* Begin PBXResourcesBuildPhase section */
		1D60588D0D05DD3D006BFB54 /* Resources */ = {
			isa = PBXResourcesBuildPhase;
			buildActionMask = 2147483647;
			files = (
				28AD73600D9D9599002E5188 /* MainWindow.xib in Resources */,
				F473432E0E2A90B20072F3DE /* col.png in Resources */,
				F473432F0E2A90B20072F3DE /* row.png in Resources */,
				F4174D150E40A4A200351EE4 /* icon.png in Resources */,
				F4990C170E4276C500D64667 /* Settings.bundle in Resources */,
				F4BE8AB10E4503AC00F2A27B /* dist.plist in Resources */,
				F4E928760E4EE808006165B0 /* Default.png in Resources */,
				F451F1810E99146300F22ED9 /* info.png in Resources */,
				F49218550EA7AC7400E74493 /* 2lines.png in Resources */,
				F49218560EA7AC7400E74493 /* 4lines.png in Resources */,
				F41BB7480EE9F65A00BEFDED /* lock.png in Resources */,
				F488D83E1146606300583920 /* bluedream.css in Resources */,
				F45807FD11466E9400A4C4E1 /* nksTablegallery.css in Resources */,
				F458080A11466F1600A4C4E1 /* seaglass.css in Resources */,
			);
			runOnlyForDeploymentPostprocessing = 0;
		};
		F452CA870EB24A0D002F7697 /* Resources */ = {
			isa = PBXResourcesBuildPhase;
			buildActionMask = 2147483647;
			files = (
				F452CAA40EB24AD6002F7697 /* 2lines.png in Resources */,
				F452CAA50EB24AD7002F7697 /* 4lines.png in Resources */,
				F452CAA60EB24AEC002F7697 /* Default.png in Resources */,
				F452CAA70EB24AED002F7697 /* icon.png in Resources */,
				F452CAA80EB24AEE002F7697 /* info.png in Resources */,
				F452CAA90EB24AEF002F7697 /* MainWindow.xib in Resources */,
				F452CAAA0EB24AEF002F7697 /* col.png in Resources */,
				F452CAAB0EB24AF0002F7697 /* row.png in Resources */,
				F452CAAC0EB24B04002F7697 /* Settings.bundle in Resources */,
				F452CAAD0EB24B05002F7697 /* dist.plist in Resources */,
				F41BB7490EE9F65A00BEFDED /* lock.png in Resources */,
				F488D83F1146606300583920 /* bluedream.css in Resources */,
				F45807FE11466E9400A4C4E1 /* nksTablegallery.css in Resources */,
				F458080B11466F1600A4C4E1 /* seaglass.css in Resources */,
			);
			runOnlyForDeploymentPostprocessing = 0;
		};
		F47DC7E81111004C00E8DD8B /* Resources */ = {
			isa = PBXResourcesBuildPhase;
			buildActionMask = 2147483647;
			files = (
				F47DC7EA1111004C00E8DD8B /* col.png in Resources */,
				F47DC7EB1111004C00E8DD8B /* row.png in Resources */,
				F47DC7EC1111004C00E8DD8B /* icon.png in Resources */,
				F47DC7ED1111004C00E8DD8B /* Settings.bundle in Resources */,
				F47DC7EE1111004C00E8DD8B /* dist.plist in Resources */,
				F47DC7EF1111004C00E8DD8B /* Default.png in Resources */,
				F47DC7F01111004C00E8DD8B /* info.png in Resources */,
				F47DC7F11111004C00E8DD8B /* 2lines.png in Resources */,
				F47DC7F21111004C00E8DD8B /* 4lines.png in Resources */,
				F47DC7F31111004C00E8DD8B /* lock.png in Resources */,
				F47DC8111111004D00E8DD8B /* MainWindow.xib in Resources */,
				F488D8401146607400583920 /* bluedream.css in Resources */,
				F45807FF11466E9400A4C4E1 /* nksTablegallery.css in Resources */,
				F458080C11466F1600A4C4E1 /* seaglass.css in Resources */,
			);
			runOnlyForDeploymentPostprocessing = 0;
		};
		F47DC8151111005400E8DD8B /* Resources */ = {
			isa = PBXResourcesBuildPhase;
			buildActionMask = 2147483647;
			files = (
				F47DC8161111005400E8DD8B /* 2lines.png in Resources */,
				F47DC8171111005400E8DD8B /* 4lines.png in Resources */,
				F47DC8181111005400E8DD8B /* Default.png in Resources */,
				F47DC8191111005400E8DD8B /* icon.png in Resources */,
				F47DC81A1111005400E8DD8B /* info.png in Resources */,
				F47DC81C1111005400E8DD8B /* col.png in Resources */,
				F47DC81D1111005400E8DD8B /* row.png in Resources */,
				F47DC81E1111005400E8DD8B /* Settings.bundle in Resources */,
				F47DC81F1111005400E8DD8B /* dist.plist in Resources */,
				F47DC8201111005400E8DD8B /* lock.png in Resources */,
				F488D8411146607A00583920 /* bluedream.css in Resources */,
				F458080011466E9400A4C4E1 /* nksTablegallery.css in Resources */,
				F458080D11466F1600A4C4E1 /* seaglass.css in Resources */,
			);
			runOnlyForDeploymentPostprocessing = 0;
		};
/* End PBXResourcesBuildPhase section */

/* Begin PBXSourcesBuildPhase section */
		1D60588E0D05DD3D006BFB54 /* Sources */ = {
			isa = PBXSourcesBuildPhase;
			buildActionMask = 2147483647;
			files = (
				1D60589B0D05DD56006BFB54 /* main.m in Sources */,
				1D3623260D0F684500981E51 /* CSV_TouchAppDelegate.m in Sources */,
				28C286E10D94DF7D0034E888 /* OzyTableViewController.m in Sources */,
				F41233A40DE4AD64005E355F /* csv.c in Sources */,
				F41233A50DE4AD64005E355F /* msgno.c in Sources */,
				F42D908E0DE95538001A2E5C /* CSVDataViewController.m in Sources */,
				F4AE44870DF469BF001197AB /* CSVRow.m in Sources */,
				F48836580DF53E2C0063EF75 /* CSVFileParser.m in Sources */,
				F4E5EA950E08843D002EB091 /* OzyRotatableViewController.m in Sources */,
				F4E5EAAA0E0884D8002EB091 /* OzyRotatableTabBarController.m in Sources */,
				F4E5EE300E09B591002EB091 /* OzyTextViewController.m in Sources */,
				F47819850E2BDE7A00B44E78 /* CSVPreferencesController.m in Sources */,
				F4A73D1B0E2EB49200E1DF27 /* OzymandiasAdditions.m in Sources */,
				F4E9290B0E4F5D4C006165B0 /* parseCSV.m in Sources */,
				F41BB6100EE9D86F00BEFDED /* TextAlertView.m in Sources */,
			);
			runOnlyForDeploymentPostprocessing = 0;
		};
		F452CA880EB24A0D002F7697 /* Sources */ = {
			isa = PBXSourcesBuildPhase;
			buildActionMask = 2147483647;
			files = (
				F452CA990EB24ACC002F7697 /* CSV_TouchAppDelegate.m in Sources */,
				F452CA9A0EB24ACD002F7697 /* CSVDataViewController.m in Sources */,
				F452CA9B0EB24ACE002F7697 /* CSVPreferencesController.m in Sources */,
				F452CA9C0EB24ACF002F7697 /* CSVRow.m in Sources */,
				F452CA9D0EB24AD0002F7697 /* CSVFileParser.m in Sources */,
				F452CA9E0EB24AD1002F7697 /* OzyTableViewController.m in Sources */,
				F452CA9F0EB24AD1002F7697 /* OzyRotatableViewController.m in Sources */,
				F452CAA00EB24AD2002F7697 /* OzyRotatableTabBarController.m in Sources */,
				F452CAA10EB24AD3002F7697 /* OzyTextViewController.m in Sources */,
				F452CAA20EB24AD4002F7697 /* OzymandiasAdditions.m in Sources */,
				F452CAA30EB24AD5002F7697 /* parseCSV.m in Sources */,
				F452CAAF0EB24B1E002F7697 /* csv.c in Sources */,
				F452CAB00EB24B1F002F7697 /* msgno.c in Sources */,
				F452CAB90EB24C48002F7697 /* main.m in Sources */,
				F41BB6110EE9D86F00BEFDED /* TextAlertView.m in Sources */,
			);
			runOnlyForDeploymentPostprocessing = 0;
		};
		F47DC7F41111004C00E8DD8B /* Sources */ = {
			isa = PBXSourcesBuildPhase;
			buildActionMask = 2147483647;
			files = (
				F47DC7F51111004C00E8DD8B /* main.m in Sources */,
				F47DC7F61111004C00E8DD8B /* CSV_TouchAppDelegate.m in Sources */,
				F47DC7F71111004C00E8DD8B /* OzyTableViewController.m in Sources */,
				F47DC7F81111004C00E8DD8B /* csv.c in Sources */,
				F47DC7F91111004C00E8DD8B /* msgno.c in Sources */,
				F47DC7FA1111004C00E8DD8B /* CSVDataViewController.m in Sources */,
				F47DC7FB1111004C00E8DD8B /* CSVRow.m in Sources */,
				F47DC7FC1111004C00E8DD8B /* CSVFileParser.m in Sources */,
				F47DC7FD1111004C00E8DD8B /* OzyRotatableViewController.m in Sources */,
				F47DC7FE1111004C00E8DD8B /* OzyRotatableTabBarController.m in Sources */,
				F47DC7FF1111004C00E8DD8B /* OzyTextViewController.m in Sources */,
				F47DC8001111004C00E8DD8B /* CSVPreferencesController.m in Sources */,
				F47DC8011111004C00E8DD8B /* OzymandiasAdditions.m in Sources */,
				F47DC8021111004C00E8DD8B /* parseCSV.m in Sources */,
				F47DC8031111004C00E8DD8B /* TextAlertView.m in Sources */,
			);
			runOnlyForDeploymentPostprocessing = 0;
		};
		F47DC8211111005400E8DD8B /* Sources */ = {
			isa = PBXSourcesBuildPhase;
			buildActionMask = 2147483647;
			files = (
				F47DC8221111005400E8DD8B /* CSV_TouchAppDelegate.m in Sources */,
				F47DC8231111005400E8DD8B /* CSVDataViewController.m in Sources */,
				F47DC8241111005400E8DD8B /* CSVPreferencesController.m in Sources */,
				F47DC8251111005400E8DD8B /* CSVRow.m in Sources */,
				F47DC8261111005400E8DD8B /* CSVFileParser.m in Sources */,
				F47DC8271111005400E8DD8B /* OzyTableViewController.m in Sources */,
				F47DC8281111005400E8DD8B /* OzyRotatableViewController.m in Sources */,
				F47DC8291111005400E8DD8B /* OzyRotatableTabBarController.m in Sources */,
				F47DC82A1111005400E8DD8B /* OzyTextViewController.m in Sources */,
				F47DC82B1111005400E8DD8B /* OzymandiasAdditions.m in Sources */,
				F47DC82C1111005400E8DD8B /* parseCSV.m in Sources */,
				F47DC82D1111005400E8DD8B /* csv.c in Sources */,
				F47DC82E1111005400E8DD8B /* msgno.c in Sources */,
				F47DC82F1111005400E8DD8B /* main.m in Sources */,
				F47DC8301111005400E8DD8B /* TextAlertView.m in Sources */,
			);
			runOnlyForDeploymentPostprocessing = 0;
		};
/* End PBXSourcesBuildPhase section */

/* Begin XCBuildConfiguration section */
		1D6058940D05DD3E006BFB54 /* Debug */ = {
			isa = XCBuildConfiguration;
			buildSettings = {
				ALWAYS_SEARCH_USER_PATHS = NO;
				"CODE_SIGN_IDENTITY[sdk=iphoneos*]" = "iPhone Developer: Simon Wigzell";
				COPY_PHASE_STRIP = NO;
				GCC_DYNAMIC_NO_PIC = NO;
				GCC_OPTIMIZATION_LEVEL = 0;
				GCC_PRECOMPILE_PREFIX_HEADER = YES;
				GCC_PREFIX_HEADER = CSV_Touch_Prefix.pch;
				INFOPLIST_FILE = Info.plist;
				IPHONEOS_DEPLOYMENT_TARGET = 2.1;
				PRODUCT_NAME = "CSV Touch";
				"PROVISIONING_PROFILE[sdk=iphoneos*]" = "0EC4B11E-72AD-4F55-8C55-137A5302045B";
				SDKROOT = iphoneos3.1.3;
				TARGETED_DEVICE_FAMILY = 1;
			};
			name = Debug;
		};
		C01FCF4F08A954540054247B /* Debug */ = {
			isa = XCBuildConfiguration;
			buildSettings = {
				ARCHS = "$(ARCHS_STANDARD_32_BIT)";
				"CODE_SIGN_IDENTITY[sdk=iphoneos*]" = "iPhone Developer";
				GCC_C_LANGUAGE_STANDARD = c99;
				GCC_WARN_ABOUT_RETURN_TYPE = YES;
				GCC_WARN_UNUSED_VARIABLE = YES;
				HEADER_SEARCH_PATHS = "\"$SRCROOT\"/**";
				IPHONEOS_DEPLOYMENT_TARGET = 2.1;
				ONLY_ACTIVE_ARCH = YES;
				PREBINDING = NO;
				"PROVISIONING_PROFILE[sdk=iphoneos*]" = DefaultProfileUuid;
				SDKROOT = iphonesimulator2.1;
			};
			name = Debug;
		};
		F40C24330E3259B500C3B20E /* Distribution */ = {
			isa = XCBuildConfiguration;
			buildSettings = {
				ARCHS = "$(ARCHS_STANDARD_32_BIT)";
				"CODE_SIGN_IDENTITY[sdk=iphoneos*]" = "iPhone Distribution: Simon Wigzell";
				GCC_C_LANGUAGE_STANDARD = c99;
				GCC_WARN_ABOUT_RETURN_TYPE = YES;
				GCC_WARN_UNUSED_VARIABLE = YES;
				HEADER_SEARCH_PATHS = "\"$SRCROOT\"/**";
				IPHONEOS_DEPLOYMENT_TARGET = 2.1;
				PREBINDING = NO;
				"PROVISIONING_PROFILE[sdk=iphoneos*]" = "4721226F-AC70-45DB-ABB7-A99EBBAAC038";
				SDKROOT = iphoneos2.1;
			};
			name = Distribution;
		};
		F40C24340E3259B500C3B20E /* Distribution */ = {
			isa = XCBuildConfiguration;
			buildSettings = {
				ALWAYS_SEARCH_USER_PATHS = NO;
				CODE_SIGN_IDENTITY = "iPhone Distribution: Simon Wigzell";
				"CODE_SIGN_IDENTITY[sdk=iphoneos*]" = "iPhone Distribution: Simon Wigzell";
				COPY_PHASE_STRIP = YES;
				GCC_PRECOMPILE_PREFIX_HEADER = YES;
				GCC_PREFIX_HEADER = CSV_Touch_Prefix.pch;
				INFOPLIST_FILE = Info.plist;
				IPHONEOS_DEPLOYMENT_TARGET = 2.1;
				PRODUCT_NAME = "CSV Touch";
				PROVISIONING_PROFILE = "E8CDB3AF-AC0F-464A-8C97-43AA77BD13C8";
				"PROVISIONING_PROFILE[sdk=iphoneos*]" = "E8CDB3AF-AC0F-464A-8C97-43AA77BD13C8";
				SDKROOT = iphoneos3.1.3;
				TARGETED_DEVICE_FAMILY = 1;
			};
			name = Distribution;
		};
		F452CA8E0EB24A0E002F7697 /* Debug */ = {
			isa = XCBuildConfiguration;
			buildSettings = {
				ALWAYS_SEARCH_USER_PATHS = NO;
				CODE_SIGN_IDENTITY = "iPhone Developer";
				COPY_PHASE_STRIP = NO;
				GCC_DYNAMIC_NO_PIC = NO;
				GCC_OPTIMIZATION_LEVEL = 0;
				GCC_PRECOMPILE_PREFIX_HEADER = YES;
				GCC_PREFIX_HEADER = CSV_Lite_Prefix.pch;
				INFOPLIST_FILE = "CSV Lite-Info.plist";
				INSTALL_PATH = "$(HOME)/Applications";
				OTHER_CFLAGS = "-DCSV_LITE";
				OTHER_LDFLAGS = "";
				PREBINDING = NO;
				PRODUCT_NAME = "CSV Lite";
				SDKROOT = iphoneos2.1;
				TARGETED_DEVICE_FAMILY = 1;
			};
			name = Debug;
		};
		F452CA8F0EB24A0E002F7697 /* Distribution */ = {
			isa = XCBuildConfiguration;
			buildSettings = {
				ALWAYS_SEARCH_USER_PATHS = NO;
				CODE_SIGN_IDENTITY = "iPhone Distribution: Simon Wigzell";
				GCC_PRECOMPILE_PREFIX_HEADER = YES;
				GCC_PREFIX_HEADER = CSV_Lite_Prefix.pch;
				INFOPLIST_FILE = "CSV Lite-Info.plist";
				INSTALL_PATH = "$(HOME)/Applications";
				OTHER_CFLAGS = "-DCSV_LITE";
				OTHER_LDFLAGS = "";
				PREBINDING = NO;
				PRODUCT_NAME = "CSV Lite";
				PROVISIONING_PROFILE = "E8CDB3AF-AC0F-464A-8C97-43AA77BD13C8";
				"PROVISIONING_PROFILE[sdk=iphoneos*]" = "E8CDB3AF-AC0F-464A-8C97-43AA77BD13C8";
				SDKROOT = iphoneos3.1.3;
				SKIP_INSTALL = YES;
				TARGETED_DEVICE_FAMILY = 1;
			};
			name = Distribution;
		};
		F452CA900EB24A0E002F7697 /* Privatdistribution */ = {
			isa = XCBuildConfiguration;
			buildSettings = {
				ALWAYS_SEARCH_USER_PATHS = NO;
				CODE_SIGN_IDENTITY = "iPhone Distribution: Simon Wigzell";
				GCC_PRECOMPILE_PREFIX_HEADER = YES;
				GCC_PREFIX_HEADER = CSV_Lite_Prefix.pch;
				INFOPLIST_FILE = "CSV Lite-Info.plist";
				INSTALL_PATH = "$(HOME)/Applications";
				OTHER_CFLAGS = "-DCSV_LITE";
				OTHER_LDFLAGS = "";
				PREBINDING = NO;
				PRODUCT_NAME = "CSV Lite";
				SDKROOT = iphoneos2.1;
				TARGETED_DEVICE_FAMILY = 1;
			};
			name = Privatdistribution;
		};
		F47DC8091111004C00E8DD8B /* Debug */ = {
			isa = XCBuildConfiguration;
			buildSettings = {
				ALWAYS_SEARCH_USER_PATHS = NO;
				COPY_PHASE_STRIP = NO;
				GCC_DYNAMIC_NO_PIC = NO;
				GCC_OPTIMIZATION_LEVEL = 0;
				GCC_PRECOMPILE_PREFIX_HEADER = YES;
				GCC_PREFIX_HEADER = CSV_Touch_Prefix.pch;
				INFOPLIST_FILE = Info.plist;
				IPHONEOS_DEPLOYMENT_TARGET = 2.1;
				PRODUCT_NAME = "CSV Touch-iPad";
				SDKROOT = iphoneos3.2;
				TARGETED_DEVICE_FAMILY = 2;
			};
			name = Debug;
		};
		F47DC80A1111004C00E8DD8B /* Distribution */ = {
			isa = XCBuildConfiguration;
			buildSettings = {
				ALWAYS_SEARCH_USER_PATHS = NO;
				"CODE_SIGN_IDENTITY[sdk=iphoneos*]" = "iPhone Distribution: Simon Wigzell";
				COPY_PHASE_STRIP = YES;
				GCC_PRECOMPILE_PREFIX_HEADER = YES;
				GCC_PREFIX_HEADER = CSV_Touch_Prefix.pch;
				INFOPLIST_FILE = Info.plist;
				IPHONEOS_DEPLOYMENT_TARGET = 2.1;
				PRODUCT_NAME = "CSV Touch-iPad";
				SDKROOT = iphoneos3.2;
				TARGETED_DEVICE_FAMILY = 2;
			};
			name = Distribution;
		};
		F47DC80B1111004C00E8DD8B /* Priv dist */ = {
			isa = XCBuildConfiguration;
			buildSettings = {
				ALWAYS_SEARCH_USER_PATHS = NO;
				"CODE_SIGN_IDENTITY[sdk=iphoneos*]" = "iPhone Distribution: Simon Wigzell";
				COPY_PHASE_STRIP = YES;
				GCC_PRECOMPILE_PREFIX_HEADER = YES;
				GCC_PREFIX_HEADER = CSV_Touch_Prefix.pch;
				INFOPLIST_FILE = Info.plist;
				IPHONEOS_DEPLOYMENT_TARGET = 2.1;
				PRODUCT_NAME = "CSV Touch-iPad";
				SDKROOT = iphoneos3.2;
				TARGETED_DEVICE_FAMILY = 2;
			};
			name = "Priv dist";
		};
		F47DC80C1111004C00E8DD8B /* Privatdistribution */ = {
			isa = XCBuildConfiguration;
			buildSettings = {
				ALWAYS_SEARCH_USER_PATHS = NO;
				CODE_SIGN_ENTITLEMENTS = dist.plist;
				"CODE_SIGN_IDENTITY[sdk=iphoneos*]" = "iPhone Distribution: Simon Wigzell";
				COPY_PHASE_STRIP = YES;
				GCC_PRECOMPILE_PREFIX_HEADER = YES;
				GCC_PREFIX_HEADER = CSV_Touch_Prefix.pch;
				INFOPLIST_FILE = Info.plist;
				IPHONEOS_DEPLOYMENT_TARGET = 2.1;
				PRODUCT_NAME = "CSV Touch-iPad";
				"PROVISIONING_PROFILE[sdk=iphoneos*]" = "FD903CDE-BF61-4E6F-BBA6-3F38E0CC93B7";
				SDKROOT = iphoneos3.2;
				TARGETED_DEVICE_FAMILY = 2;
			};
			name = Privatdistribution;
		};
		F47DC8361111005400E8DD8B /* Debug */ = {
			isa = XCBuildConfiguration;
			buildSettings = {
				ALWAYS_SEARCH_USER_PATHS = NO;
				CODE_SIGN_IDENTITY = "iPhone Developer";
				COPY_PHASE_STRIP = NO;
				GCC_DYNAMIC_NO_PIC = NO;
				GCC_OPTIMIZATION_LEVEL = 0;
				GCC_PRECOMPILE_PREFIX_HEADER = YES;
				GCC_PREFIX_HEADER = CSV_Lite_Prefix.pch;
				INFOPLIST_FILE = "CSV Lite-Info.plist";
				INSTALL_PATH = "$(HOME)/Applications";
				OTHER_CFLAGS = "-DCSV_LITE";
				OTHER_LDFLAGS = "";
				PREBINDING = NO;
				PRODUCT_NAME = "CSV Lite-iPad";
				SDKROOT = iphoneos3.2;
				TARGETED_DEVICE_FAMILY = 2;
			};
			name = Debug;
		};
		F47DC8371111005400E8DD8B /* Distribution */ = {
			isa = XCBuildConfiguration;
			buildSettings = {
				ALWAYS_SEARCH_USER_PATHS = NO;
				CODE_SIGN_IDENTITY = "iPhone Distribution: Simon Wigzell";
				GCC_PRECOMPILE_PREFIX_HEADER = YES;
				GCC_PREFIX_HEADER = CSV_Lite_Prefix.pch;
				INFOPLIST_FILE = "CSV Lite-Info.plist";
				INSTALL_PATH = "$(HOME)/Applications";
				OTHER_CFLAGS = "-DCSV_LITE";
				OTHER_LDFLAGS = "";
				PREBINDING = NO;
				PRODUCT_NAME = "CSV Lite-iPad";
				SDKROOT = iphoneos3.2;
				SKIP_INSTALL = YES;
				TARGETED_DEVICE_FAMILY = 2;
			};
			name = Distribution;
		};
		F47DC8381111005400E8DD8B /* Priv dist */ = {
			isa = XCBuildConfiguration;
			buildSettings = {
				ALWAYS_SEARCH_USER_PATHS = NO;
				CODE_SIGN_IDENTITY = "iPhone Distribution: Simon Wigzell";
				GCC_PRECOMPILE_PREFIX_HEADER = YES;
				GCC_PREFIX_HEADER = CSV_Lite_Prefix.pch;
				INFOPLIST_FILE = "CSV Lite-Info.plist";
				INSTALL_PATH = "$(HOME)/Applications";
				OTHER_CFLAGS = "-DCSV_LITE";
				OTHER_LDFLAGS = "";
				PREBINDING = NO;
				PRODUCT_NAME = "CSV Lite-iPad";
				SDKROOT = iphoneos3.2;
				SKIP_INSTALL = YES;
				TARGETED_DEVICE_FAMILY = 2;
			};
			name = "Priv dist";
		};
		F47DC8391111005400E8DD8B /* Privatdistribution */ = {
			isa = XCBuildConfiguration;
			buildSettings = {
				ALWAYS_SEARCH_USER_PATHS = NO;
				CODE_SIGN_IDENTITY = "iPhone Distribution: Simon Wigzell";
				GCC_PRECOMPILE_PREFIX_HEADER = YES;
				GCC_PREFIX_HEADER = CSV_Lite_Prefix.pch;
				INFOPLIST_FILE = "CSV Lite-Info.plist";
				INSTALL_PATH = "$(HOME)/Applications";
				OTHER_CFLAGS = "-DCSV_LITE";
				OTHER_LDFLAGS = "";
				PREBINDING = NO;
				PRODUCT_NAME = "CSV Lite-iPad";
				SDKROOT = iphoneos3.2;
				TARGETED_DEVICE_FAMILY = 2;
			};
			name = Privatdistribution;
		};
		F4BE8A980E44FF1100F2A27B /* Privatdistribution */ = {
			isa = XCBuildConfiguration;
			buildSettings = {
				ARCHS = "$(ARCHS_STANDARD_32_BIT)";
				CODE_SIGN_ENTITLEMENTS = dist.plist;
				"CODE_SIGN_IDENTITY[sdk=iphoneos*]" = "iPhone Distribution: Simon Wigzell";
				GCC_C_LANGUAGE_STANDARD = c99;
				GCC_WARN_ABOUT_RETURN_TYPE = YES;
				GCC_WARN_UNUSED_VARIABLE = YES;
				HEADER_SEARCH_PATHS = "\"$SRCROOT\"/**";
				IPHONEOS_DEPLOYMENT_TARGET = 3.0;
				PREBINDING = NO;
				"PROVISIONING_PROFILE[sdk=iphoneos*]" = "47757B33-0E1E-4284-9D37-11382CF58316";
				SDKROOT = iphoneos3.0;
			};
			name = Privatdistribution;
		};
		F4BE8A990E44FF1100F2A27B /* Privatdistribution */ = {
			isa = XCBuildConfiguration;
			buildSettings = {
				ALWAYS_SEARCH_USER_PATHS = NO;
				CODE_SIGN_ENTITLEMENTS = dist.plist;
				CODE_SIGN_IDENTITY = "iPhone Distribution: Simon Wigzell";
				"CODE_SIGN_IDENTITY[sdk=iphoneos*]" = "iPhone Distribution: Simon Wigzell";
				COPY_PHASE_STRIP = YES;
				GCC_PRECOMPILE_PREFIX_HEADER = YES;
				GCC_PREFIX_HEADER = CSV_Touch_Prefix.pch;
				INFOPLIST_FILE = Info.plist;
				IPHONEOS_DEPLOYMENT_TARGET = 2.1;
				PRODUCT_NAME = "CSV Touch";
				PROVISIONING_PROFILE = "6B85097A-4966-4FB1-A398-C1423DD24BDC";
				"PROVISIONING_PROFILE[sdk=iphoneos*]" = "6B85097A-4966-4FB1-A398-C1423DD24BDC";
				TARGETED_DEVICE_FAMILY = 1;
			};
			name = Privatdistribution;
		};
		F4CCB5441026D71600FD684A /* Priv dist */ = {
			isa = XCBuildConfiguration;
			buildSettings = {
				ARCHS = "$(ARCHS_STANDARD_32_BIT)";
				CODE_SIGN_ENTITLEMENTS = dist.plist;
				"CODE_SIGN_IDENTITY[sdk=iphoneos*]" = "iPhone Distribution: Simon Wigzell";
				GCC_C_LANGUAGE_STANDARD = c99;
				GCC_WARN_ABOUT_RETURN_TYPE = YES;
				GCC_WARN_UNUSED_VARIABLE = YES;
				HEADER_SEARCH_PATHS = "\"$SRCROOT\"/**";
				IPHONEOS_DEPLOYMENT_TARGET = 3.0;
				PREBINDING = NO;
				"PROVISIONING_PROFILE[sdk=iphoneos*]" = "47757B33-0E1E-4284-9D37-11382CF58316";
				SDKROOT = iphoneos3.0;
			};
			name = "Priv dist";
		};
		F4CCB5451026D71600FD684A /* Priv dist */ = {
			isa = XCBuildConfiguration;
			buildSettings = {
				ALWAYS_SEARCH_USER_PATHS = NO;
				CODE_SIGN_IDENTITY = "iPhone Distribution: Simon Wigzell";
				"CODE_SIGN_IDENTITY[sdk=iphoneos*]" = "iPhone Distribution: Simon Wigzell";
				COPY_PHASE_STRIP = YES;
				GCC_PRECOMPILE_PREFIX_HEADER = YES;
				GCC_PREFIX_HEADER = CSV_Touch_Prefix.pch;
				INFOPLIST_FILE = Info.plist;
				IPHONEOS_DEPLOYMENT_TARGET = 2.1;
				PRODUCT_NAME = "CSV Touch";
				PROVISIONING_PROFILE = "6B85097A-4966-4FB1-A398-C1423DD24BDC";
				TARGETED_DEVICE_FAMILY = 1;
			};
			name = "Priv dist";
		};
		F4CCB5461026D71600FD684A /* Priv dist */ = {
			isa = XCBuildConfiguration;
			buildSettings = {
				ALWAYS_SEARCH_USER_PATHS = NO;
				CODE_SIGN_IDENTITY = "iPhone Distribution: Simon Wigzell";
				GCC_PRECOMPILE_PREFIX_HEADER = YES;
				GCC_PREFIX_HEADER = CSV_Lite_Prefix.pch;
				INFOPLIST_FILE = "CSV Lite-Info.plist";
				INSTALL_PATH = "$(HOME)/Applications";
				OTHER_CFLAGS = "-DCSV_LITE";
				OTHER_LDFLAGS = "";
				PREBINDING = NO;
				PRODUCT_NAME = "CSV Lite";
				SDKROOT = iphoneos2.1;
				SKIP_INSTALL = YES;
				TARGETED_DEVICE_FAMILY = 1;
			};
			name = "Priv dist";
		};
/* End XCBuildConfiguration section */

/* Begin XCConfigurationList section */
		1D6058960D05DD3E006BFB54 /* Build configuration list for PBXNativeTarget "CSV Touch" */ = {
			isa = XCConfigurationList;
			buildConfigurations = (
				1D6058940D05DD3E006BFB54 /* Debug */,
				F40C24340E3259B500C3B20E /* Distribution */,
				F4CCB5451026D71600FD684A /* Priv dist */,
				F4BE8A990E44FF1100F2A27B /* Privatdistribution */,
			);
			defaultConfigurationIsVisible = 0;
			defaultConfigurationName = Debug;
		};
		C01FCF4E08A954540054247B /* Build configuration list for PBXProject "CSV Touch" */ = {
			isa = XCConfigurationList;
			buildConfigurations = (
				C01FCF4F08A954540054247B /* Debug */,
				F40C24330E3259B500C3B20E /* Distribution */,
				F4CCB5441026D71600FD684A /* Priv dist */,
				F4BE8A980E44FF1100F2A27B /* Privatdistribution */,
			);
			defaultConfigurationIsVisible = 0;
			defaultConfigurationName = Debug;
		};
		F452CA910EB24A0E002F7697 /* Build configuration list for PBXNativeTarget "CSV Lite" */ = {
			isa = XCConfigurationList;
			buildConfigurations = (
				F452CA8E0EB24A0E002F7697 /* Debug */,
				F452CA8F0EB24A0E002F7697 /* Distribution */,
				F4CCB5461026D71600FD684A /* Priv dist */,
				F452CA900EB24A0E002F7697 /* Privatdistribution */,
			);
			defaultConfigurationIsVisible = 0;
			defaultConfigurationName = Debug;
		};
		F47DC8081111004C00E8DD8B /* Build configuration list for PBXNativeTarget "CSV Touch-iPad" */ = {
			isa = XCConfigurationList;
			buildConfigurations = (
				F47DC8091111004C00E8DD8B /* Debug */,
				F47DC80A1111004C00E8DD8B /* Distribution */,
				F47DC80B1111004C00E8DD8B /* Priv dist */,
				F47DC80C1111004C00E8DD8B /* Privatdistribution */,
			);
			defaultConfigurationIsVisible = 0;
			defaultConfigurationName = Debug;
		};
		F47DC8351111005400E8DD8B /* Build configuration list for PBXNativeTarget "CSV Lite-iPad" */ = {
			isa = XCConfigurationList;
			buildConfigurations = (
				F47DC8361111005400E8DD8B /* Debug */,
				F47DC8371111005400E8DD8B /* Distribution */,
				F47DC8381111005400E8DD8B /* Priv dist */,
				F47DC8391111005400E8DD8B /* Privatdistribution */,
			);
			defaultConfigurationIsVisible = 0;
			defaultConfigurationName = Debug;
		};
/* End XCConfigurationList section */
	};
	rootObject = 29B97313FDCFA39411CA2CEA /* Project object */;
}
